
Microsoft Visual Studio Solution File, Format Version 12.00
# Visual Studio Version 16
VisualStudioVersion = 16.0.31605.320
MinimumVisualStudioVersion = 10.0.40219.1
Project("{8BC9CEB8-8B4A-11D0-8D11-00A0C91BC942}") = "Nodes", "..\..\src\Nodes\config\Nodes\Nodes.vcxproj", "{DDD75A60-C33D-465F-B8E1-97A883B6493D}"
EndProject
Project("{8BC9CEB8-8B4A-11D0-8D11-00A0C91BC942}") = "NdObject", "..\..\src\Nodes\config\NdObject\NdObject.vcxproj", "{245CAC89-E8B1-4AB6-AF91-2DFD61ECF396}"
EndProject
Project("{8BC9CEB8-8B4A-11D0-8D11-00A0C91BC942}") = "example", "..\..\src\Nodes\config\example\example.vcxproj", "{C2F0AE32-1609-4F23-898F-CA221CEAACC0}"
EndProject
Project("{2150E333-8FDC-42A3-9474-1A3956D46DE8}") = "NodesProj", "NodesProj", "{A2AB93F4-FC0F-4144-8E6C-CD2452E7FF35}"
EndProject
Project("{8BC9CEB8-8B4A-11D0-8D11-00A0C91BC942}") = "TypesLib", "..\..\src\Types\config\TypesLib\TypesLib.vcxproj", "{98D6AE72-22F4-4498-ACE5-21AD0B4ABF0A}"
EndProject
Project("{8BC9CEB8-8B4A-11D0-8D11-00A0C91BC942}") = "TypesExample", "..\..\src\Types\config\TypesExample\TypesExample.vcxproj", "{5C880F2D-7324-41A0-9507-E45038C12186}"
EndProject
Project("{8BC9CEB8-8B4A-11D0-8D11-00A0C91BC942}") = "TypesDll", "..\..\src\Types\config\TypesDll\TypesDll.vcxproj", "{A4FCE087-A1B8-4EA9-ABCC-A7A7AB22B985}"
EndProject
Project("{2150E333-8FDC-42A3-9474-1A3956D46DE8}") = "Types", "Types", "{39676FE3-FAFC-4B45-BEBF-AF1566CF6413}"
EndProject
Project("{8BC9CEB8-8B4A-11D0-8D11-00A0C91BC942}") = "nanovg", "..\..\src\nanovg\vs\nanovg.vcxproj", "{5B129A8B-38B4-4C86-A997-3D788809C08F}"
EndProject
Project("{8BC9CEB8-8B4A-11D0-8D11-00A0C91BC942}") = "exmpl", "..\..\src\nanovg\vs\exmpl.vcxproj", "{C3BA02AC-5EEF-4BE5-9531-6222CA6805DD}"
EndProject
Project("{2150E333-8FDC-42A3-9474-1A3956D46DE8}") = "NanovgProj", "NanovgProj", "{E467D384-1AEC-4263-B85A-3ABB9AB2016C}"
EndProject
Project("{8BC9CEB8-8B4A-11D0-8D11-00A0C91BC942}") = "python", "..\..\src\cpython\PCbuild\python.vcxproj", "{B11D750F-CD1F-4A96-85CE-E69A5C5259F9}"
EndProject
Project("{2150E333-8FDC-42A3-9474-1A3956D46DE8}") = "Cpython", "Cpython", "{175CEE62-1CFF-4511-906B-92AA7558CC19}"
EndProject
Project("{8BC9CEB8-8B4A-11D0-8D11-00A0C91BC942}") = "pythoncore", "..\..\src\cpython\PCbuild\pythoncore.vcxproj", "{CF7AC3D1-E2DF-41D2-BEA6-1E2556CDEA26}"
EndProject
Project("{8BC9CEB8-8B4A-11D0-8D11-00A0C91BC942}") = "NdObject", "..\..\src\NdObject\config\NdObject.vcxproj", "{96A3651D-6A81-447A-BCA8-6C5DAA50465D}"
EndProject
Project("{8BC9CEB8-8B4A-11D0-8D11-00A0C91BC942}") = "PyEmb", "..\..\src\PyEmb\config\PyEmb\PyEmb.vcxproj", "{5211A12E-981E-437B-9E96-E15FF4BC724F}"
EndProject
Project("{8BC9CEB8-8B4A-11D0-8D11-00A0C91BC942}") = "Tmp", "..\..\tmp\ideas\tmp\Tmp\Tmp.vcxproj", "{66CEB744-EB2A-4E41-B7CB-0215C54BF1EB}"
EndProject
Global
	GlobalSection(SolutionConfigurationPlatforms) = preSolution
		Debug|ARM = Debug|ARM
		Debug|ARM64 = Debug|ARM64
		Debug|x64 = Debug|x64
		Debug|x86 = Debug|x86
		PGInstrument|ARM = PGInstrument|ARM
		PGInstrument|ARM64 = PGInstrument|ARM64
		PGInstrument|x64 = PGInstrument|x64
		PGInstrument|x86 = PGInstrument|x86
		PGUpdate|ARM = PGUpdate|ARM
		PGUpdate|ARM64 = PGUpdate|ARM64
		PGUpdate|x64 = PGUpdate|x64
		PGUpdate|x86 = PGUpdate|x86
		Release|ARM = Release|ARM
		Release|ARM64 = Release|ARM64
		Release|x64 = Release|x64
		Release|x86 = Release|x86
	EndGlobalSection
	GlobalSection(ProjectConfigurationPlatforms) = postSolution
		{DDD75A60-C33D-465F-B8E1-97A883B6493D}.Debug|ARM.ActiveCfg = Debug|Win32
		{DDD75A60-C33D-465F-B8E1-97A883B6493D}.Debug|ARM64.ActiveCfg = Debug|Win32
		{DDD75A60-C33D-465F-B8E1-97A883B6493D}.Debug|x64.ActiveCfg = Debug|x64
		{DDD75A60-C33D-465F-B8E1-97A883B6493D}.Debug|x64.Build.0 = Debug|x64
		{DDD75A60-C33D-465F-B8E1-97A883B6493D}.Debug|x86.ActiveCfg = Debug|Win32
		{DDD75A60-C33D-465F-B8E1-97A883B6493D}.Debug|x86.Build.0 = Debug|Win32
		{DDD75A60-C33D-465F-B8E1-97A883B6493D}.PGInstrument|ARM.ActiveCfg = Debug|Win32
		{DDD75A60-C33D-465F-B8E1-97A883B6493D}.PGInstrument|ARM.Build.0 = Debug|Win32
		{DDD75A60-C33D-465F-B8E1-97A883B6493D}.PGInstrument|ARM64.ActiveCfg = Debug|Win32
		{DDD75A60-C33D-465F-B8E1-97A883B6493D}.PGInstrument|ARM64.Build.0 = Debug|Win32
		{DDD75A60-C33D-465F-B8E1-97A883B6493D}.PGInstrument|x64.ActiveCfg = Debug|x64
		{DDD75A60-C33D-465F-B8E1-97A883B6493D}.PGInstrument|x64.Build.0 = Debug|x64
		{DDD75A60-C33D-465F-B8E1-97A883B6493D}.PGInstrument|x86.ActiveCfg = Debug|Win32
		{DDD75A60-C33D-465F-B8E1-97A883B6493D}.PGInstrument|x86.Build.0 = Debug|Win32
		{DDD75A60-C33D-465F-B8E1-97A883B6493D}.PGUpdate|ARM.ActiveCfg = Debug|Win32
		{DDD75A60-C33D-465F-B8E1-97A883B6493D}.PGUpdate|ARM.Build.0 = Debug|Win32
		{DDD75A60-C33D-465F-B8E1-97A883B6493D}.PGUpdate|ARM64.ActiveCfg = Debug|Win32
		{DDD75A60-C33D-465F-B8E1-97A883B6493D}.PGUpdate|ARM64.Build.0 = Debug|Win32
		{DDD75A60-C33D-465F-B8E1-97A883B6493D}.PGUpdate|x64.ActiveCfg = Debug|x64
		{DDD75A60-C33D-465F-B8E1-97A883B6493D}.PGUpdate|x64.Build.0 = Debug|x64
		{DDD75A60-C33D-465F-B8E1-97A883B6493D}.PGUpdate|x86.ActiveCfg = Debug|Win32
		{DDD75A60-C33D-465F-B8E1-97A883B6493D}.PGUpdate|x86.Build.0 = Debug|Win32
		{DDD75A60-C33D-465F-B8E1-97A883B6493D}.Release|ARM.ActiveCfg = Release|Win32
		{DDD75A60-C33D-465F-B8E1-97A883B6493D}.Release|ARM64.ActiveCfg = Release|Win32
		{DDD75A60-C33D-465F-B8E1-97A883B6493D}.Release|x64.ActiveCfg = Release|x64
		{DDD75A60-C33D-465F-B8E1-97A883B6493D}.Release|x64.Build.0 = Release|x64
		{DDD75A60-C33D-465F-B8E1-97A883B6493D}.Release|x86.ActiveCfg = Release|Win32
		{DDD75A60-C33D-465F-B8E1-97A883B6493D}.Release|x86.Build.0 = Release|Win32
		{245CAC89-E8B1-4AB6-AF91-2DFD61ECF396}.Debug|ARM.ActiveCfg = Debug|Win32
		{245CAC89-E8B1-4AB6-AF91-2DFD61ECF396}.Debug|ARM64.ActiveCfg = Debug|Win32
		{245CAC89-E8B1-4AB6-AF91-2DFD61ECF396}.Debug|x64.ActiveCfg = Debug|x64
		{245CAC89-E8B1-4AB6-AF91-2DFD61ECF396}.Debug|x64.Build.0 = Debug|x64
		{245CAC89-E8B1-4AB6-AF91-2DFD61ECF396}.Debug|x86.ActiveCfg = Debug|Win32
		{245CAC89-E8B1-4AB6-AF91-2DFD61ECF396}.Debug|x86.Build.0 = Debug|Win32
		{245CAC89-E8B1-4AB6-AF91-2DFD61ECF396}.PGInstrument|ARM.ActiveCfg = Debug|Win32
		{245CAC89-E8B1-4AB6-AF91-2DFD61ECF396}.PGInstrument|ARM.Build.0 = Debug|Win32
		{245CAC89-E8B1-4AB6-AF91-2DFD61ECF396}.PGInstrument|ARM64.ActiveCfg = Debug|Win32
		{245CAC89-E8B1-4AB6-AF91-2DFD61ECF396}.PGInstrument|ARM64.Build.0 = Debug|Win32
		{245CAC89-E8B1-4AB6-AF91-2DFD61ECF396}.PGInstrument|x64.ActiveCfg = Debug|x64
		{245CAC89-E8B1-4AB6-AF91-2DFD61ECF396}.PGInstrument|x64.Build.0 = Debug|x64
		{245CAC89-E8B1-4AB6-AF91-2DFD61ECF396}.PGInstrument|x86.ActiveCfg = Debug|Win32
		{245CAC89-E8B1-4AB6-AF91-2DFD61ECF396}.PGInstrument|x86.Build.0 = Debug|Win32
		{245CAC89-E8B1-4AB6-AF91-2DFD61ECF396}.PGUpdate|ARM.ActiveCfg = Debug|Win32
		{245CAC89-E8B1-4AB6-AF91-2DFD61ECF396}.PGUpdate|ARM.Build.0 = Debug|Win32
		{245CAC89-E8B1-4AB6-AF91-2DFD61ECF396}.PGUpdate|ARM64.ActiveCfg = Debug|Win32
		{245CAC89-E8B1-4AB6-AF91-2DFD61ECF396}.PGUpdate|ARM64.Build.0 = Debug|Win32
		{245CAC89-E8B1-4AB6-AF91-2DFD61ECF396}.PGUpdate|x64.ActiveCfg = Debug|x64
		{245CAC89-E8B1-4AB6-AF91-2DFD61ECF396}.PGUpdate|x64.Build.0 = Debug|x64
		{245CAC89-E8B1-4AB6-AF91-2DFD61ECF396}.PGUpdate|x86.ActiveCfg = Debug|Win32
		{245CAC89-E8B1-4AB6-AF91-2DFD61ECF396}.PGUpdate|x86.Build.0 = Debug|Win32
		{245CAC89-E8B1-4AB6-AF91-2DFD61ECF396}.Release|ARM.ActiveCfg = Release|Win32
		{245CAC89-E8B1-4AB6-AF91-2DFD61ECF396}.Release|ARM64.ActiveCfg = Release|Win32
		{245CAC89-E8B1-4AB6-AF91-2DFD61ECF396}.Release|x64.ActiveCfg = Release|x64
		{245CAC89-E8B1-4AB6-AF91-2DFD61ECF396}.Release|x64.Build.0 = Release|x64
		{245CAC89-E8B1-4AB6-AF91-2DFD61ECF396}.Release|x86.ActiveCfg = Release|Win32
		{245CAC89-E8B1-4AB6-AF91-2DFD61ECF396}.Release|x86.Build.0 = Release|Win32
		{C2F0AE32-1609-4F23-898F-CA221CEAACC0}.Debug|ARM.ActiveCfg = Debug|Win32
		{C2F0AE32-1609-4F23-898F-CA221CEAACC0}.Debug|ARM64.ActiveCfg = Debug|Win32
		{C2F0AE32-1609-4F23-898F-CA221CEAACC0}.Debug|x64.ActiveCfg = Debug|x64
		{C2F0AE32-1609-4F23-898F-CA221CEAACC0}.Debug|x64.Build.0 = Debug|x64
		{C2F0AE32-1609-4F23-898F-CA221CEAACC0}.Debug|x86.ActiveCfg = Debug|Win32
		{C2F0AE32-1609-4F23-898F-CA221CEAACC0}.Debug|x86.Build.0 = Debug|Win32
		{C2F0AE32-1609-4F23-898F-CA221CEAACC0}.PGInstrument|ARM.ActiveCfg = Debug|Win32
		{C2F0AE32-1609-4F23-898F-CA221CEAACC0}.PGInstrument|ARM.Build.0 = Debug|Win32
		{C2F0AE32-1609-4F23-898F-CA221CEAACC0}.PGInstrument|ARM64.ActiveCfg = Debug|Win32
		{C2F0AE32-1609-4F23-898F-CA221CEAACC0}.PGInstrument|ARM64.Build.0 = Debug|Win32
		{C2F0AE32-1609-4F23-898F-CA221CEAACC0}.PGInstrument|x64.ActiveCfg = Debug|x64
		{C2F0AE32-1609-4F23-898F-CA221CEAACC0}.PGInstrument|x64.Build.0 = Debug|x64
		{C2F0AE32-1609-4F23-898F-CA221CEAACC0}.PGInstrument|x86.ActiveCfg = Debug|Win32
		{C2F0AE32-1609-4F23-898F-CA221CEAACC0}.PGInstrument|x86.Build.0 = Debug|Win32
		{C2F0AE32-1609-4F23-898F-CA221CEAACC0}.PGUpdate|ARM.ActiveCfg = Debug|Win32
		{C2F0AE32-1609-4F23-898F-CA221CEAACC0}.PGUpdate|ARM.Build.0 = Debug|Win32
		{C2F0AE32-1609-4F23-898F-CA221CEAACC0}.PGUpdate|ARM64.ActiveCfg = Debug|Win32
		{C2F0AE32-1609-4F23-898F-CA221CEAACC0}.PGUpdate|ARM64.Build.0 = Debug|Win32
		{C2F0AE32-1609-4F23-898F-CA221CEAACC0}.PGUpdate|x64.ActiveCfg = Debug|x64
		{C2F0AE32-1609-4F23-898F-CA221CEAACC0}.PGUpdate|x64.Build.0 = Debug|x64
		{C2F0AE32-1609-4F23-898F-CA221CEAACC0}.PGUpdate|x86.ActiveCfg = Debug|Win32
		{C2F0AE32-1609-4F23-898F-CA221CEAACC0}.PGUpdate|x86.Build.0 = Debug|Win32
		{C2F0AE32-1609-4F23-898F-CA221CEAACC0}.Release|ARM.ActiveCfg = Release|Win32
		{C2F0AE32-1609-4F23-898F-CA221CEAACC0}.Release|ARM64.ActiveCfg = Release|Win32
		{C2F0AE32-1609-4F23-898F-CA221CEAACC0}.Release|x64.ActiveCfg = Release|x64
		{C2F0AE32-1609-4F23-898F-CA221CEAACC0}.Release|x64.Build.0 = Release|x64
		{C2F0AE32-1609-4F23-898F-CA221CEAACC0}.Release|x86.ActiveCfg = Release|Win32
		{C2F0AE32-1609-4F23-898F-CA221CEAACC0}.Release|x86.Build.0 = Release|Win32
		{98D6AE72-22F4-4498-ACE5-21AD0B4ABF0A}.Debug|ARM.ActiveCfg = Debug|Win32
		{98D6AE72-22F4-4498-ACE5-21AD0B4ABF0A}.Debug|ARM64.ActiveCfg = Debug|Win32
		{98D6AE72-22F4-4498-ACE5-21AD0B4ABF0A}.Debug|x64.ActiveCfg = Debug|x64
		{98D6AE72-22F4-4498-ACE5-21AD0B4ABF0A}.Debug|x64.Build.0 = Debug|x64
		{98D6AE72-22F4-4498-ACE5-21AD0B4ABF0A}.Debug|x86.ActiveCfg = Debug|Win32
		{98D6AE72-22F4-4498-ACE5-21AD0B4ABF0A}.Debug|x86.Build.0 = Debug|Win32
		{98D6AE72-22F4-4498-ACE5-21AD0B4ABF0A}.PGInstrument|ARM.ActiveCfg = Debug|Win32
		{98D6AE72-22F4-4498-ACE5-21AD0B4ABF0A}.PGInstrument|ARM.Build.0 = Debug|Win32
		{98D6AE72-22F4-4498-ACE5-21AD0B4ABF0A}.PGInstrument|ARM64.ActiveCfg = Debug|Win32
		{98D6AE72-22F4-4498-ACE5-21AD0B4ABF0A}.PGInstrument|ARM64.Build.0 = Debug|Win32
		{98D6AE72-22F4-4498-ACE5-21AD0B4ABF0A}.PGInstrument|x64.ActiveCfg = Debug|x64
		{98D6AE72-22F4-4498-ACE5-21AD0B4ABF0A}.PGInstrument|x64.Build.0 = Debug|x64
		{98D6AE72-22F4-4498-ACE5-21AD0B4ABF0A}.PGInstrument|x86.ActiveCfg = Debug|Win32
		{98D6AE72-22F4-4498-ACE5-21AD0B4ABF0A}.PGInstrument|x86.Build.0 = Debug|Win32
		{98D6AE72-22F4-4498-ACE5-21AD0B4ABF0A}.PGUpdate|ARM.ActiveCfg = Debug|Win32
		{98D6AE72-22F4-4498-ACE5-21AD0B4ABF0A}.PGUpdate|ARM.Build.0 = Debug|Win32
		{98D6AE72-22F4-4498-ACE5-21AD0B4ABF0A}.PGUpdate|ARM64.ActiveCfg = Debug|Win32
		{98D6AE72-22F4-4498-ACE5-21AD0B4ABF0A}.PGUpdate|ARM64.Build.0 = Debug|Win32
		{98D6AE72-22F4-4498-ACE5-21AD0B4ABF0A}.PGUpdate|x64.ActiveCfg = Debug|x64
		{98D6AE72-22F4-4498-ACE5-21AD0B4ABF0A}.PGUpdate|x64.Build.0 = Debug|x64
		{98D6AE72-22F4-4498-ACE5-21AD0B4ABF0A}.PGUpdate|x86.ActiveCfg = Debug|Win32
		{98D6AE72-22F4-4498-ACE5-21AD0B4ABF0A}.PGUpdate|x86.Build.0 = Debug|Win32
		{98D6AE72-22F4-4498-ACE5-21AD0B4ABF0A}.Release|ARM.ActiveCfg = Release|Win32
		{98D6AE72-22F4-4498-ACE5-21AD0B4ABF0A}.Release|ARM64.ActiveCfg = Release|Win32
		{98D6AE72-22F4-4498-ACE5-21AD0B4ABF0A}.Release|x64.ActiveCfg = Release|x64
		{98D6AE72-22F4-4498-ACE5-21AD0B4ABF0A}.Release|x64.Build.0 = Release|x64
		{98D6AE72-22F4-4498-ACE5-21AD0B4ABF0A}.Release|x86.ActiveCfg = Release|Win32
		{98D6AE72-22F4-4498-ACE5-21AD0B4ABF0A}.Release|x86.Build.0 = Release|Win32
		{5C880F2D-7324-41A0-9507-E45038C12186}.Debug|ARM.ActiveCfg = Debug|Win32
		{5C880F2D-7324-41A0-9507-E45038C12186}.Debug|ARM64.ActiveCfg = Debug|Win32
		{5C880F2D-7324-41A0-9507-E45038C12186}.Debug|x64.ActiveCfg = Debug|x64
		{5C880F2D-7324-41A0-9507-E45038C12186}.Debug|x64.Build.0 = Debug|x64
		{5C880F2D-7324-41A0-9507-E45038C12186}.Debug|x86.ActiveCfg = Debug|Win32
		{5C880F2D-7324-41A0-9507-E45038C12186}.Debug|x86.Build.0 = Debug|Win32
		{5C880F2D-7324-41A0-9507-E45038C12186}.PGInstrument|ARM.ActiveCfg = Debug|Win32
		{5C880F2D-7324-41A0-9507-E45038C12186}.PGInstrument|ARM.Build.0 = Debug|Win32
		{5C880F2D-7324-41A0-9507-E45038C12186}.PGInstrument|ARM64.ActiveCfg = Debug|Win32
		{5C880F2D-7324-41A0-9507-E45038C12186}.PGInstrument|ARM64.Build.0 = Debug|Win32
		{5C880F2D-7324-41A0-9507-E45038C12186}.PGInstrument|x64.ActiveCfg = Debug|x64
		{5C880F2D-7324-41A0-9507-E45038C12186}.PGInstrument|x64.Build.0 = Debug|x64
		{5C880F2D-7324-41A0-9507-E45038C12186}.PGInstrument|x86.ActiveCfg = Debug|Win32
		{5C880F2D-7324-41A0-9507-E45038C12186}.PGInstrument|x86.Build.0 = Debug|Win32
		{5C880F2D-7324-41A0-9507-E45038C12186}.PGUpdate|ARM.ActiveCfg = Debug|Win32
		{5C880F2D-7324-41A0-9507-E45038C12186}.PGUpdate|ARM.Build.0 = Debug|Win32
		{5C880F2D-7324-41A0-9507-E45038C12186}.PGUpdate|ARM64.ActiveCfg = Debug|Win32
		{5C880F2D-7324-41A0-9507-E45038C12186}.PGUpdate|ARM64.Build.0 = Debug|Win32
		{5C880F2D-7324-41A0-9507-E45038C12186}.PGUpdate|x64.ActiveCfg = Debug|x64
		{5C880F2D-7324-41A0-9507-E45038C12186}.PGUpdate|x64.Build.0 = Debug|x64
		{5C880F2D-7324-41A0-9507-E45038C12186}.PGUpdate|x86.ActiveCfg = Debug|Win32
		{5C880F2D-7324-41A0-9507-E45038C12186}.PGUpdate|x86.Build.0 = Debug|Win32
		{5C880F2D-7324-41A0-9507-E45038C12186}.Release|ARM.ActiveCfg = Release|Win32
		{5C880F2D-7324-41A0-9507-E45038C12186}.Release|ARM64.ActiveCfg = Release|Win32
		{5C880F2D-7324-41A0-9507-E45038C12186}.Release|x64.ActiveCfg = Release|x64
		{5C880F2D-7324-41A0-9507-E45038C12186}.Release|x64.Build.0 = Release|x64
		{5C880F2D-7324-41A0-9507-E45038C12186}.Release|x86.ActiveCfg = Release|Win32
		{5C880F2D-7324-41A0-9507-E45038C12186}.Release|x86.Build.0 = Release|Win32
		{A4FCE087-A1B8-4EA9-ABCC-A7A7AB22B985}.Debug|ARM.ActiveCfg = Debug|Win32
		{A4FCE087-A1B8-4EA9-ABCC-A7A7AB22B985}.Debug|ARM64.ActiveCfg = Debug|Win32
		{A4FCE087-A1B8-4EA9-ABCC-A7A7AB22B985}.Debug|x64.ActiveCfg = Debug|x64
		{A4FCE087-A1B8-4EA9-ABCC-A7A7AB22B985}.Debug|x64.Build.0 = Debug|x64
		{A4FCE087-A1B8-4EA9-ABCC-A7A7AB22B985}.Debug|x86.ActiveCfg = Debug|Win32
		{A4FCE087-A1B8-4EA9-ABCC-A7A7AB22B985}.Debug|x86.Build.0 = Debug|Win32
		{A4FCE087-A1B8-4EA9-ABCC-A7A7AB22B985}.PGInstrument|ARM.ActiveCfg = Debug|Win32
		{A4FCE087-A1B8-4EA9-ABCC-A7A7AB22B985}.PGInstrument|ARM.Build.0 = Debug|Win32
		{A4FCE087-A1B8-4EA9-ABCC-A7A7AB22B985}.PGInstrument|ARM64.ActiveCfg = Debug|Win32
		{A4FCE087-A1B8-4EA9-ABCC-A7A7AB22B985}.PGInstrument|ARM64.Build.0 = Debug|Win32
		{A4FCE087-A1B8-4EA9-ABCC-A7A7AB22B985}.PGInstrument|x64.ActiveCfg = Debug|x64
		{A4FCE087-A1B8-4EA9-ABCC-A7A7AB22B985}.PGInstrument|x64.Build.0 = Debug|x64
		{A4FCE087-A1B8-4EA9-ABCC-A7A7AB22B985}.PGInstrument|x86.ActiveCfg = Debug|Win32
		{A4FCE087-A1B8-4EA9-ABCC-A7A7AB22B985}.PGInstrument|x86.Build.0 = Debug|Win32
		{A4FCE087-A1B8-4EA9-ABCC-A7A7AB22B985}.PGUpdate|ARM.ActiveCfg = Debug|Win32
		{A4FCE087-A1B8-4EA9-ABCC-A7A7AB22B985}.PGUpdate|ARM.Build.0 = Debug|Win32
		{A4FCE087-A1B8-4EA9-ABCC-A7A7AB22B985}.PGUpdate|ARM64.ActiveCfg = Debug|Win32
		{A4FCE087-A1B8-4EA9-ABCC-A7A7AB22B985}.PGUpdate|ARM64.Build.0 = Debug|Win32
		{A4FCE087-A1B8-4EA9-ABCC-A7A7AB22B985}.PGUpdate|x64.ActiveCfg = Debug|x64
		{A4FCE087-A1B8-4EA9-ABCC-A7A7AB22B985}.PGUpdate|x64.Build.0 = Debug|x64
		{A4FCE087-A1B8-4EA9-ABCC-A7A7AB22B985}.PGUpdate|x86.ActiveCfg = Debug|Win32
		{A4FCE087-A1B8-4EA9-ABCC-A7A7AB22B985}.PGUpdate|x86.Build.0 = Debug|Win32
		{A4FCE087-A1B8-4EA9-ABCC-A7A7AB22B985}.Release|ARM.ActiveCfg = Release|Win32
		{A4FCE087-A1B8-4EA9-ABCC-A7A7AB22B985}.Release|ARM64.ActiveCfg = Release|Win32
		{A4FCE087-A1B8-4EA9-ABCC-A7A7AB22B985}.Release|x64.ActiveCfg = Release|x64
		{A4FCE087-A1B8-4EA9-ABCC-A7A7AB22B985}.Release|x64.Build.0 = Release|x64
		{A4FCE087-A1B8-4EA9-ABCC-A7A7AB22B985}.Release|x86.ActiveCfg = Release|Win32
		{A4FCE087-A1B8-4EA9-ABCC-A7A7AB22B985}.Release|x86.Build.0 = Release|Win32
		{5B129A8B-38B4-4C86-A997-3D788809C08F}.Debug|ARM.ActiveCfg = Debug|Win32
		{5B129A8B-38B4-4C86-A997-3D788809C08F}.Debug|ARM64.ActiveCfg = Debug|Win32
		{5B129A8B-38B4-4C86-A997-3D788809C08F}.Debug|x64.ActiveCfg = Debug|x64
		{5B129A8B-38B4-4C86-A997-3D788809C08F}.Debug|x64.Build.0 = Debug|x64
		{5B129A8B-38B4-4C86-A997-3D788809C08F}.Debug|x86.ActiveCfg = Debug|Win32
		{5B129A8B-38B4-4C86-A997-3D788809C08F}.Debug|x86.Build.0 = Debug|Win32
		{5B129A8B-38B4-4C86-A997-3D788809C08F}.PGInstrument|ARM.ActiveCfg = Debug|Win32
		{5B129A8B-38B4-4C86-A997-3D788809C08F}.PGInstrument|ARM.Build.0 = Debug|Win32
		{5B129A8B-38B4-4C86-A997-3D788809C08F}.PGInstrument|ARM64.ActiveCfg = Debug|Win32
		{5B129A8B-38B4-4C86-A997-3D788809C08F}.PGInstrument|ARM64.Build.0 = Debug|Win32
		{5B129A8B-38B4-4C86-A997-3D788809C08F}.PGInstrument|x64.ActiveCfg = Debug|x64
		{5B129A8B-38B4-4C86-A997-3D788809C08F}.PGInstrument|x64.Build.0 = Debug|x64
		{5B129A8B-38B4-4C86-A997-3D788809C08F}.PGInstrument|x86.ActiveCfg = Debug|Win32
		{5B129A8B-38B4-4C86-A997-3D788809C08F}.PGInstrument|x86.Build.0 = Debug|Win32
		{5B129A8B-38B4-4C86-A997-3D788809C08F}.PGUpdate|ARM.ActiveCfg = Debug|Win32
		{5B129A8B-38B4-4C86-A997-3D788809C08F}.PGUpdate|ARM.Build.0 = Debug|Win32
		{5B129A8B-38B4-4C86-A997-3D788809C08F}.PGUpdate|ARM64.ActiveCfg = Debug|Win32
		{5B129A8B-38B4-4C86-A997-3D788809C08F}.PGUpdate|ARM64.Build.0 = Debug|Win32
		{5B129A8B-38B4-4C86-A997-3D788809C08F}.PGUpdate|x64.ActiveCfg = Debug|x64
		{5B129A8B-38B4-4C86-A997-3D788809C08F}.PGUpdate|x64.Build.0 = Debug|x64
		{5B129A8B-38B4-4C86-A997-3D788809C08F}.PGUpdate|x86.ActiveCfg = Debug|Win32
		{5B129A8B-38B4-4C86-A997-3D788809C08F}.PGUpdate|x86.Build.0 = Debug|Win32
		{5B129A8B-38B4-4C86-A997-3D788809C08F}.Release|ARM.ActiveCfg = Release|Win32
		{5B129A8B-38B4-4C86-A997-3D788809C08F}.Release|ARM64.ActiveCfg = Release|Win32
		{5B129A8B-38B4-4C86-A997-3D788809C08F}.Release|x64.ActiveCfg = Release|x64
		{5B129A8B-38B4-4C86-A997-3D788809C08F}.Release|x64.Build.0 = Release|x64
		{5B129A8B-38B4-4C86-A997-3D788809C08F}.Release|x86.ActiveCfg = Release|Win32
		{5B129A8B-38B4-4C86-A997-3D788809C08F}.Release|x86.Build.0 = Release|Win32
		{C3BA02AC-5EEF-4BE5-9531-6222CA6805DD}.Debug|ARM.ActiveCfg = Debug|Win32
		{C3BA02AC-5EEF-4BE5-9531-6222CA6805DD}.Debug|ARM64.ActiveCfg = Debug|Win32
		{C3BA02AC-5EEF-4BE5-9531-6222CA6805DD}.Debug|x64.ActiveCfg = Debug|x64
		{C3BA02AC-5EEF-4BE5-9531-6222CA6805DD}.Debug|x64.Build.0 = Debug|x64
		{C3BA02AC-5EEF-4BE5-9531-6222CA6805DD}.Debug|x86.ActiveCfg = Debug|Win32
		{C3BA02AC-5EEF-4BE5-9531-6222CA6805DD}.Debug|x86.Build.0 = Debug|Win32
		{C3BA02AC-5EEF-4BE5-9531-6222CA6805DD}.PGInstrument|ARM.ActiveCfg = Debug|Win32
		{C3BA02AC-5EEF-4BE5-9531-6222CA6805DD}.PGInstrument|ARM.Build.0 = Debug|Win32
		{C3BA02AC-5EEF-4BE5-9531-6222CA6805DD}.PGInstrument|ARM64.ActiveCfg = Debug|Win32
		{C3BA02AC-5EEF-4BE5-9531-6222CA6805DD}.PGInstrument|ARM64.Build.0 = Debug|Win32
		{C3BA02AC-5EEF-4BE5-9531-6222CA6805DD}.PGInstrument|x64.ActiveCfg = Debug|x64
		{C3BA02AC-5EEF-4BE5-9531-6222CA6805DD}.PGInstrument|x64.Build.0 = Debug|x64
		{C3BA02AC-5EEF-4BE5-9531-6222CA6805DD}.PGInstrument|x86.ActiveCfg = Debug|Win32
		{C3BA02AC-5EEF-4BE5-9531-6222CA6805DD}.PGInstrument|x86.Build.0 = Debug|Win32
		{C3BA02AC-5EEF-4BE5-9531-6222CA6805DD}.PGUpdate|ARM.ActiveCfg = Debug|Win32
		{C3BA02AC-5EEF-4BE5-9531-6222CA6805DD}.PGUpdate|ARM.Build.0 = Debug|Win32
		{C3BA02AC-5EEF-4BE5-9531-6222CA6805DD}.PGUpdate|ARM64.ActiveCfg = Debug|Win32
		{C3BA02AC-5EEF-4BE5-9531-6222CA6805DD}.PGUpdate|ARM64.Build.0 = Debug|Win32
		{C3BA02AC-5EEF-4BE5-9531-6222CA6805DD}.PGUpdate|x64.ActiveCfg = Debug|x64
		{C3BA02AC-5EEF-4BE5-9531-6222CA6805DD}.PGUpdate|x64.Build.0 = Debug|x64
		{C3BA02AC-5EEF-4BE5-9531-6222CA6805DD}.PGUpdate|x86.ActiveCfg = Debug|Win32
		{C3BA02AC-5EEF-4BE5-9531-6222CA6805DD}.PGUpdate|x86.Build.0 = Debug|Win32
		{C3BA02AC-5EEF-4BE5-9531-6222CA6805DD}.Release|ARM.ActiveCfg = Release|Win32
		{C3BA02AC-5EEF-4BE5-9531-6222CA6805DD}.Release|ARM64.ActiveCfg = Release|Win32
		{C3BA02AC-5EEF-4BE5-9531-6222CA6805DD}.Release|x64.ActiveCfg = Release|x64
		{C3BA02AC-5EEF-4BE5-9531-6222CA6805DD}.Release|x64.Build.0 = Release|x64
		{C3BA02AC-5EEF-4BE5-9531-6222CA6805DD}.Release|x86.ActiveCfg = Release|Win32
		{C3BA02AC-5EEF-4BE5-9531-6222CA6805DD}.Release|x86.Build.0 = Release|Win32
		{B11D750F-CD1F-4A96-85CE-E69A5C5259F9}.Debug|ARM.ActiveCfg = Debug|ARM
		{B11D750F-CD1F-4A96-85CE-E69A5C5259F9}.Debug|ARM.Build.0 = Debug|ARM
		{B11D750F-CD1F-4A96-85CE-E69A5C5259F9}.Debug|ARM64.ActiveCfg = Debug|ARM64
		{B11D750F-CD1F-4A96-85CE-E69A5C5259F9}.Debug|ARM64.Build.0 = Debug|ARM64
		{B11D750F-CD1F-4A96-85CE-E69A5C5259F9}.Debug|x64.ActiveCfg = Debug|x64
		{B11D750F-CD1F-4A96-85CE-E69A5C5259F9}.Debug|x64.Build.0 = Debug|x64
		{B11D750F-CD1F-4A96-85CE-E69A5C5259F9}.Debug|x86.ActiveCfg = Debug|Win32
		{B11D750F-CD1F-4A96-85CE-E69A5C5259F9}.Debug|x86.Build.0 = Debug|Win32
		{B11D750F-CD1F-4A96-85CE-E69A5C5259F9}.PGInstrument|ARM.ActiveCfg = PGInstrument|ARM
		{B11D750F-CD1F-4A96-85CE-E69A5C5259F9}.PGInstrument|ARM.Build.0 = PGInstrument|ARM
		{B11D750F-CD1F-4A96-85CE-E69A5C5259F9}.PGInstrument|ARM64.ActiveCfg = PGInstrument|ARM64
		{B11D750F-CD1F-4A96-85CE-E69A5C5259F9}.PGInstrument|ARM64.Build.0 = PGInstrument|ARM64
		{B11D750F-CD1F-4A96-85CE-E69A5C5259F9}.PGInstrument|x64.ActiveCfg = PGInstrument|x64
		{B11D750F-CD1F-4A96-85CE-E69A5C5259F9}.PGInstrument|x64.Build.0 = PGInstrument|x64
		{B11D750F-CD1F-4A96-85CE-E69A5C5259F9}.PGInstrument|x86.ActiveCfg = PGInstrument|Win32
		{B11D750F-CD1F-4A96-85CE-E69A5C5259F9}.PGInstrument|x86.Build.0 = PGInstrument|Win32
		{B11D750F-CD1F-4A96-85CE-E69A5C5259F9}.PGUpdate|ARM.ActiveCfg = PGUpdate|ARM
		{B11D750F-CD1F-4A96-85CE-E69A5C5259F9}.PGUpdate|ARM.Build.0 = PGUpdate|ARM
		{B11D750F-CD1F-4A96-85CE-E69A5C5259F9}.PGUpdate|ARM64.ActiveCfg = PGUpdate|ARM64
		{B11D750F-CD1F-4A96-85CE-E69A5C5259F9}.PGUpdate|ARM64.Build.0 = PGUpdate|ARM64
		{B11D750F-CD1F-4A96-85CE-E69A5C5259F9}.PGUpdate|x64.ActiveCfg = PGUpdate|x64
		{B11D750F-CD1F-4A96-85CE-E69A5C5259F9}.PGUpdate|x64.Build.0 = PGUpdate|x64
		{B11D750F-CD1F-4A96-85CE-E69A5C5259F9}.PGUpdate|x86.ActiveCfg = PGUpdate|Win32
		{B11D750F-CD1F-4A96-85CE-E69A5C5259F9}.PGUpdate|x86.Build.0 = PGUpdate|Win32
		{B11D750F-CD1F-4A96-85CE-E69A5C5259F9}.Release|ARM.ActiveCfg = Release|ARM
		{B11D750F-CD1F-4A96-85CE-E69A5C5259F9}.Release|ARM.Build.0 = Release|ARM
		{B11D750F-CD1F-4A96-85CE-E69A5C5259F9}.Release|ARM64.ActiveCfg = Release|ARM64
		{B11D750F-CD1F-4A96-85CE-E69A5C5259F9}.Release|ARM64.Build.0 = Release|ARM64
		{B11D750F-CD1F-4A96-85CE-E69A5C5259F9}.Release|x64.ActiveCfg = Release|x64
		{B11D750F-CD1F-4A96-85CE-E69A5C5259F9}.Release|x64.Build.0 = Release|x64
		{B11D750F-CD1F-4A96-85CE-E69A5C5259F9}.Release|x86.ActiveCfg = Release|Win32
		{B11D750F-CD1F-4A96-85CE-E69A5C5259F9}.Release|x86.Build.0 = Release|Win32
		{CF7AC3D1-E2DF-41D2-BEA6-1E2556CDEA26}.Debug|ARM.ActiveCfg = Debug|ARM
		{CF7AC3D1-E2DF-41D2-BEA6-1E2556CDEA26}.Debug|ARM.Build.0 = Debug|ARM
		{CF7AC3D1-E2DF-41D2-BEA6-1E2556CDEA26}.Debug|ARM64.ActiveCfg = Debug|ARM64
		{CF7AC3D1-E2DF-41D2-BEA6-1E2556CDEA26}.Debug|ARM64.Build.0 = Debug|ARM64
		{CF7AC3D1-E2DF-41D2-BEA6-1E2556CDEA26}.Debug|x64.ActiveCfg = Debug|x64
		{CF7AC3D1-E2DF-41D2-BEA6-1E2556CDEA26}.Debug|x64.Build.0 = Debug|x64
		{CF7AC3D1-E2DF-41D2-BEA6-1E2556CDEA26}.Debug|x86.ActiveCfg = Debug|Win32
		{CF7AC3D1-E2DF-41D2-BEA6-1E2556CDEA26}.Debug|x86.Build.0 = Debug|Win32
		{CF7AC3D1-E2DF-41D2-BEA6-1E2556CDEA26}.PGInstrument|ARM.ActiveCfg = PGInstrument|ARM
		{CF7AC3D1-E2DF-41D2-BEA6-1E2556CDEA26}.PGInstrument|ARM.Build.0 = PGInstrument|ARM
		{CF7AC3D1-E2DF-41D2-BEA6-1E2556CDEA26}.PGInstrument|ARM64.ActiveCfg = PGInstrument|ARM64
		{CF7AC3D1-E2DF-41D2-BEA6-1E2556CDEA26}.PGInstrument|ARM64.Build.0 = PGInstrument|ARM64
		{CF7AC3D1-E2DF-41D2-BEA6-1E2556CDEA26}.PGInstrument|x64.ActiveCfg = PGInstrument|x64
		{CF7AC3D1-E2DF-41D2-BEA6-1E2556CDEA26}.PGInstrument|x64.Build.0 = PGInstrument|x64
		{CF7AC3D1-E2DF-41D2-BEA6-1E2556CDEA26}.PGInstrument|x86.ActiveCfg = PGInstrument|Win32
		{CF7AC3D1-E2DF-41D2-BEA6-1E2556CDEA26}.PGInstrument|x86.Build.0 = PGInstrument|Win32
		{CF7AC3D1-E2DF-41D2-BEA6-1E2556CDEA26}.PGUpdate|ARM.ActiveCfg = PGUpdate|ARM
		{CF7AC3D1-E2DF-41D2-BEA6-1E2556CDEA26}.PGUpdate|ARM.Build.0 = PGUpdate|ARM
		{CF7AC3D1-E2DF-41D2-BEA6-1E2556CDEA26}.PGUpdate|ARM64.ActiveCfg = PGUpdate|ARM64
		{CF7AC3D1-E2DF-41D2-BEA6-1E2556CDEA26}.PGUpdate|ARM64.Build.0 = PGUpdate|ARM64
		{CF7AC3D1-E2DF-41D2-BEA6-1E2556CDEA26}.PGUpdate|x64.ActiveCfg = PGUpdate|x64
		{CF7AC3D1-E2DF-41D2-BEA6-1E2556CDEA26}.PGUpdate|x64.Build.0 = PGUpdate|x64
		{CF7AC3D1-E2DF-41D2-BEA6-1E2556CDEA26}.PGUpdate|x86.ActiveCfg = PGUpdate|Win32
		{CF7AC3D1-E2DF-41D2-BEA6-1E2556CDEA26}.PGUpdate|x86.Build.0 = PGUpdate|Win32
		{CF7AC3D1-E2DF-41D2-BEA6-1E2556CDEA26}.Release|ARM.ActiveCfg = Release|ARM
		{CF7AC3D1-E2DF-41D2-BEA6-1E2556CDEA26}.Release|ARM.Build.0 = Release|ARM
		{CF7AC3D1-E2DF-41D2-BEA6-1E2556CDEA26}.Release|ARM64.ActiveCfg = Release|ARM64
		{CF7AC3D1-E2DF-41D2-BEA6-1E2556CDEA26}.Release|ARM64.Build.0 = Release|ARM64
		{CF7AC3D1-E2DF-41D2-BEA6-1E2556CDEA26}.Release|x64.ActiveCfg = Release|x64
		{CF7AC3D1-E2DF-41D2-BEA6-1E2556CDEA26}.Release|x64.Build.0 = Release|x64
		{CF7AC3D1-E2DF-41D2-BEA6-1E2556CDEA26}.Release|x86.ActiveCfg = Release|Win32
		{CF7AC3D1-E2DF-41D2-BEA6-1E2556CDEA26}.Release|x86.Build.0 = Release|Win32
		{96A3651D-6A81-447A-BCA8-6C5DAA50465D}.Debug|ARM.ActiveCfg = Debug|Win32
		{96A3651D-6A81-447A-BCA8-6C5DAA50465D}.Debug|ARM64.ActiveCfg = Debug|Win32
		{96A3651D-6A81-447A-BCA8-6C5DAA50465D}.Debug|x64.ActiveCfg = Debug|x64
		{96A3651D-6A81-447A-BCA8-6C5DAA50465D}.Debug|x64.Build.0 = Debug|x64
		{96A3651D-6A81-447A-BCA8-6C5DAA50465D}.Debug|x86.ActiveCfg = Debug|Win32
		{96A3651D-6A81-447A-BCA8-6C5DAA50465D}.Debug|x86.Build.0 = Debug|Win32
		{96A3651D-6A81-447A-BCA8-6C5DAA50465D}.PGInstrument|ARM.ActiveCfg = Debug|Win32
		{96A3651D-6A81-447A-BCA8-6C5DAA50465D}.PGInstrument|ARM.Build.0 = Debug|Win32
		{96A3651D-6A81-447A-BCA8-6C5DAA50465D}.PGInstrument|ARM64.ActiveCfg = Debug|Win32
		{96A3651D-6A81-447A-BCA8-6C5DAA50465D}.PGInstrument|ARM64.Build.0 = Debug|Win32
		{96A3651D-6A81-447A-BCA8-6C5DAA50465D}.PGInstrument|x64.ActiveCfg = Debug|x64
		{96A3651D-6A81-447A-BCA8-6C5DAA50465D}.PGInstrument|x64.Build.0 = Debug|x64
		{96A3651D-6A81-447A-BCA8-6C5DAA50465D}.PGInstrument|x86.ActiveCfg = Debug|Win32
		{96A3651D-6A81-447A-BCA8-6C5DAA50465D}.PGInstrument|x86.Build.0 = Debug|Win32
		{96A3651D-6A81-447A-BCA8-6C5DAA50465D}.PGUpdate|ARM.ActiveCfg = Debug|Win32
		{96A3651D-6A81-447A-BCA8-6C5DAA50465D}.PGUpdate|ARM.Build.0 = Debug|Win32
		{96A3651D-6A81-447A-BCA8-6C5DAA50465D}.PGUpdate|ARM64.ActiveCfg = Debug|Win32
		{96A3651D-6A81-447A-BCA8-6C5DAA50465D}.PGUpdate|ARM64.Build.0 = Debug|Win32
		{96A3651D-6A81-447A-BCA8-6C5DAA50465D}.PGUpdate|x64.ActiveCfg = Debug|x64
		{96A3651D-6A81-447A-BCA8-6C5DAA50465D}.PGUpdate|x64.Build.0 = Debug|x64
		{96A3651D-6A81-447A-BCA8-6C5DAA50465D}.PGUpdate|x86.ActiveCfg = Debug|Win32
		{96A3651D-6A81-447A-BCA8-6C5DAA50465D}.PGUpdate|x86.Build.0 = Debug|Win32
		{96A3651D-6A81-447A-BCA8-6C5DAA50465D}.Release|ARM.ActiveCfg = Release|Win32
		{96A3651D-6A81-447A-BCA8-6C5DAA50465D}.Release|ARM64.ActiveCfg = Release|Win32
		{96A3651D-6A81-447A-BCA8-6C5DAA50465D}.Release|x64.ActiveCfg = Release|x64
		{96A3651D-6A81-447A-BCA8-6C5DAA50465D}.Release|x64.Build.0 = Release|x64
		{96A3651D-6A81-447A-BCA8-6C5DAA50465D}.Release|x86.ActiveCfg = Release|Win32
		{96A3651D-6A81-447A-BCA8-6C5DAA50465D}.Release|x86.Build.0 = Release|Win32
		{5211A12E-981E-437B-9E96-E15FF4BC724F}.Debug|ARM.ActiveCfg = Debug|Win32
		{5211A12E-981E-437B-9E96-E15FF4BC724F}.Debug|ARM64.ActiveCfg = Debug|Win32
		{5211A12E-981E-437B-9E96-E15FF4BC724F}.Debug|x64.ActiveCfg = Debug|x64
		{5211A12E-981E-437B-9E96-E15FF4BC724F}.Debug|x64.Build.0 = Debug|x64
		{5211A12E-981E-437B-9E96-E15FF4BC724F}.Debug|x86.ActiveCfg = Debug|Win32
		{5211A12E-981E-437B-9E96-E15FF4BC724F}.Debug|x86.Build.0 = Debug|Win32
		{5211A12E-981E-437B-9E96-E15FF4BC724F}.PGInstrument|ARM.ActiveCfg = Debug|Win32
		{5211A12E-981E-437B-9E96-E15FF4BC724F}.PGInstrument|ARM.Build.0 = Debug|Win32
		{5211A12E-981E-437B-9E96-E15FF4BC724F}.PGInstrument|ARM64.ActiveCfg = Debug|Win32
		{5211A12E-981E-437B-9E96-E15FF4BC724F}.PGInstrument|ARM64.Build.0 = Debug|Win32
		{5211A12E-981E-437B-9E96-E15FF4BC724F}.PGInstrument|x64.ActiveCfg = Debug|x64
		{5211A12E-981E-437B-9E96-E15FF4BC724F}.PGInstrument|x64.Build.0 = Debug|x64
		{5211A12E-981E-437B-9E96-E15FF4BC724F}.PGInstrument|x86.ActiveCfg = Debug|Win32
		{5211A12E-981E-437B-9E96-E15FF4BC724F}.PGInstrument|x86.Build.0 = Debug|Win32
		{5211A12E-981E-437B-9E96-E15FF4BC724F}.PGUpdate|ARM.ActiveCfg = Debug|Win32
		{5211A12E-981E-437B-9E96-E15FF4BC724F}.PGUpdate|ARM.Build.0 = Debug|Win32
		{5211A12E-981E-437B-9E96-E15FF4BC724F}.PGUpdate|ARM64.ActiveCfg = Debug|Win32
		{5211A12E-981E-437B-9E96-E15FF4BC724F}.PGUpdate|ARM64.Build.0 = Debug|Win32
		{5211A12E-981E-437B-9E96-E15FF4BC724F}.PGUpdate|x64.ActiveCfg = Debug|x64
		{5211A12E-981E-437B-9E96-E15FF4BC724F}.PGUpdate|x64.Build.0 = Debug|x64
		{5211A12E-981E-437B-9E96-E15FF4BC724F}.PGUpdate|x86.ActiveCfg = Debug|Win32
		{5211A12E-981E-437B-9E96-E15FF4BC724F}.PGUpdate|x86.Build.0 = Debug|Win32
		{5211A12E-981E-437B-9E96-E15FF4BC724F}.Release|ARM.ActiveCfg = Release|Win32
		{5211A12E-981E-437B-9E96-E15FF4BC724F}.Release|ARM64.ActiveCfg = Release|Win32
		{5211A12E-981E-437B-9E96-E15FF4BC724F}.Release|x64.ActiveCfg = Release|x64
		{5211A12E-981E-437B-9E96-E15FF4BC724F}.Release|x64.Build.0 = Release|x64
		{5211A12E-981E-437B-9E96-E15FF4BC724F}.Release|x86.ActiveCfg = Release|Win32
		{5211A12E-981E-437B-9E96-E15FF4BC724F}.Release|x86.Build.0 = Release|Win32
		{66CEB744-EB2A-4E41-B7CB-0215C54BF1EB}.Debug|ARM.ActiveCfg = Debug|Win32
		{66CEB744-EB2A-4E41-B7CB-0215C54BF1EB}.Debug|ARM64.ActiveCfg = Debug|Win32
		{66CEB744-EB2A-4E41-B7CB-0215C54BF1EB}.Debug|x64.ActiveCfg = Debug|x64
		{66CEB744-EB2A-4E41-B7CB-0215C54BF1EB}.Debug|x64.Build.0 = Debug|x64
		{66CEB744-EB2A-4E41-B7CB-0215C54BF1EB}.Debug|x86.ActiveCfg = Debug|Win32
		{66CEB744-EB2A-4E41-B7CB-0215C54BF1EB}.Debug|x86.Build.0 = Debug|Win32
		{66CEB744-EB2A-4E41-B7CB-0215C54BF1EB}.PGInstrument|ARM.ActiveCfg = Debug|Win32
		{66CEB744-EB2A-4E41-B7CB-0215C54BF1EB}.PGInstrument|ARM.Build.0 = Debug|Win32
		{66CEB744-EB2A-4E41-B7CB-0215C54BF1EB}.PGInstrument|ARM64.ActiveCfg = Debug|Win32
		{66CEB744-EB2A-4E41-B7CB-0215C54BF1EB}.PGInstrument|ARM64.Build.0 = Debug|Win32
		{66CEB744-EB2A-4E41-B7CB-0215C54BF1EB}.PGInstrument|x64.ActiveCfg = Debug|x64
		{66CEB744-EB2A-4E41-B7CB-0215C54BF1EB}.PGInstrument|x64.Build.0 = Debug|x64
		{66CEB744-EB2A-4E41-B7CB-0215C54BF1EB}.PGInstrument|x86.ActiveCfg = Debug|Win32
		{66CEB744-EB2A-4E41-B7CB-0215C54BF1EB}.PGInstrument|x86.Build.0 = Debug|Win32
		{66CEB744-EB2A-4E41-B7CB-0215C54BF1EB}.PGUpdate|ARM.ActiveCfg = Debug|Win32
		{66CEB744-EB2A-4E41-B7CB-0215C54BF1EB}.PGUpdate|ARM.Build.0 = Debug|Win32
		{66CEB744-EB2A-4E41-B7CB-0215C54BF1EB}.PGUpdate|ARM64.ActiveCfg = Debug|Win32
		{66CEB744-EB2A-4E41-B7CB-0215C54BF1EB}.PGUpdate|ARM64.Build.0 = Debug|Win32
		{66CEB744-EB2A-4E41-B7CB-0215C54BF1EB}.PGUpdate|x64.ActiveCfg = Debug|x64
		{66CEB744-EB2A-4E41-B7CB-0215C54BF1EB}.PGUpdate|x64.Build.0 = Debug|x64
		{66CEB744-EB2A-4E41-B7CB-0215C54BF1EB}.PGUpdate|x86.ActiveCfg = Debug|Win32
		{66CEB744-EB2A-4E41-B7CB-0215C54BF1EB}.PGUpdate|x86.Build.0 = Debug|Win32
		{66CEB744-EB2A-4E41-B7CB-0215C54BF1EB}.Release|ARM.ActiveCfg = Release|Win32
		{66CEB744-EB2A-4E41-B7CB-0215C54BF1EB}.Release|ARM64.ActiveCfg = Release|Win32
		{66CEB744-EB2A-4E41-B7CB-0215C54BF1EB}.Release|x64.ActiveCfg = Release|x64
		{66CEB744-EB2A-4E41-B7CB-0215C54BF1EB}.Release|x64.Build.0 = Release|x64
		{66CEB744-EB2A-4E41-B7CB-0215C54BF1EB}.Release|x86.ActiveCfg = Release|Win32
		{66CEB744-EB2A-4E41-B7CB-0215C54BF1EB}.Release|x86.Build.0 = Release|Win32
	EndGlobalSection
	GlobalSection(SolutionProperties) = preSolution
		HideSolutionNode = FALSE
	EndGlobalSection
	GlobalSection(NestedProjects) = preSolution
		{DDD75A60-C33D-465F-B8E1-97A883B6493D} = {A2AB93F4-FC0F-4144-8E6C-CD2452E7FF35}
		{245CAC89-E8B1-4AB6-AF91-2DFD61ECF396} = {A2AB93F4-FC0F-4144-8E6C-CD2452E7FF35}
		{C2F0AE32-1609-4F23-898F-CA221CEAACC0} = {A2AB93F4-FC0F-4144-8E6C-CD2452E7FF35}
		{98D6AE72-22F4-4498-ACE5-21AD0B4ABF0A} = {39676FE3-FAFC-4B45-BEBF-AF1566CF6413}
		{5C880F2D-7324-41A0-9507-E45038C12186} = {39676FE3-FAFC-4B45-BEBF-AF1566CF6413}
		{A4FCE087-A1B8-4EA9-ABCC-A7A7AB22B985} = {39676FE3-FAFC-4B45-BEBF-AF1566CF6413}
		{5B129A8B-38B4-4C86-A997-3D788809C08F} = {E467D384-1AEC-4263-B85A-3ABB9AB2016C}
		{C3BA02AC-5EEF-4BE5-9531-6222CA6805DD} = {E467D384-1AEC-4263-B85A-3ABB9AB2016C}
		{B11D750F-CD1F-4A96-85CE-E69A5C5259F9} = {175CEE62-1CFF-4511-906B-92AA7558CC19}
		{CF7AC3D1-E2DF-41D2-BEA6-1E2556CDEA26} = {175CEE62-1CFF-4511-906B-92AA7558CC19}
	EndGlobalSection
	GlobalSection(ExtensibilityGlobals) = postSolution
		SolutionGuid = {FA340F36-13DB-45C8-80F0-CBE7F3B0D4BC}
	EndGlobalSection
EndGlobal
