
Microsoft Visual Studio Solution File, Format Version 12.00
# Visual Studio Version 17
VisualStudioVersion = 17.0.32014.148
MinimumVisualStudioVersion = 10.0.40219.1
Project("{8BC9CEB8-8B4A-11D0-8D11-00A0C91BC942}") = "Nodes", "..\..\src\Nodes\config\Nodes\Nodes.vcxproj", "{DDD75A60-C33D-465F-B8E1-97A883B6493D}"
EndProject
Project("{8BC9CEB8-8B4A-11D0-8D11-00A0C91BC942}") = "NdObject", "..\..\src\Nodes\config\NdObject\NdObject.vcxproj", "{245CAC89-E8B1-4AB6-AF91-2DFD61ECF396}"
EndProject
Project("{8BC9CEB8-8B4A-11D0-8D11-00A0C91BC942}") = "example", "..\..\src\Nodes\config\example\example.vcxproj", "{C2F0AE32-1609-4F23-898F-CA221CEAACC0}"
EndProject
Project("{2150E333-8FDC-42A3-9474-1A3956D46DE8}") = "Nodes-depricated", "Nodes-depricated", "{A2AB93F4-FC0F-4144-8E6C-CD2452E7FF35}"
EndProject
Project("{8BC9CEB8-8B4A-11D0-8D11-00A0C91BC942}") = "TypesLib", "..\..\src\Types\config\TypesLib\TypesLib.vcxproj", "{98D6AE72-22F4-4498-ACE5-21AD0B4ABF0A}"
EndProject
Project("{8BC9CEB8-8B4A-11D0-8D11-00A0C91BC942}") = "TypesExample", "..\..\src\Types\config\TypesExample\TypesExample.vcxproj", "{5C880F2D-7324-41A0-9507-E45038C12186}"
EndProject
Project("{8BC9CEB8-8B4A-11D0-8D11-00A0C91BC942}") = "TypesDll", "..\..\src\Types\config\TypesDll\TypesDll.vcxproj", "{A4FCE087-A1B8-4EA9-ABCC-A7A7AB22B985}"
EndProject
Project("{2150E333-8FDC-42A3-9474-1A3956D46DE8}") = "types", "types", "{39676FE3-FAFC-4B45-BEBF-AF1566CF6413}"
EndProject
Project("{8BC9CEB8-8B4A-11D0-8D11-00A0C91BC942}") = "nanovg", "..\..\src\nanovg\vs\nanovg.vcxproj", "{5B129A8B-38B4-4C86-A997-3D788809C08F}"
EndProject
Project("{8BC9CEB8-8B4A-11D0-8D11-00A0C91BC942}") = "exmpl", "..\..\src\nanovg\vs\exmpl.vcxproj", "{C3BA02AC-5EEF-4BE5-9531-6222CA6805DD}"
EndProject
Project("{2150E333-8FDC-42A3-9474-1A3956D46DE8}") = "nanovg", "nanovg", "{E467D384-1AEC-4263-B85A-3ABB9AB2016C}"
EndProject
Project("{8BC9CEB8-8B4A-11D0-8D11-00A0C91BC942}") = "python", "..\..\src\cpython\PCbuild\python.vcxproj", "{B11D750F-CD1F-4A96-85CE-E69A5C5259F9}"
EndProject
Project("{2150E333-8FDC-42A3-9474-1A3956D46DE8}") = "cpython", "cpython", "{175CEE62-1CFF-4511-906B-92AA7558CC19}"
EndProject
Project("{8BC9CEB8-8B4A-11D0-8D11-00A0C91BC942}") = "pythoncore", "..\..\src\cpython\PCbuild\pythoncore.vcxproj", "{CF7AC3D1-E2DF-41D2-BEA6-1E2556CDEA26}"
EndProject
Project("{2150E333-8FDC-42A3-9474-1A3956D46DE8}") = "NodesCore", "NodesCore", "{B3FF69DC-EED4-4EF1-8614-BB53A08EE8B6}"
EndProject
Project("{8BC9CEB8-8B4A-11D0-8D11-00A0C91BC942}") = "glew_static", "..\..\src\glew\build\vc12\glew_static.vcxproj", "{664E6F0D-6784-4760-9565-D54F8EB1EDF4}"
EndProject
Project("{8BC9CEB8-8B4A-11D0-8D11-00A0C91BC942}") = "Sci.vcxproj", "..\..\src\sci\config\Sci.vcxproj.vcxproj", "{D216D52E-8D4F-4E41-B703-1F6A609D09B3}"
EndProject
Project("{2150E333-8FDC-42A3-9474-1A3956D46DE8}") = "glew", "glew", "{BDDC6614-76E0-4213-A783-2BFC80656BD8}"
EndProject
Project("{2150E333-8FDC-42A3-9474-1A3956D46DE8}") = "sci", "sci", "{64A1AA21-7B88-4F4F-9938-79C60DFF77CF}"
EndProject
Project("{2150E333-8FDC-42A3-9474-1A3956D46DE8}") = "glfw", "glfw", "{09DF918A-120A-43CF-BEB9-96DBA95F21F7}"
EndProject
Project("{8BC9CEB8-8B4A-11D0-8D11-00A0C91BC942}") = "NodesCore", "..\..\src\Nodes-New\config\NodesCore.vcxproj", "{597A22C1-2727-4531-A4F3-2B9A46D7E807}"
EndProject
Project("{2150E333-8FDC-42A3-9474-1A3956D46DE8}") = "object", "object", "{F39AB442-DF97-42A0-B947-5A998EAA8E40}"
EndProject
Project("{2150E333-8FDC-42A3-9474-1A3956D46DE8}") = "extern", "extern", "{BA4DA89B-E8BD-4C84-9FAD-122FD1CA9F50}"
EndProject
Project("{8BC9CEB8-8B4A-11D0-8D11-00A0C91BC942}") = "Objects", "..\..\src\Objects\config\Objects.vcxproj", "{8A1B6AAD-C516-4B51-A93E-6D7B23D449FD}"
EndProject
Project("{2150E333-8FDC-42A3-9474-1A3956D46DE8}") = "lalr", "lalr", "{07CEC07E-7236-4FA8-B8F7-F97756ABD851}"
EndProject
Project("{8BC9CEB8-8B4A-11D0-8D11-00A0C91BC942}") = "lalr", "..\..\src\lalr\config\lalr.vcxproj", "{71DC0C80-A394-46C8-88E9-82976355EC68}"
EndProject
Project("{8BC9CEB8-8B4A-11D0-8D11-00A0C91BC942}") = "glfw", "..\..\src\glfw\config\src\glfw.vcxproj", "{8FB23769-990F-3014-9D36-CD40B93CF151}"
EndProject
Project("{2150E333-8FDC-42A3-9474-1A3956D46DE8}") = "language", "language", "{8CC5B08C-861A-4C9F-81CB-FB739F501017}"
EndProject
Project("{2150E333-8FDC-42A3-9474-1A3956D46DE8}") = "intern", "intern", "{5F59533A-6A79-4C7F-817A-14F96E478D67}"
EndProject
Project("{2150E333-8FDC-42A3-9474-1A3956D46DE8}") = "archive", "archive", "{D8C4EC8E-1DEA-4A77-8045-FEC97FF42660}"
EndProject
Project("{2150E333-8FDC-42A3-9474-1A3956D46DE8}") = "applications", "applications", "{ACEE2C24-4E6B-4C9D-A2D8-F28B4FFB2739}"
EndProject
Project("{8BC9CEB8-8B4A-11D0-8D11-00A0C91BC942}") = "language", "..\..\src\language\config\language.vcxproj", "{DB4A2B4E-3128-4EE3-90D3-B9834B7CC8E5}"
EndProject
Project("{8BC9CEB8-8B4A-11D0-8D11-00A0C91BC942}") = "exmpl", "..\..\src\language\config\exmpl.vcxproj", "{944664A0-1EC6-4B81-8816-A660958FA872}"
EndProject
Global
	GlobalSection(SolutionConfigurationPlatforms) = preSolution
		Debug|ARM = Debug|ARM
		Debug|ARM64 = Debug|ARM64
		Debug|x64 = Debug|x64
		Debug|x86 = Debug|x86
		MinSizeRel|ARM = MinSizeRel|ARM
		MinSizeRel|ARM64 = MinSizeRel|ARM64
		MinSizeRel|x64 = MinSizeRel|x64
		MinSizeRel|x86 = MinSizeRel|x86
		PGInstrument|ARM = PGInstrument|ARM
		PGInstrument|ARM64 = PGInstrument|ARM64
		PGInstrument|x64 = PGInstrument|x64
		PGInstrument|x86 = PGInstrument|x86
		PGUpdate|ARM = PGUpdate|ARM
		PGUpdate|ARM64 = PGUpdate|ARM64
		PGUpdate|x64 = PGUpdate|x64
		PGUpdate|x86 = PGUpdate|x86
		Release|ARM = Release|ARM
		Release|ARM64 = Release|ARM64
		Release|x64 = Release|x64
		Release|x86 = Release|x86
		Release-expl|ARM = Release-expl|ARM
		Release-expl|ARM64 = Release-expl|ARM64
		Release-expl|x64 = Release-expl|x64
		Release-expl|x86 = Release-expl|x86
		RelWithDebInfo|ARM = RelWithDebInfo|ARM
		RelWithDebInfo|ARM64 = RelWithDebInfo|ARM64
		RelWithDebInfo|x64 = RelWithDebInfo|x64
		RelWithDebInfo|x86 = RelWithDebInfo|x86
	EndGlobalSection
	GlobalSection(ProjectConfigurationPlatforms) = postSolution
		{DDD75A60-C33D-465F-B8E1-97A883B6493D}.Debug|ARM.ActiveCfg = Debug|Win32
		{DDD75A60-C33D-465F-B8E1-97A883B6493D}.Debug|ARM64.ActiveCfg = Debug|Win32
		{DDD75A60-C33D-465F-B8E1-97A883B6493D}.Debug|x64.ActiveCfg = Debug|x64
		{DDD75A60-C33D-465F-B8E1-97A883B6493D}.Debug|x64.Build.0 = Debug|x64
		{DDD75A60-C33D-465F-B8E1-97A883B6493D}.Debug|x86.ActiveCfg = Debug|Win32
		{DDD75A60-C33D-465F-B8E1-97A883B6493D}.Debug|x86.Build.0 = Debug|Win32
		{DDD75A60-C33D-465F-B8E1-97A883B6493D}.MinSizeRel|ARM.ActiveCfg = Release-expl|Win32
		{DDD75A60-C33D-465F-B8E1-97A883B6493D}.MinSizeRel|ARM.Build.0 = Release-expl|Win32
		{DDD75A60-C33D-465F-B8E1-97A883B6493D}.MinSizeRel|ARM64.ActiveCfg = Release-expl|Win32
		{DDD75A60-C33D-465F-B8E1-97A883B6493D}.MinSizeRel|ARM64.Build.0 = Release-expl|Win32
		{DDD75A60-C33D-465F-B8E1-97A883B6493D}.MinSizeRel|x64.ActiveCfg = Release-expl|x64
		{DDD75A60-C33D-465F-B8E1-97A883B6493D}.MinSizeRel|x64.Build.0 = Release-expl|x64
		{DDD75A60-C33D-465F-B8E1-97A883B6493D}.MinSizeRel|x86.ActiveCfg = Release-expl|Win32
		{DDD75A60-C33D-465F-B8E1-97A883B6493D}.MinSizeRel|x86.Build.0 = Release-expl|Win32
		{DDD75A60-C33D-465F-B8E1-97A883B6493D}.PGInstrument|ARM.ActiveCfg = Debug|Win32
		{DDD75A60-C33D-465F-B8E1-97A883B6493D}.PGInstrument|ARM.Build.0 = Debug|Win32
		{DDD75A60-C33D-465F-B8E1-97A883B6493D}.PGInstrument|ARM64.ActiveCfg = Debug|Win32
		{DDD75A60-C33D-465F-B8E1-97A883B6493D}.PGInstrument|ARM64.Build.0 = Debug|Win32
		{DDD75A60-C33D-465F-B8E1-97A883B6493D}.PGInstrument|x64.ActiveCfg = Debug|x64
		{DDD75A60-C33D-465F-B8E1-97A883B6493D}.PGInstrument|x64.Build.0 = Debug|x64
		{DDD75A60-C33D-465F-B8E1-97A883B6493D}.PGInstrument|x86.ActiveCfg = Debug|Win32
		{DDD75A60-C33D-465F-B8E1-97A883B6493D}.PGInstrument|x86.Build.0 = Debug|Win32
		{DDD75A60-C33D-465F-B8E1-97A883B6493D}.PGUpdate|ARM.ActiveCfg = Debug|Win32
		{DDD75A60-C33D-465F-B8E1-97A883B6493D}.PGUpdate|ARM.Build.0 = Debug|Win32
		{DDD75A60-C33D-465F-B8E1-97A883B6493D}.PGUpdate|ARM64.ActiveCfg = Debug|Win32
		{DDD75A60-C33D-465F-B8E1-97A883B6493D}.PGUpdate|ARM64.Build.0 = Debug|Win32
		{DDD75A60-C33D-465F-B8E1-97A883B6493D}.PGUpdate|x64.ActiveCfg = Debug|x64
		{DDD75A60-C33D-465F-B8E1-97A883B6493D}.PGUpdate|x64.Build.0 = Debug|x64
		{DDD75A60-C33D-465F-B8E1-97A883B6493D}.PGUpdate|x86.ActiveCfg = Debug|Win32
		{DDD75A60-C33D-465F-B8E1-97A883B6493D}.PGUpdate|x86.Build.0 = Debug|Win32
		{DDD75A60-C33D-465F-B8E1-97A883B6493D}.Release|ARM.ActiveCfg = Release|Win32
		{DDD75A60-C33D-465F-B8E1-97A883B6493D}.Release|ARM64.ActiveCfg = Release|Win32
		{DDD75A60-C33D-465F-B8E1-97A883B6493D}.Release|x64.ActiveCfg = Release|x64
		{DDD75A60-C33D-465F-B8E1-97A883B6493D}.Release|x64.Build.0 = Release|x64
		{DDD75A60-C33D-465F-B8E1-97A883B6493D}.Release|x86.ActiveCfg = Release|Win32
		{DDD75A60-C33D-465F-B8E1-97A883B6493D}.Release|x86.Build.0 = Release|Win32
		{DDD75A60-C33D-465F-B8E1-97A883B6493D}.Release-expl|ARM.ActiveCfg = Release-expl|x64
		{DDD75A60-C33D-465F-B8E1-97A883B6493D}.Release-expl|ARM.Build.0 = Release-expl|x64
		{DDD75A60-C33D-465F-B8E1-97A883B6493D}.Release-expl|ARM64.ActiveCfg = Release-expl|x64
		{DDD75A60-C33D-465F-B8E1-97A883B6493D}.Release-expl|ARM64.Build.0 = Release-expl|x64
		{DDD75A60-C33D-465F-B8E1-97A883B6493D}.Release-expl|x64.ActiveCfg = Release-expl|x64
		{DDD75A60-C33D-465F-B8E1-97A883B6493D}.Release-expl|x64.Build.0 = Release-expl|x64
		{DDD75A60-C33D-465F-B8E1-97A883B6493D}.Release-expl|x86.ActiveCfg = Release-expl|Win32
		{DDD75A60-C33D-465F-B8E1-97A883B6493D}.Release-expl|x86.Build.0 = Release-expl|Win32
		{DDD75A60-C33D-465F-B8E1-97A883B6493D}.RelWithDebInfo|ARM.ActiveCfg = Release-expl|Win32
		{DDD75A60-C33D-465F-B8E1-97A883B6493D}.RelWithDebInfo|ARM.Build.0 = Release-expl|Win32
		{DDD75A60-C33D-465F-B8E1-97A883B6493D}.RelWithDebInfo|ARM64.ActiveCfg = Release-expl|Win32
		{DDD75A60-C33D-465F-B8E1-97A883B6493D}.RelWithDebInfo|ARM64.Build.0 = Release-expl|Win32
		{DDD75A60-C33D-465F-B8E1-97A883B6493D}.RelWithDebInfo|x64.ActiveCfg = Release-expl|x64
		{DDD75A60-C33D-465F-B8E1-97A883B6493D}.RelWithDebInfo|x64.Build.0 = Release-expl|x64
		{DDD75A60-C33D-465F-B8E1-97A883B6493D}.RelWithDebInfo|x86.ActiveCfg = Release-expl|Win32
		{DDD75A60-C33D-465F-B8E1-97A883B6493D}.RelWithDebInfo|x86.Build.0 = Release-expl|Win32
		{245CAC89-E8B1-4AB6-AF91-2DFD61ECF396}.Debug|ARM.ActiveCfg = Debug|Win32
		{245CAC89-E8B1-4AB6-AF91-2DFD61ECF396}.Debug|ARM64.ActiveCfg = Debug|Win32
		{245CAC89-E8B1-4AB6-AF91-2DFD61ECF396}.Debug|x64.ActiveCfg = Debug|x64
		{245CAC89-E8B1-4AB6-AF91-2DFD61ECF396}.Debug|x64.Build.0 = Debug|x64
		{245CAC89-E8B1-4AB6-AF91-2DFD61ECF396}.Debug|x86.ActiveCfg = Debug|Win32
		{245CAC89-E8B1-4AB6-AF91-2DFD61ECF396}.Debug|x86.Build.0 = Debug|Win32
		{245CAC89-E8B1-4AB6-AF91-2DFD61ECF396}.MinSizeRel|ARM.ActiveCfg = Release-expl|Win32
		{245CAC89-E8B1-4AB6-AF91-2DFD61ECF396}.MinSizeRel|ARM.Build.0 = Release-expl|Win32
		{245CAC89-E8B1-4AB6-AF91-2DFD61ECF396}.MinSizeRel|ARM64.ActiveCfg = Release-expl|Win32
		{245CAC89-E8B1-4AB6-AF91-2DFD61ECF396}.MinSizeRel|ARM64.Build.0 = Release-expl|Win32
		{245CAC89-E8B1-4AB6-AF91-2DFD61ECF396}.MinSizeRel|x64.ActiveCfg = Release-expl|x64
		{245CAC89-E8B1-4AB6-AF91-2DFD61ECF396}.MinSizeRel|x64.Build.0 = Release-expl|x64
		{245CAC89-E8B1-4AB6-AF91-2DFD61ECF396}.MinSizeRel|x86.ActiveCfg = Release-expl|Win32
		{245CAC89-E8B1-4AB6-AF91-2DFD61ECF396}.MinSizeRel|x86.Build.0 = Release-expl|Win32
		{245CAC89-E8B1-4AB6-AF91-2DFD61ECF396}.PGInstrument|ARM.ActiveCfg = Debug|Win32
		{245CAC89-E8B1-4AB6-AF91-2DFD61ECF396}.PGInstrument|ARM.Build.0 = Debug|Win32
		{245CAC89-E8B1-4AB6-AF91-2DFD61ECF396}.PGInstrument|ARM64.ActiveCfg = Debug|Win32
		{245CAC89-E8B1-4AB6-AF91-2DFD61ECF396}.PGInstrument|ARM64.Build.0 = Debug|Win32
		{245CAC89-E8B1-4AB6-AF91-2DFD61ECF396}.PGInstrument|x64.ActiveCfg = Debug|x64
		{245CAC89-E8B1-4AB6-AF91-2DFD61ECF396}.PGInstrument|x64.Build.0 = Debug|x64
		{245CAC89-E8B1-4AB6-AF91-2DFD61ECF396}.PGInstrument|x86.ActiveCfg = Debug|Win32
		{245CAC89-E8B1-4AB6-AF91-2DFD61ECF396}.PGInstrument|x86.Build.0 = Debug|Win32
		{245CAC89-E8B1-4AB6-AF91-2DFD61ECF396}.PGUpdate|ARM.ActiveCfg = Debug|Win32
		{245CAC89-E8B1-4AB6-AF91-2DFD61ECF396}.PGUpdate|ARM.Build.0 = Debug|Win32
		{245CAC89-E8B1-4AB6-AF91-2DFD61ECF396}.PGUpdate|ARM64.ActiveCfg = Debug|Win32
		{245CAC89-E8B1-4AB6-AF91-2DFD61ECF396}.PGUpdate|ARM64.Build.0 = Debug|Win32
		{245CAC89-E8B1-4AB6-AF91-2DFD61ECF396}.PGUpdate|x64.ActiveCfg = Debug|x64
		{245CAC89-E8B1-4AB6-AF91-2DFD61ECF396}.PGUpdate|x64.Build.0 = Debug|x64
		{245CAC89-E8B1-4AB6-AF91-2DFD61ECF396}.PGUpdate|x86.ActiveCfg = Debug|Win32
		{245CAC89-E8B1-4AB6-AF91-2DFD61ECF396}.PGUpdate|x86.Build.0 = Debug|Win32
		{245CAC89-E8B1-4AB6-AF91-2DFD61ECF396}.Release|ARM.ActiveCfg = Release|Win32
		{245CAC89-E8B1-4AB6-AF91-2DFD61ECF396}.Release|ARM64.ActiveCfg = Release|Win32
		{245CAC89-E8B1-4AB6-AF91-2DFD61ECF396}.Release|x64.ActiveCfg = Release|x64
		{245CAC89-E8B1-4AB6-AF91-2DFD61ECF396}.Release|x64.Build.0 = Release|x64
		{245CAC89-E8B1-4AB6-AF91-2DFD61ECF396}.Release|x86.ActiveCfg = Release|Win32
		{245CAC89-E8B1-4AB6-AF91-2DFD61ECF396}.Release|x86.Build.0 = Release|Win32
		{245CAC89-E8B1-4AB6-AF91-2DFD61ECF396}.Release-expl|ARM.ActiveCfg = Release-expl|x64
		{245CAC89-E8B1-4AB6-AF91-2DFD61ECF396}.Release-expl|ARM.Build.0 = Release-expl|x64
		{245CAC89-E8B1-4AB6-AF91-2DFD61ECF396}.Release-expl|ARM64.ActiveCfg = Release-expl|x64
		{245CAC89-E8B1-4AB6-AF91-2DFD61ECF396}.Release-expl|ARM64.Build.0 = Release-expl|x64
		{245CAC89-E8B1-4AB6-AF91-2DFD61ECF396}.Release-expl|x64.ActiveCfg = Release-expl|x64
		{245CAC89-E8B1-4AB6-AF91-2DFD61ECF396}.Release-expl|x64.Build.0 = Release-expl|x64
		{245CAC89-E8B1-4AB6-AF91-2DFD61ECF396}.Release-expl|x86.ActiveCfg = Release-expl|Win32
		{245CAC89-E8B1-4AB6-AF91-2DFD61ECF396}.Release-expl|x86.Build.0 = Release-expl|Win32
		{245CAC89-E8B1-4AB6-AF91-2DFD61ECF396}.RelWithDebInfo|ARM.ActiveCfg = Release-expl|Win32
		{245CAC89-E8B1-4AB6-AF91-2DFD61ECF396}.RelWithDebInfo|ARM.Build.0 = Release-expl|Win32
		{245CAC89-E8B1-4AB6-AF91-2DFD61ECF396}.RelWithDebInfo|ARM64.ActiveCfg = Release-expl|Win32
		{245CAC89-E8B1-4AB6-AF91-2DFD61ECF396}.RelWithDebInfo|ARM64.Build.0 = Release-expl|Win32
		{245CAC89-E8B1-4AB6-AF91-2DFD61ECF396}.RelWithDebInfo|x64.ActiveCfg = Release-expl|x64
		{245CAC89-E8B1-4AB6-AF91-2DFD61ECF396}.RelWithDebInfo|x64.Build.0 = Release-expl|x64
		{245CAC89-E8B1-4AB6-AF91-2DFD61ECF396}.RelWithDebInfo|x86.ActiveCfg = Release-expl|Win32
		{245CAC89-E8B1-4AB6-AF91-2DFD61ECF396}.RelWithDebInfo|x86.Build.0 = Release-expl|Win32
		{C2F0AE32-1609-4F23-898F-CA221CEAACC0}.Debug|ARM.ActiveCfg = Debug|Win32
		{C2F0AE32-1609-4F23-898F-CA221CEAACC0}.Debug|ARM64.ActiveCfg = Debug|Win32
		{C2F0AE32-1609-4F23-898F-CA221CEAACC0}.Debug|x64.ActiveCfg = Debug|x64
		{C2F0AE32-1609-4F23-898F-CA221CEAACC0}.Debug|x64.Build.0 = Debug|x64
		{C2F0AE32-1609-4F23-898F-CA221CEAACC0}.Debug|x86.ActiveCfg = Debug|Win32
		{C2F0AE32-1609-4F23-898F-CA221CEAACC0}.Debug|x86.Build.0 = Debug|Win32
		{C2F0AE32-1609-4F23-898F-CA221CEAACC0}.MinSizeRel|ARM.ActiveCfg = Release-expl|Win32
		{C2F0AE32-1609-4F23-898F-CA221CEAACC0}.MinSizeRel|ARM.Build.0 = Release-expl|Win32
		{C2F0AE32-1609-4F23-898F-CA221CEAACC0}.MinSizeRel|ARM64.ActiveCfg = Release-expl|Win32
		{C2F0AE32-1609-4F23-898F-CA221CEAACC0}.MinSizeRel|ARM64.Build.0 = Release-expl|Win32
		{C2F0AE32-1609-4F23-898F-CA221CEAACC0}.MinSizeRel|x64.ActiveCfg = Release-expl|x64
		{C2F0AE32-1609-4F23-898F-CA221CEAACC0}.MinSizeRel|x64.Build.0 = Release-expl|x64
		{C2F0AE32-1609-4F23-898F-CA221CEAACC0}.MinSizeRel|x86.ActiveCfg = Release-expl|Win32
		{C2F0AE32-1609-4F23-898F-CA221CEAACC0}.MinSizeRel|x86.Build.0 = Release-expl|Win32
		{C2F0AE32-1609-4F23-898F-CA221CEAACC0}.PGInstrument|ARM.ActiveCfg = Debug|Win32
		{C2F0AE32-1609-4F23-898F-CA221CEAACC0}.PGInstrument|ARM.Build.0 = Debug|Win32
		{C2F0AE32-1609-4F23-898F-CA221CEAACC0}.PGInstrument|ARM64.ActiveCfg = Debug|Win32
		{C2F0AE32-1609-4F23-898F-CA221CEAACC0}.PGInstrument|ARM64.Build.0 = Debug|Win32
		{C2F0AE32-1609-4F23-898F-CA221CEAACC0}.PGInstrument|x64.ActiveCfg = Debug|x64
		{C2F0AE32-1609-4F23-898F-CA221CEAACC0}.PGInstrument|x64.Build.0 = Debug|x64
		{C2F0AE32-1609-4F23-898F-CA221CEAACC0}.PGInstrument|x86.ActiveCfg = Debug|Win32
		{C2F0AE32-1609-4F23-898F-CA221CEAACC0}.PGInstrument|x86.Build.0 = Debug|Win32
		{C2F0AE32-1609-4F23-898F-CA221CEAACC0}.PGUpdate|ARM.ActiveCfg = Debug|Win32
		{C2F0AE32-1609-4F23-898F-CA221CEAACC0}.PGUpdate|ARM.Build.0 = Debug|Win32
		{C2F0AE32-1609-4F23-898F-CA221CEAACC0}.PGUpdate|ARM64.ActiveCfg = Debug|Win32
		{C2F0AE32-1609-4F23-898F-CA221CEAACC0}.PGUpdate|ARM64.Build.0 = Debug|Win32
		{C2F0AE32-1609-4F23-898F-CA221CEAACC0}.PGUpdate|x64.ActiveCfg = Debug|x64
		{C2F0AE32-1609-4F23-898F-CA221CEAACC0}.PGUpdate|x64.Build.0 = Debug|x64
		{C2F0AE32-1609-4F23-898F-CA221CEAACC0}.PGUpdate|x86.ActiveCfg = Debug|Win32
		{C2F0AE32-1609-4F23-898F-CA221CEAACC0}.PGUpdate|x86.Build.0 = Debug|Win32
		{C2F0AE32-1609-4F23-898F-CA221CEAACC0}.Release|ARM.ActiveCfg = Release|Win32
		{C2F0AE32-1609-4F23-898F-CA221CEAACC0}.Release|ARM64.ActiveCfg = Release|Win32
		{C2F0AE32-1609-4F23-898F-CA221CEAACC0}.Release|x64.ActiveCfg = Release|x64
		{C2F0AE32-1609-4F23-898F-CA221CEAACC0}.Release|x64.Build.0 = Release|x64
		{C2F0AE32-1609-4F23-898F-CA221CEAACC0}.Release|x86.ActiveCfg = Release|Win32
		{C2F0AE32-1609-4F23-898F-CA221CEAACC0}.Release|x86.Build.0 = Release|Win32
		{C2F0AE32-1609-4F23-898F-CA221CEAACC0}.Release-expl|ARM.ActiveCfg = Release-expl|x64
		{C2F0AE32-1609-4F23-898F-CA221CEAACC0}.Release-expl|ARM.Build.0 = Release-expl|x64
		{C2F0AE32-1609-4F23-898F-CA221CEAACC0}.Release-expl|ARM64.ActiveCfg = Release-expl|x64
		{C2F0AE32-1609-4F23-898F-CA221CEAACC0}.Release-expl|ARM64.Build.0 = Release-expl|x64
		{C2F0AE32-1609-4F23-898F-CA221CEAACC0}.Release-expl|x64.ActiveCfg = Release-expl|x64
		{C2F0AE32-1609-4F23-898F-CA221CEAACC0}.Release-expl|x64.Build.0 = Release-expl|x64
		{C2F0AE32-1609-4F23-898F-CA221CEAACC0}.Release-expl|x86.ActiveCfg = Release-expl|Win32
		{C2F0AE32-1609-4F23-898F-CA221CEAACC0}.Release-expl|x86.Build.0 = Release-expl|Win32
		{C2F0AE32-1609-4F23-898F-CA221CEAACC0}.RelWithDebInfo|ARM.ActiveCfg = Release-expl|Win32
		{C2F0AE32-1609-4F23-898F-CA221CEAACC0}.RelWithDebInfo|ARM.Build.0 = Release-expl|Win32
		{C2F0AE32-1609-4F23-898F-CA221CEAACC0}.RelWithDebInfo|ARM64.ActiveCfg = Release-expl|Win32
		{C2F0AE32-1609-4F23-898F-CA221CEAACC0}.RelWithDebInfo|ARM64.Build.0 = Release-expl|Win32
		{C2F0AE32-1609-4F23-898F-CA221CEAACC0}.RelWithDebInfo|x64.ActiveCfg = Release-expl|x64
		{C2F0AE32-1609-4F23-898F-CA221CEAACC0}.RelWithDebInfo|x64.Build.0 = Release-expl|x64
		{C2F0AE32-1609-4F23-898F-CA221CEAACC0}.RelWithDebInfo|x86.ActiveCfg = Release-expl|Win32
		{C2F0AE32-1609-4F23-898F-CA221CEAACC0}.RelWithDebInfo|x86.Build.0 = Release-expl|Win32
		{98D6AE72-22F4-4498-ACE5-21AD0B4ABF0A}.Debug|ARM.ActiveCfg = Debug|Win32
		{98D6AE72-22F4-4498-ACE5-21AD0B4ABF0A}.Debug|ARM64.ActiveCfg = Debug|Win32
		{98D6AE72-22F4-4498-ACE5-21AD0B4ABF0A}.Debug|x64.ActiveCfg = Debug|x64
		{98D6AE72-22F4-4498-ACE5-21AD0B4ABF0A}.Debug|x64.Build.0 = Debug|x64
		{98D6AE72-22F4-4498-ACE5-21AD0B4ABF0A}.Debug|x86.ActiveCfg = Debug|Win32
		{98D6AE72-22F4-4498-ACE5-21AD0B4ABF0A}.Debug|x86.Build.0 = Debug|Win32
		{98D6AE72-22F4-4498-ACE5-21AD0B4ABF0A}.MinSizeRel|ARM.ActiveCfg = Release-expl|Win32
		{98D6AE72-22F4-4498-ACE5-21AD0B4ABF0A}.MinSizeRel|ARM.Build.0 = Release-expl|Win32
		{98D6AE72-22F4-4498-ACE5-21AD0B4ABF0A}.MinSizeRel|ARM64.ActiveCfg = Release-expl|Win32
		{98D6AE72-22F4-4498-ACE5-21AD0B4ABF0A}.MinSizeRel|ARM64.Build.0 = Release-expl|Win32
		{98D6AE72-22F4-4498-ACE5-21AD0B4ABF0A}.MinSizeRel|x64.ActiveCfg = Release-expl|x64
		{98D6AE72-22F4-4498-ACE5-21AD0B4ABF0A}.MinSizeRel|x64.Build.0 = Release-expl|x64
		{98D6AE72-22F4-4498-ACE5-21AD0B4ABF0A}.MinSizeRel|x86.ActiveCfg = Release-expl|Win32
		{98D6AE72-22F4-4498-ACE5-21AD0B4ABF0A}.MinSizeRel|x86.Build.0 = Release-expl|Win32
		{98D6AE72-22F4-4498-ACE5-21AD0B4ABF0A}.PGInstrument|ARM.ActiveCfg = Debug|Win32
		{98D6AE72-22F4-4498-ACE5-21AD0B4ABF0A}.PGInstrument|ARM.Build.0 = Debug|Win32
		{98D6AE72-22F4-4498-ACE5-21AD0B4ABF0A}.PGInstrument|ARM64.ActiveCfg = Debug|Win32
		{98D6AE72-22F4-4498-ACE5-21AD0B4ABF0A}.PGInstrument|ARM64.Build.0 = Debug|Win32
		{98D6AE72-22F4-4498-ACE5-21AD0B4ABF0A}.PGInstrument|x64.ActiveCfg = Debug|x64
		{98D6AE72-22F4-4498-ACE5-21AD0B4ABF0A}.PGInstrument|x64.Build.0 = Debug|x64
		{98D6AE72-22F4-4498-ACE5-21AD0B4ABF0A}.PGInstrument|x86.ActiveCfg = Debug|Win32
		{98D6AE72-22F4-4498-ACE5-21AD0B4ABF0A}.PGInstrument|x86.Build.0 = Debug|Win32
		{98D6AE72-22F4-4498-ACE5-21AD0B4ABF0A}.PGUpdate|ARM.ActiveCfg = Debug|Win32
		{98D6AE72-22F4-4498-ACE5-21AD0B4ABF0A}.PGUpdate|ARM.Build.0 = Debug|Win32
		{98D6AE72-22F4-4498-ACE5-21AD0B4ABF0A}.PGUpdate|ARM64.ActiveCfg = Debug|Win32
		{98D6AE72-22F4-4498-ACE5-21AD0B4ABF0A}.PGUpdate|ARM64.Build.0 = Debug|Win32
		{98D6AE72-22F4-4498-ACE5-21AD0B4ABF0A}.PGUpdate|x64.ActiveCfg = Debug|x64
		{98D6AE72-22F4-4498-ACE5-21AD0B4ABF0A}.PGUpdate|x64.Build.0 = Debug|x64
		{98D6AE72-22F4-4498-ACE5-21AD0B4ABF0A}.PGUpdate|x86.ActiveCfg = Debug|Win32
		{98D6AE72-22F4-4498-ACE5-21AD0B4ABF0A}.PGUpdate|x86.Build.0 = Debug|Win32
		{98D6AE72-22F4-4498-ACE5-21AD0B4ABF0A}.Release|ARM.ActiveCfg = Release|Win32
		{98D6AE72-22F4-4498-ACE5-21AD0B4ABF0A}.Release|ARM64.ActiveCfg = Release|Win32
		{98D6AE72-22F4-4498-ACE5-21AD0B4ABF0A}.Release|x64.ActiveCfg = Release|x64
		{98D6AE72-22F4-4498-ACE5-21AD0B4ABF0A}.Release|x64.Build.0 = Release|x64
		{98D6AE72-22F4-4498-ACE5-21AD0B4ABF0A}.Release|x86.ActiveCfg = Release|Win32
		{98D6AE72-22F4-4498-ACE5-21AD0B4ABF0A}.Release|x86.Build.0 = Release|Win32
		{98D6AE72-22F4-4498-ACE5-21AD0B4ABF0A}.Release-expl|ARM.ActiveCfg = Release-expl|x64
		{98D6AE72-22F4-4498-ACE5-21AD0B4ABF0A}.Release-expl|ARM.Build.0 = Release-expl|x64
		{98D6AE72-22F4-4498-ACE5-21AD0B4ABF0A}.Release-expl|ARM64.ActiveCfg = Release-expl|x64
		{98D6AE72-22F4-4498-ACE5-21AD0B4ABF0A}.Release-expl|ARM64.Build.0 = Release-expl|x64
		{98D6AE72-22F4-4498-ACE5-21AD0B4ABF0A}.Release-expl|x64.ActiveCfg = Release-expl|x64
		{98D6AE72-22F4-4498-ACE5-21AD0B4ABF0A}.Release-expl|x64.Build.0 = Release-expl|x64
		{98D6AE72-22F4-4498-ACE5-21AD0B4ABF0A}.Release-expl|x86.ActiveCfg = Release-expl|Win32
		{98D6AE72-22F4-4498-ACE5-21AD0B4ABF0A}.Release-expl|x86.Build.0 = Release-expl|Win32
		{98D6AE72-22F4-4498-ACE5-21AD0B4ABF0A}.RelWithDebInfo|ARM.ActiveCfg = Release-expl|Win32
		{98D6AE72-22F4-4498-ACE5-21AD0B4ABF0A}.RelWithDebInfo|ARM.Build.0 = Release-expl|Win32
		{98D6AE72-22F4-4498-ACE5-21AD0B4ABF0A}.RelWithDebInfo|ARM64.ActiveCfg = Release-expl|Win32
		{98D6AE72-22F4-4498-ACE5-21AD0B4ABF0A}.RelWithDebInfo|ARM64.Build.0 = Release-expl|Win32
		{98D6AE72-22F4-4498-ACE5-21AD0B4ABF0A}.RelWithDebInfo|x64.ActiveCfg = Release-expl|x64
		{98D6AE72-22F4-4498-ACE5-21AD0B4ABF0A}.RelWithDebInfo|x64.Build.0 = Release-expl|x64
		{98D6AE72-22F4-4498-ACE5-21AD0B4ABF0A}.RelWithDebInfo|x86.ActiveCfg = Release-expl|Win32
		{98D6AE72-22F4-4498-ACE5-21AD0B4ABF0A}.RelWithDebInfo|x86.Build.0 = Release-expl|Win32
		{5C880F2D-7324-41A0-9507-E45038C12186}.Debug|ARM.ActiveCfg = Debug|Win32
		{5C880F2D-7324-41A0-9507-E45038C12186}.Debug|ARM64.ActiveCfg = Debug|Win32
		{5C880F2D-7324-41A0-9507-E45038C12186}.Debug|x64.ActiveCfg = Debug|x64
		{5C880F2D-7324-41A0-9507-E45038C12186}.Debug|x64.Build.0 = Debug|x64
		{5C880F2D-7324-41A0-9507-E45038C12186}.Debug|x86.ActiveCfg = Debug|Win32
		{5C880F2D-7324-41A0-9507-E45038C12186}.Debug|x86.Build.0 = Debug|Win32
		{5C880F2D-7324-41A0-9507-E45038C12186}.MinSizeRel|ARM.ActiveCfg = Release-expl|Win32
		{5C880F2D-7324-41A0-9507-E45038C12186}.MinSizeRel|ARM.Build.0 = Release-expl|Win32
		{5C880F2D-7324-41A0-9507-E45038C12186}.MinSizeRel|ARM64.ActiveCfg = Release-expl|Win32
		{5C880F2D-7324-41A0-9507-E45038C12186}.MinSizeRel|ARM64.Build.0 = Release-expl|Win32
		{5C880F2D-7324-41A0-9507-E45038C12186}.MinSizeRel|x64.ActiveCfg = Release-expl|x64
		{5C880F2D-7324-41A0-9507-E45038C12186}.MinSizeRel|x64.Build.0 = Release-expl|x64
		{5C880F2D-7324-41A0-9507-E45038C12186}.MinSizeRel|x86.ActiveCfg = Release-expl|Win32
		{5C880F2D-7324-41A0-9507-E45038C12186}.MinSizeRel|x86.Build.0 = Release-expl|Win32
		{5C880F2D-7324-41A0-9507-E45038C12186}.PGInstrument|ARM.ActiveCfg = Debug|Win32
		{5C880F2D-7324-41A0-9507-E45038C12186}.PGInstrument|ARM.Build.0 = Debug|Win32
		{5C880F2D-7324-41A0-9507-E45038C12186}.PGInstrument|ARM64.ActiveCfg = Debug|Win32
		{5C880F2D-7324-41A0-9507-E45038C12186}.PGInstrument|ARM64.Build.0 = Debug|Win32
		{5C880F2D-7324-41A0-9507-E45038C12186}.PGInstrument|x64.ActiveCfg = Debug|x64
		{5C880F2D-7324-41A0-9507-E45038C12186}.PGInstrument|x64.Build.0 = Debug|x64
		{5C880F2D-7324-41A0-9507-E45038C12186}.PGInstrument|x86.ActiveCfg = Debug|Win32
		{5C880F2D-7324-41A0-9507-E45038C12186}.PGInstrument|x86.Build.0 = Debug|Win32
		{5C880F2D-7324-41A0-9507-E45038C12186}.PGUpdate|ARM.ActiveCfg = Debug|Win32
		{5C880F2D-7324-41A0-9507-E45038C12186}.PGUpdate|ARM.Build.0 = Debug|Win32
		{5C880F2D-7324-41A0-9507-E45038C12186}.PGUpdate|ARM64.ActiveCfg = Debug|Win32
		{5C880F2D-7324-41A0-9507-E45038C12186}.PGUpdate|ARM64.Build.0 = Debug|Win32
		{5C880F2D-7324-41A0-9507-E45038C12186}.PGUpdate|x64.ActiveCfg = Debug|x64
		{5C880F2D-7324-41A0-9507-E45038C12186}.PGUpdate|x64.Build.0 = Debug|x64
		{5C880F2D-7324-41A0-9507-E45038C12186}.PGUpdate|x86.ActiveCfg = Debug|Win32
		{5C880F2D-7324-41A0-9507-E45038C12186}.PGUpdate|x86.Build.0 = Debug|Win32
		{5C880F2D-7324-41A0-9507-E45038C12186}.Release|ARM.ActiveCfg = Release|Win32
		{5C880F2D-7324-41A0-9507-E45038C12186}.Release|ARM64.ActiveCfg = Release|Win32
		{5C880F2D-7324-41A0-9507-E45038C12186}.Release|x64.ActiveCfg = Release|x64
		{5C880F2D-7324-41A0-9507-E45038C12186}.Release|x64.Build.0 = Release|x64
		{5C880F2D-7324-41A0-9507-E45038C12186}.Release|x86.ActiveCfg = Release|Win32
		{5C880F2D-7324-41A0-9507-E45038C12186}.Release|x86.Build.0 = Release|Win32
		{5C880F2D-7324-41A0-9507-E45038C12186}.Release-expl|ARM.ActiveCfg = Release-expl|x64
		{5C880F2D-7324-41A0-9507-E45038C12186}.Release-expl|ARM.Build.0 = Release-expl|x64
		{5C880F2D-7324-41A0-9507-E45038C12186}.Release-expl|ARM64.ActiveCfg = Release-expl|x64
		{5C880F2D-7324-41A0-9507-E45038C12186}.Release-expl|ARM64.Build.0 = Release-expl|x64
		{5C880F2D-7324-41A0-9507-E45038C12186}.Release-expl|x64.ActiveCfg = Release-expl|x64
		{5C880F2D-7324-41A0-9507-E45038C12186}.Release-expl|x64.Build.0 = Release-expl|x64
		{5C880F2D-7324-41A0-9507-E45038C12186}.Release-expl|x86.ActiveCfg = Release-expl|Win32
		{5C880F2D-7324-41A0-9507-E45038C12186}.Release-expl|x86.Build.0 = Release-expl|Win32
		{5C880F2D-7324-41A0-9507-E45038C12186}.RelWithDebInfo|ARM.ActiveCfg = Release-expl|Win32
		{5C880F2D-7324-41A0-9507-E45038C12186}.RelWithDebInfo|ARM.Build.0 = Release-expl|Win32
		{5C880F2D-7324-41A0-9507-E45038C12186}.RelWithDebInfo|ARM64.ActiveCfg = Release-expl|Win32
		{5C880F2D-7324-41A0-9507-E45038C12186}.RelWithDebInfo|ARM64.Build.0 = Release-expl|Win32
		{5C880F2D-7324-41A0-9507-E45038C12186}.RelWithDebInfo|x64.ActiveCfg = Release-expl|x64
		{5C880F2D-7324-41A0-9507-E45038C12186}.RelWithDebInfo|x64.Build.0 = Release-expl|x64
		{5C880F2D-7324-41A0-9507-E45038C12186}.RelWithDebInfo|x86.ActiveCfg = Release-expl|Win32
		{5C880F2D-7324-41A0-9507-E45038C12186}.RelWithDebInfo|x86.Build.0 = Release-expl|Win32
		{A4FCE087-A1B8-4EA9-ABCC-A7A7AB22B985}.Debug|ARM.ActiveCfg = Debug|Win32
		{A4FCE087-A1B8-4EA9-ABCC-A7A7AB22B985}.Debug|ARM64.ActiveCfg = Debug|Win32
		{A4FCE087-A1B8-4EA9-ABCC-A7A7AB22B985}.Debug|x64.ActiveCfg = Debug|x64
		{A4FCE087-A1B8-4EA9-ABCC-A7A7AB22B985}.Debug|x64.Build.0 = Debug|x64
		{A4FCE087-A1B8-4EA9-ABCC-A7A7AB22B985}.Debug|x86.ActiveCfg = Debug|Win32
		{A4FCE087-A1B8-4EA9-ABCC-A7A7AB22B985}.Debug|x86.Build.0 = Debug|Win32
		{A4FCE087-A1B8-4EA9-ABCC-A7A7AB22B985}.MinSizeRel|ARM.ActiveCfg = Release-expl|Win32
		{A4FCE087-A1B8-4EA9-ABCC-A7A7AB22B985}.MinSizeRel|ARM.Build.0 = Release-expl|Win32
		{A4FCE087-A1B8-4EA9-ABCC-A7A7AB22B985}.MinSizeRel|ARM64.ActiveCfg = Release-expl|Win32
		{A4FCE087-A1B8-4EA9-ABCC-A7A7AB22B985}.MinSizeRel|ARM64.Build.0 = Release-expl|Win32
		{A4FCE087-A1B8-4EA9-ABCC-A7A7AB22B985}.MinSizeRel|x64.ActiveCfg = Release-expl|x64
		{A4FCE087-A1B8-4EA9-ABCC-A7A7AB22B985}.MinSizeRel|x64.Build.0 = Release-expl|x64
		{A4FCE087-A1B8-4EA9-ABCC-A7A7AB22B985}.MinSizeRel|x86.ActiveCfg = Release-expl|Win32
		{A4FCE087-A1B8-4EA9-ABCC-A7A7AB22B985}.MinSizeRel|x86.Build.0 = Release-expl|Win32
		{A4FCE087-A1B8-4EA9-ABCC-A7A7AB22B985}.PGInstrument|ARM.ActiveCfg = Debug|Win32
		{A4FCE087-A1B8-4EA9-ABCC-A7A7AB22B985}.PGInstrument|ARM.Build.0 = Debug|Win32
		{A4FCE087-A1B8-4EA9-ABCC-A7A7AB22B985}.PGInstrument|ARM64.ActiveCfg = Debug|Win32
		{A4FCE087-A1B8-4EA9-ABCC-A7A7AB22B985}.PGInstrument|ARM64.Build.0 = Debug|Win32
		{A4FCE087-A1B8-4EA9-ABCC-A7A7AB22B985}.PGInstrument|x64.ActiveCfg = Debug|x64
		{A4FCE087-A1B8-4EA9-ABCC-A7A7AB22B985}.PGInstrument|x64.Build.0 = Debug|x64
		{A4FCE087-A1B8-4EA9-ABCC-A7A7AB22B985}.PGInstrument|x86.ActiveCfg = Debug|Win32
		{A4FCE087-A1B8-4EA9-ABCC-A7A7AB22B985}.PGInstrument|x86.Build.0 = Debug|Win32
		{A4FCE087-A1B8-4EA9-ABCC-A7A7AB22B985}.PGUpdate|ARM.ActiveCfg = Debug|Win32
		{A4FCE087-A1B8-4EA9-ABCC-A7A7AB22B985}.PGUpdate|ARM.Build.0 = Debug|Win32
		{A4FCE087-A1B8-4EA9-ABCC-A7A7AB22B985}.PGUpdate|ARM64.ActiveCfg = Debug|Win32
		{A4FCE087-A1B8-4EA9-ABCC-A7A7AB22B985}.PGUpdate|ARM64.Build.0 = Debug|Win32
		{A4FCE087-A1B8-4EA9-ABCC-A7A7AB22B985}.PGUpdate|x64.ActiveCfg = Debug|x64
		{A4FCE087-A1B8-4EA9-ABCC-A7A7AB22B985}.PGUpdate|x64.Build.0 = Debug|x64
		{A4FCE087-A1B8-4EA9-ABCC-A7A7AB22B985}.PGUpdate|x86.ActiveCfg = Debug|Win32
		{A4FCE087-A1B8-4EA9-ABCC-A7A7AB22B985}.PGUpdate|x86.Build.0 = Debug|Win32
		{A4FCE087-A1B8-4EA9-ABCC-A7A7AB22B985}.Release|ARM.ActiveCfg = Release|Win32
		{A4FCE087-A1B8-4EA9-ABCC-A7A7AB22B985}.Release|ARM64.ActiveCfg = Release|Win32
		{A4FCE087-A1B8-4EA9-ABCC-A7A7AB22B985}.Release|x64.ActiveCfg = Release|x64
		{A4FCE087-A1B8-4EA9-ABCC-A7A7AB22B985}.Release|x64.Build.0 = Release|x64
		{A4FCE087-A1B8-4EA9-ABCC-A7A7AB22B985}.Release|x86.ActiveCfg = Release|Win32
		{A4FCE087-A1B8-4EA9-ABCC-A7A7AB22B985}.Release|x86.Build.0 = Release|Win32
		{A4FCE087-A1B8-4EA9-ABCC-A7A7AB22B985}.Release-expl|ARM.ActiveCfg = Release-expl|x64
		{A4FCE087-A1B8-4EA9-ABCC-A7A7AB22B985}.Release-expl|ARM.Build.0 = Release-expl|x64
		{A4FCE087-A1B8-4EA9-ABCC-A7A7AB22B985}.Release-expl|ARM64.ActiveCfg = Release-expl|x64
		{A4FCE087-A1B8-4EA9-ABCC-A7A7AB22B985}.Release-expl|ARM64.Build.0 = Release-expl|x64
		{A4FCE087-A1B8-4EA9-ABCC-A7A7AB22B985}.Release-expl|x64.ActiveCfg = Release-expl|x64
		{A4FCE087-A1B8-4EA9-ABCC-A7A7AB22B985}.Release-expl|x64.Build.0 = Release-expl|x64
		{A4FCE087-A1B8-4EA9-ABCC-A7A7AB22B985}.Release-expl|x86.ActiveCfg = Release-expl|Win32
		{A4FCE087-A1B8-4EA9-ABCC-A7A7AB22B985}.Release-expl|x86.Build.0 = Release-expl|Win32
		{A4FCE087-A1B8-4EA9-ABCC-A7A7AB22B985}.RelWithDebInfo|ARM.ActiveCfg = Release-expl|Win32
		{A4FCE087-A1B8-4EA9-ABCC-A7A7AB22B985}.RelWithDebInfo|ARM.Build.0 = Release-expl|Win32
		{A4FCE087-A1B8-4EA9-ABCC-A7A7AB22B985}.RelWithDebInfo|ARM64.ActiveCfg = Release-expl|Win32
		{A4FCE087-A1B8-4EA9-ABCC-A7A7AB22B985}.RelWithDebInfo|ARM64.Build.0 = Release-expl|Win32
		{A4FCE087-A1B8-4EA9-ABCC-A7A7AB22B985}.RelWithDebInfo|x64.ActiveCfg = Release-expl|x64
		{A4FCE087-A1B8-4EA9-ABCC-A7A7AB22B985}.RelWithDebInfo|x64.Build.0 = Release-expl|x64
		{A4FCE087-A1B8-4EA9-ABCC-A7A7AB22B985}.RelWithDebInfo|x86.ActiveCfg = Release-expl|Win32
		{A4FCE087-A1B8-4EA9-ABCC-A7A7AB22B985}.RelWithDebInfo|x86.Build.0 = Release-expl|Win32
		{5B129A8B-38B4-4C86-A997-3D788809C08F}.Debug|ARM.ActiveCfg = Debug|Win32
		{5B129A8B-38B4-4C86-A997-3D788809C08F}.Debug|ARM64.ActiveCfg = Debug|Win32
		{5B129A8B-38B4-4C86-A997-3D788809C08F}.Debug|x64.ActiveCfg = Debug|x64
		{5B129A8B-38B4-4C86-A997-3D788809C08F}.Debug|x64.Build.0 = Debug|x64
		{5B129A8B-38B4-4C86-A997-3D788809C08F}.Debug|x86.ActiveCfg = Debug|Win32
		{5B129A8B-38B4-4C86-A997-3D788809C08F}.Debug|x86.Build.0 = Debug|Win32
		{5B129A8B-38B4-4C86-A997-3D788809C08F}.MinSizeRel|ARM.ActiveCfg = Release-expl|Win32
		{5B129A8B-38B4-4C86-A997-3D788809C08F}.MinSizeRel|ARM.Build.0 = Release-expl|Win32
		{5B129A8B-38B4-4C86-A997-3D788809C08F}.MinSizeRel|ARM64.ActiveCfg = Release-expl|Win32
		{5B129A8B-38B4-4C86-A997-3D788809C08F}.MinSizeRel|ARM64.Build.0 = Release-expl|Win32
		{5B129A8B-38B4-4C86-A997-3D788809C08F}.MinSizeRel|x64.ActiveCfg = Release-expl|x64
		{5B129A8B-38B4-4C86-A997-3D788809C08F}.MinSizeRel|x64.Build.0 = Release-expl|x64
		{5B129A8B-38B4-4C86-A997-3D788809C08F}.MinSizeRel|x86.ActiveCfg = Release-expl|Win32
		{5B129A8B-38B4-4C86-A997-3D788809C08F}.MinSizeRel|x86.Build.0 = Release-expl|Win32
		{5B129A8B-38B4-4C86-A997-3D788809C08F}.PGInstrument|ARM.ActiveCfg = Debug|Win32
		{5B129A8B-38B4-4C86-A997-3D788809C08F}.PGInstrument|ARM.Build.0 = Debug|Win32
		{5B129A8B-38B4-4C86-A997-3D788809C08F}.PGInstrument|ARM64.ActiveCfg = Debug|Win32
		{5B129A8B-38B4-4C86-A997-3D788809C08F}.PGInstrument|ARM64.Build.0 = Debug|Win32
		{5B129A8B-38B4-4C86-A997-3D788809C08F}.PGInstrument|x64.ActiveCfg = Debug|x64
		{5B129A8B-38B4-4C86-A997-3D788809C08F}.PGInstrument|x64.Build.0 = Debug|x64
		{5B129A8B-38B4-4C86-A997-3D788809C08F}.PGInstrument|x86.ActiveCfg = Debug|Win32
		{5B129A8B-38B4-4C86-A997-3D788809C08F}.PGInstrument|x86.Build.0 = Debug|Win32
		{5B129A8B-38B4-4C86-A997-3D788809C08F}.PGUpdate|ARM.ActiveCfg = Debug|Win32
		{5B129A8B-38B4-4C86-A997-3D788809C08F}.PGUpdate|ARM.Build.0 = Debug|Win32
		{5B129A8B-38B4-4C86-A997-3D788809C08F}.PGUpdate|ARM64.ActiveCfg = Debug|Win32
		{5B129A8B-38B4-4C86-A997-3D788809C08F}.PGUpdate|ARM64.Build.0 = Debug|Win32
		{5B129A8B-38B4-4C86-A997-3D788809C08F}.PGUpdate|x64.ActiveCfg = Debug|x64
		{5B129A8B-38B4-4C86-A997-3D788809C08F}.PGUpdate|x64.Build.0 = Debug|x64
		{5B129A8B-38B4-4C86-A997-3D788809C08F}.PGUpdate|x86.ActiveCfg = Debug|Win32
		{5B129A8B-38B4-4C86-A997-3D788809C08F}.PGUpdate|x86.Build.0 = Debug|Win32
		{5B129A8B-38B4-4C86-A997-3D788809C08F}.Release|ARM.ActiveCfg = Release|Win32
		{5B129A8B-38B4-4C86-A997-3D788809C08F}.Release|ARM64.ActiveCfg = Release|Win32
		{5B129A8B-38B4-4C86-A997-3D788809C08F}.Release|x64.ActiveCfg = Release|x64
		{5B129A8B-38B4-4C86-A997-3D788809C08F}.Release|x64.Build.0 = Release|x64
		{5B129A8B-38B4-4C86-A997-3D788809C08F}.Release|x86.ActiveCfg = Release|Win32
		{5B129A8B-38B4-4C86-A997-3D788809C08F}.Release|x86.Build.0 = Release|Win32
		{5B129A8B-38B4-4C86-A997-3D788809C08F}.Release-expl|ARM.ActiveCfg = Release-expl|x64
		{5B129A8B-38B4-4C86-A997-3D788809C08F}.Release-expl|ARM.Build.0 = Release-expl|x64
		{5B129A8B-38B4-4C86-A997-3D788809C08F}.Release-expl|ARM64.ActiveCfg = Release-expl|x64
		{5B129A8B-38B4-4C86-A997-3D788809C08F}.Release-expl|ARM64.Build.0 = Release-expl|x64
		{5B129A8B-38B4-4C86-A997-3D788809C08F}.Release-expl|x64.ActiveCfg = Release-expl|x64
		{5B129A8B-38B4-4C86-A997-3D788809C08F}.Release-expl|x64.Build.0 = Release-expl|x64
		{5B129A8B-38B4-4C86-A997-3D788809C08F}.Release-expl|x86.ActiveCfg = Release-expl|Win32
		{5B129A8B-38B4-4C86-A997-3D788809C08F}.Release-expl|x86.Build.0 = Release-expl|Win32
		{5B129A8B-38B4-4C86-A997-3D788809C08F}.RelWithDebInfo|ARM.ActiveCfg = Release-expl|Win32
		{5B129A8B-38B4-4C86-A997-3D788809C08F}.RelWithDebInfo|ARM.Build.0 = Release-expl|Win32
		{5B129A8B-38B4-4C86-A997-3D788809C08F}.RelWithDebInfo|ARM64.ActiveCfg = Release-expl|Win32
		{5B129A8B-38B4-4C86-A997-3D788809C08F}.RelWithDebInfo|ARM64.Build.0 = Release-expl|Win32
		{5B129A8B-38B4-4C86-A997-3D788809C08F}.RelWithDebInfo|x64.ActiveCfg = Release-expl|x64
		{5B129A8B-38B4-4C86-A997-3D788809C08F}.RelWithDebInfo|x64.Build.0 = Release-expl|x64
		{5B129A8B-38B4-4C86-A997-3D788809C08F}.RelWithDebInfo|x86.ActiveCfg = Release-expl|Win32
		{5B129A8B-38B4-4C86-A997-3D788809C08F}.RelWithDebInfo|x86.Build.0 = Release-expl|Win32
		{C3BA02AC-5EEF-4BE5-9531-6222CA6805DD}.Debug|ARM.ActiveCfg = Debug|Win32
		{C3BA02AC-5EEF-4BE5-9531-6222CA6805DD}.Debug|ARM64.ActiveCfg = Debug|Win32
		{C3BA02AC-5EEF-4BE5-9531-6222CA6805DD}.Debug|x64.ActiveCfg = Debug|x64
		{C3BA02AC-5EEF-4BE5-9531-6222CA6805DD}.Debug|x64.Build.0 = Debug|x64
		{C3BA02AC-5EEF-4BE5-9531-6222CA6805DD}.Debug|x86.ActiveCfg = Debug|Win32
		{C3BA02AC-5EEF-4BE5-9531-6222CA6805DD}.Debug|x86.Build.0 = Debug|Win32
		{C3BA02AC-5EEF-4BE5-9531-6222CA6805DD}.MinSizeRel|ARM.ActiveCfg = Release-expl|Win32
		{C3BA02AC-5EEF-4BE5-9531-6222CA6805DD}.MinSizeRel|ARM.Build.0 = Release-expl|Win32
		{C3BA02AC-5EEF-4BE5-9531-6222CA6805DD}.MinSizeRel|ARM64.ActiveCfg = Release-expl|Win32
		{C3BA02AC-5EEF-4BE5-9531-6222CA6805DD}.MinSizeRel|ARM64.Build.0 = Release-expl|Win32
		{C3BA02AC-5EEF-4BE5-9531-6222CA6805DD}.MinSizeRel|x64.ActiveCfg = Release-expl|x64
		{C3BA02AC-5EEF-4BE5-9531-6222CA6805DD}.MinSizeRel|x64.Build.0 = Release-expl|x64
		{C3BA02AC-5EEF-4BE5-9531-6222CA6805DD}.MinSizeRel|x86.ActiveCfg = Release-expl|Win32
		{C3BA02AC-5EEF-4BE5-9531-6222CA6805DD}.MinSizeRel|x86.Build.0 = Release-expl|Win32
		{C3BA02AC-5EEF-4BE5-9531-6222CA6805DD}.PGInstrument|ARM.ActiveCfg = Debug|Win32
		{C3BA02AC-5EEF-4BE5-9531-6222CA6805DD}.PGInstrument|ARM.Build.0 = Debug|Win32
		{C3BA02AC-5EEF-4BE5-9531-6222CA6805DD}.PGInstrument|ARM64.ActiveCfg = Debug|Win32
		{C3BA02AC-5EEF-4BE5-9531-6222CA6805DD}.PGInstrument|ARM64.Build.0 = Debug|Win32
		{C3BA02AC-5EEF-4BE5-9531-6222CA6805DD}.PGInstrument|x64.ActiveCfg = Debug|x64
		{C3BA02AC-5EEF-4BE5-9531-6222CA6805DD}.PGInstrument|x64.Build.0 = Debug|x64
		{C3BA02AC-5EEF-4BE5-9531-6222CA6805DD}.PGInstrument|x86.ActiveCfg = Debug|Win32
		{C3BA02AC-5EEF-4BE5-9531-6222CA6805DD}.PGInstrument|x86.Build.0 = Debug|Win32
		{C3BA02AC-5EEF-4BE5-9531-6222CA6805DD}.PGUpdate|ARM.ActiveCfg = Debug|Win32
		{C3BA02AC-5EEF-4BE5-9531-6222CA6805DD}.PGUpdate|ARM.Build.0 = Debug|Win32
		{C3BA02AC-5EEF-4BE5-9531-6222CA6805DD}.PGUpdate|ARM64.ActiveCfg = Debug|Win32
		{C3BA02AC-5EEF-4BE5-9531-6222CA6805DD}.PGUpdate|ARM64.Build.0 = Debug|Win32
		{C3BA02AC-5EEF-4BE5-9531-6222CA6805DD}.PGUpdate|x64.ActiveCfg = Debug|x64
		{C3BA02AC-5EEF-4BE5-9531-6222CA6805DD}.PGUpdate|x64.Build.0 = Debug|x64
		{C3BA02AC-5EEF-4BE5-9531-6222CA6805DD}.PGUpdate|x86.ActiveCfg = Debug|Win32
		{C3BA02AC-5EEF-4BE5-9531-6222CA6805DD}.PGUpdate|x86.Build.0 = Debug|Win32
		{C3BA02AC-5EEF-4BE5-9531-6222CA6805DD}.Release|ARM.ActiveCfg = Release|Win32
		{C3BA02AC-5EEF-4BE5-9531-6222CA6805DD}.Release|ARM64.ActiveCfg = Release|Win32
		{C3BA02AC-5EEF-4BE5-9531-6222CA6805DD}.Release|x64.ActiveCfg = Release|x64
		{C3BA02AC-5EEF-4BE5-9531-6222CA6805DD}.Release|x64.Build.0 = Release|x64
		{C3BA02AC-5EEF-4BE5-9531-6222CA6805DD}.Release|x86.ActiveCfg = Release|Win32
		{C3BA02AC-5EEF-4BE5-9531-6222CA6805DD}.Release|x86.Build.0 = Release|Win32
		{C3BA02AC-5EEF-4BE5-9531-6222CA6805DD}.Release-expl|ARM.ActiveCfg = Release-expl|x64
		{C3BA02AC-5EEF-4BE5-9531-6222CA6805DD}.Release-expl|ARM.Build.0 = Release-expl|x64
		{C3BA02AC-5EEF-4BE5-9531-6222CA6805DD}.Release-expl|ARM64.ActiveCfg = Release-expl|x64
		{C3BA02AC-5EEF-4BE5-9531-6222CA6805DD}.Release-expl|ARM64.Build.0 = Release-expl|x64
		{C3BA02AC-5EEF-4BE5-9531-6222CA6805DD}.Release-expl|x64.ActiveCfg = Release-expl|x64
		{C3BA02AC-5EEF-4BE5-9531-6222CA6805DD}.Release-expl|x64.Build.0 = Release-expl|x64
		{C3BA02AC-5EEF-4BE5-9531-6222CA6805DD}.Release-expl|x86.ActiveCfg = Release-expl|Win32
		{C3BA02AC-5EEF-4BE5-9531-6222CA6805DD}.Release-expl|x86.Build.0 = Release-expl|Win32
		{C3BA02AC-5EEF-4BE5-9531-6222CA6805DD}.RelWithDebInfo|ARM.ActiveCfg = Release-expl|Win32
		{C3BA02AC-5EEF-4BE5-9531-6222CA6805DD}.RelWithDebInfo|ARM.Build.0 = Release-expl|Win32
		{C3BA02AC-5EEF-4BE5-9531-6222CA6805DD}.RelWithDebInfo|ARM64.ActiveCfg = Release-expl|Win32
		{C3BA02AC-5EEF-4BE5-9531-6222CA6805DD}.RelWithDebInfo|ARM64.Build.0 = Release-expl|Win32
		{C3BA02AC-5EEF-4BE5-9531-6222CA6805DD}.RelWithDebInfo|x64.ActiveCfg = Release-expl|x64
		{C3BA02AC-5EEF-4BE5-9531-6222CA6805DD}.RelWithDebInfo|x64.Build.0 = Release-expl|x64
		{C3BA02AC-5EEF-4BE5-9531-6222CA6805DD}.RelWithDebInfo|x86.ActiveCfg = Release-expl|Win32
		{C3BA02AC-5EEF-4BE5-9531-6222CA6805DD}.RelWithDebInfo|x86.Build.0 = Release-expl|Win32
		{B11D750F-CD1F-4A96-85CE-E69A5C5259F9}.Debug|ARM.ActiveCfg = Debug|ARM
		{B11D750F-CD1F-4A96-85CE-E69A5C5259F9}.Debug|ARM.Build.0 = Debug|ARM
		{B11D750F-CD1F-4A96-85CE-E69A5C5259F9}.Debug|ARM64.ActiveCfg = Debug|ARM64
		{B11D750F-CD1F-4A96-85CE-E69A5C5259F9}.Debug|ARM64.Build.0 = Debug|ARM64
		{B11D750F-CD1F-4A96-85CE-E69A5C5259F9}.Debug|x64.ActiveCfg = Debug|x64
		{B11D750F-CD1F-4A96-85CE-E69A5C5259F9}.Debug|x64.Build.0 = Debug|x64
		{B11D750F-CD1F-4A96-85CE-E69A5C5259F9}.Debug|x86.ActiveCfg = Debug|Win32
		{B11D750F-CD1F-4A96-85CE-E69A5C5259F9}.Debug|x86.Build.0 = Debug|Win32
		{B11D750F-CD1F-4A96-85CE-E69A5C5259F9}.MinSizeRel|ARM.ActiveCfg = Release|ARM
		{B11D750F-CD1F-4A96-85CE-E69A5C5259F9}.MinSizeRel|ARM.Build.0 = Release|ARM
		{B11D750F-CD1F-4A96-85CE-E69A5C5259F9}.MinSizeRel|ARM64.ActiveCfg = Release-expl|ARM64
		{B11D750F-CD1F-4A96-85CE-E69A5C5259F9}.MinSizeRel|ARM64.Build.0 = Release-expl|ARM64
		{B11D750F-CD1F-4A96-85CE-E69A5C5259F9}.MinSizeRel|x64.ActiveCfg = Release|x64
		{B11D750F-CD1F-4A96-85CE-E69A5C5259F9}.MinSizeRel|x64.Build.0 = Release|x64
		{B11D750F-CD1F-4A96-85CE-E69A5C5259F9}.MinSizeRel|x86.ActiveCfg = Release|Win32
		{B11D750F-CD1F-4A96-85CE-E69A5C5259F9}.MinSizeRel|x86.Build.0 = Release|Win32
		{B11D750F-CD1F-4A96-85CE-E69A5C5259F9}.PGInstrument|ARM.ActiveCfg = PGInstrument|ARM
		{B11D750F-CD1F-4A96-85CE-E69A5C5259F9}.PGInstrument|ARM.Build.0 = PGInstrument|ARM
		{B11D750F-CD1F-4A96-85CE-E69A5C5259F9}.PGInstrument|ARM64.ActiveCfg = PGInstrument|ARM64
		{B11D750F-CD1F-4A96-85CE-E69A5C5259F9}.PGInstrument|ARM64.Build.0 = PGInstrument|ARM64
		{B11D750F-CD1F-4A96-85CE-E69A5C5259F9}.PGInstrument|x64.ActiveCfg = PGInstrument|x64
		{B11D750F-CD1F-4A96-85CE-E69A5C5259F9}.PGInstrument|x64.Build.0 = PGInstrument|x64
		{B11D750F-CD1F-4A96-85CE-E69A5C5259F9}.PGInstrument|x86.ActiveCfg = PGInstrument|Win32
		{B11D750F-CD1F-4A96-85CE-E69A5C5259F9}.PGInstrument|x86.Build.0 = PGInstrument|Win32
		{B11D750F-CD1F-4A96-85CE-E69A5C5259F9}.PGUpdate|ARM.ActiveCfg = PGUpdate|ARM
		{B11D750F-CD1F-4A96-85CE-E69A5C5259F9}.PGUpdate|ARM.Build.0 = PGUpdate|ARM
		{B11D750F-CD1F-4A96-85CE-E69A5C5259F9}.PGUpdate|ARM64.ActiveCfg = PGUpdate|ARM64
		{B11D750F-CD1F-4A96-85CE-E69A5C5259F9}.PGUpdate|ARM64.Build.0 = PGUpdate|ARM64
		{B11D750F-CD1F-4A96-85CE-E69A5C5259F9}.PGUpdate|x64.ActiveCfg = PGUpdate|x64
		{B11D750F-CD1F-4A96-85CE-E69A5C5259F9}.PGUpdate|x64.Build.0 = PGUpdate|x64
		{B11D750F-CD1F-4A96-85CE-E69A5C5259F9}.PGUpdate|x86.ActiveCfg = PGUpdate|Win32
		{B11D750F-CD1F-4A96-85CE-E69A5C5259F9}.PGUpdate|x86.Build.0 = PGUpdate|Win32
		{B11D750F-CD1F-4A96-85CE-E69A5C5259F9}.Release|ARM.ActiveCfg = Release|ARM
		{B11D750F-CD1F-4A96-85CE-E69A5C5259F9}.Release|ARM.Build.0 = Release|ARM
		{B11D750F-CD1F-4A96-85CE-E69A5C5259F9}.Release|ARM64.ActiveCfg = Release|ARM64
		{B11D750F-CD1F-4A96-85CE-E69A5C5259F9}.Release|ARM64.Build.0 = Release|ARM64
		{B11D750F-CD1F-4A96-85CE-E69A5C5259F9}.Release|x64.ActiveCfg = Release|x64
		{B11D750F-CD1F-4A96-85CE-E69A5C5259F9}.Release|x64.Build.0 = Release|x64
		{B11D750F-CD1F-4A96-85CE-E69A5C5259F9}.Release|x86.ActiveCfg = Release|Win32
		{B11D750F-CD1F-4A96-85CE-E69A5C5259F9}.Release|x86.Build.0 = Release|Win32
		{B11D750F-CD1F-4A96-85CE-E69A5C5259F9}.Release-expl|ARM.ActiveCfg = Release|ARM
		{B11D750F-CD1F-4A96-85CE-E69A5C5259F9}.Release-expl|ARM.Build.0 = Release|ARM
		{B11D750F-CD1F-4A96-85CE-E69A5C5259F9}.Release-expl|ARM64.ActiveCfg = Release|ARM64
		{B11D750F-CD1F-4A96-85CE-E69A5C5259F9}.Release-expl|ARM64.Build.0 = Release|ARM64
		{B11D750F-CD1F-4A96-85CE-E69A5C5259F9}.Release-expl|x64.ActiveCfg = Release|x64
		{B11D750F-CD1F-4A96-85CE-E69A5C5259F9}.Release-expl|x64.Build.0 = Release|x64
		{B11D750F-CD1F-4A96-85CE-E69A5C5259F9}.Release-expl|x86.ActiveCfg = Release|Win32
		{B11D750F-CD1F-4A96-85CE-E69A5C5259F9}.Release-expl|x86.Build.0 = Release|Win32
		{B11D750F-CD1F-4A96-85CE-E69A5C5259F9}.RelWithDebInfo|ARM.ActiveCfg = Release|ARM
		{B11D750F-CD1F-4A96-85CE-E69A5C5259F9}.RelWithDebInfo|ARM.Build.0 = Release|ARM
		{B11D750F-CD1F-4A96-85CE-E69A5C5259F9}.RelWithDebInfo|ARM64.ActiveCfg = Release-expl|ARM64
		{B11D750F-CD1F-4A96-85CE-E69A5C5259F9}.RelWithDebInfo|ARM64.Build.0 = Release-expl|ARM64
		{B11D750F-CD1F-4A96-85CE-E69A5C5259F9}.RelWithDebInfo|x64.ActiveCfg = Release|x64
		{B11D750F-CD1F-4A96-85CE-E69A5C5259F9}.RelWithDebInfo|x64.Build.0 = Release|x64
		{B11D750F-CD1F-4A96-85CE-E69A5C5259F9}.RelWithDebInfo|x86.ActiveCfg = Release|Win32
		{B11D750F-CD1F-4A96-85CE-E69A5C5259F9}.RelWithDebInfo|x86.Build.0 = Release|Win32
		{CF7AC3D1-E2DF-41D2-BEA6-1E2556CDEA26}.Debug|ARM.ActiveCfg = Debug|ARM
		{CF7AC3D1-E2DF-41D2-BEA6-1E2556CDEA26}.Debug|ARM.Build.0 = Debug|ARM
		{CF7AC3D1-E2DF-41D2-BEA6-1E2556CDEA26}.Debug|ARM64.ActiveCfg = Debug|ARM64
		{CF7AC3D1-E2DF-41D2-BEA6-1E2556CDEA26}.Debug|ARM64.Build.0 = Debug|ARM64
		{CF7AC3D1-E2DF-41D2-BEA6-1E2556CDEA26}.Debug|x64.ActiveCfg = Debug|x64
		{CF7AC3D1-E2DF-41D2-BEA6-1E2556CDEA26}.Debug|x64.Build.0 = Debug|x64
		{CF7AC3D1-E2DF-41D2-BEA6-1E2556CDEA26}.Debug|x86.ActiveCfg = Debug|Win32
		{CF7AC3D1-E2DF-41D2-BEA6-1E2556CDEA26}.Debug|x86.Build.0 = Debug|Win32
		{CF7AC3D1-E2DF-41D2-BEA6-1E2556CDEA26}.MinSizeRel|ARM.ActiveCfg = Release|ARM
		{CF7AC3D1-E2DF-41D2-BEA6-1E2556CDEA26}.MinSizeRel|ARM.Build.0 = Release|ARM
		{CF7AC3D1-E2DF-41D2-BEA6-1E2556CDEA26}.MinSizeRel|ARM64.ActiveCfg = Release|ARM64
		{CF7AC3D1-E2DF-41D2-BEA6-1E2556CDEA26}.MinSizeRel|ARM64.Build.0 = Release|ARM64
		{CF7AC3D1-E2DF-41D2-BEA6-1E2556CDEA26}.MinSizeRel|x64.ActiveCfg = Release|x64
		{CF7AC3D1-E2DF-41D2-BEA6-1E2556CDEA26}.MinSizeRel|x64.Build.0 = Release|x64
		{CF7AC3D1-E2DF-41D2-BEA6-1E2556CDEA26}.MinSizeRel|x86.ActiveCfg = Release|Win32
		{CF7AC3D1-E2DF-41D2-BEA6-1E2556CDEA26}.MinSizeRel|x86.Build.0 = Release|Win32
		{CF7AC3D1-E2DF-41D2-BEA6-1E2556CDEA26}.PGInstrument|ARM.ActiveCfg = PGInstrument|ARM
		{CF7AC3D1-E2DF-41D2-BEA6-1E2556CDEA26}.PGInstrument|ARM.Build.0 = PGInstrument|ARM
		{CF7AC3D1-E2DF-41D2-BEA6-1E2556CDEA26}.PGInstrument|ARM64.ActiveCfg = PGInstrument|ARM64
		{CF7AC3D1-E2DF-41D2-BEA6-1E2556CDEA26}.PGInstrument|ARM64.Build.0 = PGInstrument|ARM64
		{CF7AC3D1-E2DF-41D2-BEA6-1E2556CDEA26}.PGInstrument|x64.ActiveCfg = PGInstrument|x64
		{CF7AC3D1-E2DF-41D2-BEA6-1E2556CDEA26}.PGInstrument|x64.Build.0 = PGInstrument|x64
		{CF7AC3D1-E2DF-41D2-BEA6-1E2556CDEA26}.PGInstrument|x86.ActiveCfg = PGInstrument|Win32
		{CF7AC3D1-E2DF-41D2-BEA6-1E2556CDEA26}.PGInstrument|x86.Build.0 = PGInstrument|Win32
		{CF7AC3D1-E2DF-41D2-BEA6-1E2556CDEA26}.PGUpdate|ARM.ActiveCfg = PGUpdate|ARM
		{CF7AC3D1-E2DF-41D2-BEA6-1E2556CDEA26}.PGUpdate|ARM.Build.0 = PGUpdate|ARM
		{CF7AC3D1-E2DF-41D2-BEA6-1E2556CDEA26}.PGUpdate|ARM64.ActiveCfg = PGUpdate|ARM64
		{CF7AC3D1-E2DF-41D2-BEA6-1E2556CDEA26}.PGUpdate|ARM64.Build.0 = PGUpdate|ARM64
		{CF7AC3D1-E2DF-41D2-BEA6-1E2556CDEA26}.PGUpdate|x64.ActiveCfg = PGUpdate|x64
		{CF7AC3D1-E2DF-41D2-BEA6-1E2556CDEA26}.PGUpdate|x64.Build.0 = PGUpdate|x64
		{CF7AC3D1-E2DF-41D2-BEA6-1E2556CDEA26}.PGUpdate|x86.ActiveCfg = PGUpdate|Win32
		{CF7AC3D1-E2DF-41D2-BEA6-1E2556CDEA26}.PGUpdate|x86.Build.0 = PGUpdate|Win32
		{CF7AC3D1-E2DF-41D2-BEA6-1E2556CDEA26}.Release|ARM.ActiveCfg = Release|ARM
		{CF7AC3D1-E2DF-41D2-BEA6-1E2556CDEA26}.Release|ARM.Build.0 = Release|ARM
		{CF7AC3D1-E2DF-41D2-BEA6-1E2556CDEA26}.Release|ARM64.ActiveCfg = Release|ARM64
		{CF7AC3D1-E2DF-41D2-BEA6-1E2556CDEA26}.Release|ARM64.Build.0 = Release|ARM64
		{CF7AC3D1-E2DF-41D2-BEA6-1E2556CDEA26}.Release|x64.ActiveCfg = Release|x64
		{CF7AC3D1-E2DF-41D2-BEA6-1E2556CDEA26}.Release|x64.Build.0 = Release|x64
		{CF7AC3D1-E2DF-41D2-BEA6-1E2556CDEA26}.Release|x86.ActiveCfg = Release|Win32
		{CF7AC3D1-E2DF-41D2-BEA6-1E2556CDEA26}.Release|x86.Build.0 = Release|Win32
		{CF7AC3D1-E2DF-41D2-BEA6-1E2556CDEA26}.Release-expl|ARM.ActiveCfg = Release|ARM
		{CF7AC3D1-E2DF-41D2-BEA6-1E2556CDEA26}.Release-expl|ARM.Build.0 = Release|ARM
		{CF7AC3D1-E2DF-41D2-BEA6-1E2556CDEA26}.Release-expl|ARM64.ActiveCfg = Release|ARM64
		{CF7AC3D1-E2DF-41D2-BEA6-1E2556CDEA26}.Release-expl|ARM64.Build.0 = Release|ARM64
		{CF7AC3D1-E2DF-41D2-BEA6-1E2556CDEA26}.Release-expl|x64.ActiveCfg = Release|x64
		{CF7AC3D1-E2DF-41D2-BEA6-1E2556CDEA26}.Release-expl|x64.Build.0 = Release|x64
		{CF7AC3D1-E2DF-41D2-BEA6-1E2556CDEA26}.Release-expl|x86.ActiveCfg = Release|Win32
		{CF7AC3D1-E2DF-41D2-BEA6-1E2556CDEA26}.Release-expl|x86.Build.0 = Release|Win32
		{CF7AC3D1-E2DF-41D2-BEA6-1E2556CDEA26}.RelWithDebInfo|ARM.ActiveCfg = Release|ARM
		{CF7AC3D1-E2DF-41D2-BEA6-1E2556CDEA26}.RelWithDebInfo|ARM.Build.0 = Release|ARM
		{CF7AC3D1-E2DF-41D2-BEA6-1E2556CDEA26}.RelWithDebInfo|ARM64.ActiveCfg = Release|ARM64
		{CF7AC3D1-E2DF-41D2-BEA6-1E2556CDEA26}.RelWithDebInfo|ARM64.Build.0 = Release|ARM64
		{CF7AC3D1-E2DF-41D2-BEA6-1E2556CDEA26}.RelWithDebInfo|x64.ActiveCfg = Release|x64
		{CF7AC3D1-E2DF-41D2-BEA6-1E2556CDEA26}.RelWithDebInfo|x64.Build.0 = Release|x64
		{CF7AC3D1-E2DF-41D2-BEA6-1E2556CDEA26}.RelWithDebInfo|x86.ActiveCfg = Release|Win32
		{CF7AC3D1-E2DF-41D2-BEA6-1E2556CDEA26}.RelWithDebInfo|x86.Build.0 = Release|Win32
		{664E6F0D-6784-4760-9565-D54F8EB1EDF4}.Debug|ARM.ActiveCfg = Debug|x64
		{664E6F0D-6784-4760-9565-D54F8EB1EDF4}.Debug|ARM.Build.0 = Debug|x64
		{664E6F0D-6784-4760-9565-D54F8EB1EDF4}.Debug|ARM64.ActiveCfg = Debug|x64
		{664E6F0D-6784-4760-9565-D54F8EB1EDF4}.Debug|ARM64.Build.0 = Debug|x64
		{664E6F0D-6784-4760-9565-D54F8EB1EDF4}.Debug|x64.ActiveCfg = Debug|x64
		{664E6F0D-6784-4760-9565-D54F8EB1EDF4}.Debug|x64.Build.0 = Debug|x64
		{664E6F0D-6784-4760-9565-D54F8EB1EDF4}.Debug|x86.ActiveCfg = Debug|Win32
		{664E6F0D-6784-4760-9565-D54F8EB1EDF4}.Debug|x86.Build.0 = Debug|Win32
		{664E6F0D-6784-4760-9565-D54F8EB1EDF4}.MinSizeRel|ARM.ActiveCfg = Release|Win32
		{664E6F0D-6784-4760-9565-D54F8EB1EDF4}.MinSizeRel|ARM.Build.0 = Release|Win32
		{664E6F0D-6784-4760-9565-D54F8EB1EDF4}.MinSizeRel|ARM64.ActiveCfg = Release|Win32
		{664E6F0D-6784-4760-9565-D54F8EB1EDF4}.MinSizeRel|ARM64.Build.0 = Release|Win32
		{664E6F0D-6784-4760-9565-D54F8EB1EDF4}.MinSizeRel|x64.ActiveCfg = Release|x64
		{664E6F0D-6784-4760-9565-D54F8EB1EDF4}.MinSizeRel|x64.Build.0 = Release|x64
		{664E6F0D-6784-4760-9565-D54F8EB1EDF4}.MinSizeRel|x86.ActiveCfg = Release|Win32
		{664E6F0D-6784-4760-9565-D54F8EB1EDF4}.MinSizeRel|x86.Build.0 = Release|Win32
		{664E6F0D-6784-4760-9565-D54F8EB1EDF4}.PGInstrument|ARM.ActiveCfg = Debug|Win32
		{664E6F0D-6784-4760-9565-D54F8EB1EDF4}.PGInstrument|ARM.Build.0 = Debug|Win32
		{664E6F0D-6784-4760-9565-D54F8EB1EDF4}.PGInstrument|ARM64.ActiveCfg = Debug|Win32
		{664E6F0D-6784-4760-9565-D54F8EB1EDF4}.PGInstrument|ARM64.Build.0 = Debug|Win32
		{664E6F0D-6784-4760-9565-D54F8EB1EDF4}.PGInstrument|x64.ActiveCfg = Debug|x64
		{664E6F0D-6784-4760-9565-D54F8EB1EDF4}.PGInstrument|x64.Build.0 = Debug|x64
		{664E6F0D-6784-4760-9565-D54F8EB1EDF4}.PGInstrument|x86.ActiveCfg = Debug|Win32
		{664E6F0D-6784-4760-9565-D54F8EB1EDF4}.PGInstrument|x86.Build.0 = Debug|Win32
		{664E6F0D-6784-4760-9565-D54F8EB1EDF4}.PGUpdate|ARM.ActiveCfg = Debug|Win32
		{664E6F0D-6784-4760-9565-D54F8EB1EDF4}.PGUpdate|ARM.Build.0 = Debug|Win32
		{664E6F0D-6784-4760-9565-D54F8EB1EDF4}.PGUpdate|ARM64.ActiveCfg = Debug|Win32
		{664E6F0D-6784-4760-9565-D54F8EB1EDF4}.PGUpdate|ARM64.Build.0 = Debug|Win32
		{664E6F0D-6784-4760-9565-D54F8EB1EDF4}.PGUpdate|x64.ActiveCfg = Debug|x64
		{664E6F0D-6784-4760-9565-D54F8EB1EDF4}.PGUpdate|x64.Build.0 = Debug|x64
		{664E6F0D-6784-4760-9565-D54F8EB1EDF4}.PGUpdate|x86.ActiveCfg = Debug|Win32
		{664E6F0D-6784-4760-9565-D54F8EB1EDF4}.PGUpdate|x86.Build.0 = Debug|Win32
		{664E6F0D-6784-4760-9565-D54F8EB1EDF4}.Release|ARM.ActiveCfg = Release|x64
		{664E6F0D-6784-4760-9565-D54F8EB1EDF4}.Release|ARM.Build.0 = Release|x64
		{664E6F0D-6784-4760-9565-D54F8EB1EDF4}.Release|ARM64.ActiveCfg = Release|x64
		{664E6F0D-6784-4760-9565-D54F8EB1EDF4}.Release|ARM64.Build.0 = Release|x64
		{664E6F0D-6784-4760-9565-D54F8EB1EDF4}.Release|x64.ActiveCfg = Release|x64
		{664E6F0D-6784-4760-9565-D54F8EB1EDF4}.Release|x64.Build.0 = Release|x64
		{664E6F0D-6784-4760-9565-D54F8EB1EDF4}.Release|x86.ActiveCfg = Release|Win32
		{664E6F0D-6784-4760-9565-D54F8EB1EDF4}.Release|x86.Build.0 = Release|Win32
		{664E6F0D-6784-4760-9565-D54F8EB1EDF4}.Release-expl|ARM.ActiveCfg = Release|Win32
		{664E6F0D-6784-4760-9565-D54F8EB1EDF4}.Release-expl|ARM.Build.0 = Release|Win32
		{664E6F0D-6784-4760-9565-D54F8EB1EDF4}.Release-expl|ARM64.ActiveCfg = Release|Win32
		{664E6F0D-6784-4760-9565-D54F8EB1EDF4}.Release-expl|ARM64.Build.0 = Release|Win32
		{664E6F0D-6784-4760-9565-D54F8EB1EDF4}.Release-expl|x64.ActiveCfg = Release|x64
		{664E6F0D-6784-4760-9565-D54F8EB1EDF4}.Release-expl|x64.Build.0 = Release|x64
		{664E6F0D-6784-4760-9565-D54F8EB1EDF4}.Release-expl|x86.ActiveCfg = Release|Win32
		{664E6F0D-6784-4760-9565-D54F8EB1EDF4}.Release-expl|x86.Build.0 = Release|Win32
		{664E6F0D-6784-4760-9565-D54F8EB1EDF4}.RelWithDebInfo|ARM.ActiveCfg = Release|Win32
		{664E6F0D-6784-4760-9565-D54F8EB1EDF4}.RelWithDebInfo|ARM.Build.0 = Release|Win32
		{664E6F0D-6784-4760-9565-D54F8EB1EDF4}.RelWithDebInfo|ARM64.ActiveCfg = Release|Win32
		{664E6F0D-6784-4760-9565-D54F8EB1EDF4}.RelWithDebInfo|ARM64.Build.0 = Release|Win32
		{664E6F0D-6784-4760-9565-D54F8EB1EDF4}.RelWithDebInfo|x64.ActiveCfg = Release|x64
		{664E6F0D-6784-4760-9565-D54F8EB1EDF4}.RelWithDebInfo|x64.Build.0 = Release|x64
		{664E6F0D-6784-4760-9565-D54F8EB1EDF4}.RelWithDebInfo|x86.ActiveCfg = Release|Win32
		{664E6F0D-6784-4760-9565-D54F8EB1EDF4}.RelWithDebInfo|x86.Build.0 = Release|Win32
		{D216D52E-8D4F-4E41-B703-1F6A609D09B3}.Debug|ARM.ActiveCfg = Debug|x64
		{D216D52E-8D4F-4E41-B703-1F6A609D09B3}.Debug|ARM.Build.0 = Debug|x64
		{D216D52E-8D4F-4E41-B703-1F6A609D09B3}.Debug|ARM64.ActiveCfg = Debug|x64
		{D216D52E-8D4F-4E41-B703-1F6A609D09B3}.Debug|ARM64.Build.0 = Debug|x64
		{D216D52E-8D4F-4E41-B703-1F6A609D09B3}.Debug|x64.ActiveCfg = Debug|x64
		{D216D52E-8D4F-4E41-B703-1F6A609D09B3}.Debug|x64.Build.0 = Debug|x64
		{D216D52E-8D4F-4E41-B703-1F6A609D09B3}.Debug|x86.ActiveCfg = Debug|Win32
		{D216D52E-8D4F-4E41-B703-1F6A609D09B3}.Debug|x86.Build.0 = Debug|Win32
		{D216D52E-8D4F-4E41-B703-1F6A609D09B3}.MinSizeRel|ARM.ActiveCfg = Release|Win32
		{D216D52E-8D4F-4E41-B703-1F6A609D09B3}.MinSizeRel|ARM.Build.0 = Release|Win32
		{D216D52E-8D4F-4E41-B703-1F6A609D09B3}.MinSizeRel|ARM64.ActiveCfg = Release|Win32
		{D216D52E-8D4F-4E41-B703-1F6A609D09B3}.MinSizeRel|ARM64.Build.0 = Release|Win32
		{D216D52E-8D4F-4E41-B703-1F6A609D09B3}.MinSizeRel|x64.ActiveCfg = Release|x64
		{D216D52E-8D4F-4E41-B703-1F6A609D09B3}.MinSizeRel|x64.Build.0 = Release|x64
		{D216D52E-8D4F-4E41-B703-1F6A609D09B3}.MinSizeRel|x86.ActiveCfg = Release|Win32
		{D216D52E-8D4F-4E41-B703-1F6A609D09B3}.MinSizeRel|x86.Build.0 = Release|Win32
		{D216D52E-8D4F-4E41-B703-1F6A609D09B3}.PGInstrument|ARM.ActiveCfg = Debug|x64
		{D216D52E-8D4F-4E41-B703-1F6A609D09B3}.PGInstrument|ARM.Build.0 = Debug|x64
		{D216D52E-8D4F-4E41-B703-1F6A609D09B3}.PGInstrument|ARM64.ActiveCfg = Debug|x64
		{D216D52E-8D4F-4E41-B703-1F6A609D09B3}.PGInstrument|ARM64.Build.0 = Debug|x64
		{D216D52E-8D4F-4E41-B703-1F6A609D09B3}.PGInstrument|x64.ActiveCfg = Debug|x64
		{D216D52E-8D4F-4E41-B703-1F6A609D09B3}.PGInstrument|x64.Build.0 = Debug|x64
		{D216D52E-8D4F-4E41-B703-1F6A609D09B3}.PGInstrument|x86.ActiveCfg = Debug|Win32
		{D216D52E-8D4F-4E41-B703-1F6A609D09B3}.PGInstrument|x86.Build.0 = Debug|Win32
		{D216D52E-8D4F-4E41-B703-1F6A609D09B3}.PGUpdate|ARM.ActiveCfg = Debug|x64
		{D216D52E-8D4F-4E41-B703-1F6A609D09B3}.PGUpdate|ARM.Build.0 = Debug|x64
		{D216D52E-8D4F-4E41-B703-1F6A609D09B3}.PGUpdate|ARM64.ActiveCfg = Debug|x64
		{D216D52E-8D4F-4E41-B703-1F6A609D09B3}.PGUpdate|ARM64.Build.0 = Debug|x64
		{D216D52E-8D4F-4E41-B703-1F6A609D09B3}.PGUpdate|x64.ActiveCfg = Debug|x64
		{D216D52E-8D4F-4E41-B703-1F6A609D09B3}.PGUpdate|x64.Build.0 = Debug|x64
		{D216D52E-8D4F-4E41-B703-1F6A609D09B3}.PGUpdate|x86.ActiveCfg = Debug|Win32
		{D216D52E-8D4F-4E41-B703-1F6A609D09B3}.PGUpdate|x86.Build.0 = Debug|Win32
		{D216D52E-8D4F-4E41-B703-1F6A609D09B3}.Release|ARM.ActiveCfg = Release|x64
		{D216D52E-8D4F-4E41-B703-1F6A609D09B3}.Release|ARM.Build.0 = Release|x64
		{D216D52E-8D4F-4E41-B703-1F6A609D09B3}.Release|ARM64.ActiveCfg = Release|x64
		{D216D52E-8D4F-4E41-B703-1F6A609D09B3}.Release|ARM64.Build.0 = Release|x64
		{D216D52E-8D4F-4E41-B703-1F6A609D09B3}.Release|x64.ActiveCfg = Release|x64
		{D216D52E-8D4F-4E41-B703-1F6A609D09B3}.Release|x64.Build.0 = Release|x64
		{D216D52E-8D4F-4E41-B703-1F6A609D09B3}.Release|x86.ActiveCfg = Release|Win32
		{D216D52E-8D4F-4E41-B703-1F6A609D09B3}.Release|x86.Build.0 = Release|Win32
		{D216D52E-8D4F-4E41-B703-1F6A609D09B3}.Release-expl|ARM.ActiveCfg = Release|Win32
		{D216D52E-8D4F-4E41-B703-1F6A609D09B3}.Release-expl|ARM.Build.0 = Release|Win32
		{D216D52E-8D4F-4E41-B703-1F6A609D09B3}.Release-expl|ARM64.ActiveCfg = Release|Win32
		{D216D52E-8D4F-4E41-B703-1F6A609D09B3}.Release-expl|ARM64.Build.0 = Release|Win32
		{D216D52E-8D4F-4E41-B703-1F6A609D09B3}.Release-expl|x64.ActiveCfg = Release|x64
		{D216D52E-8D4F-4E41-B703-1F6A609D09B3}.Release-expl|x64.Build.0 = Release|x64
		{D216D52E-8D4F-4E41-B703-1F6A609D09B3}.Release-expl|x86.ActiveCfg = Release|Win32
		{D216D52E-8D4F-4E41-B703-1F6A609D09B3}.Release-expl|x86.Build.0 = Release|Win32
		{D216D52E-8D4F-4E41-B703-1F6A609D09B3}.RelWithDebInfo|ARM.ActiveCfg = Release|Win32
		{D216D52E-8D4F-4E41-B703-1F6A609D09B3}.RelWithDebInfo|ARM.Build.0 = Release|Win32
		{D216D52E-8D4F-4E41-B703-1F6A609D09B3}.RelWithDebInfo|ARM64.ActiveCfg = Release|Win32
		{D216D52E-8D4F-4E41-B703-1F6A609D09B3}.RelWithDebInfo|ARM64.Build.0 = Release|Win32
		{D216D52E-8D4F-4E41-B703-1F6A609D09B3}.RelWithDebInfo|x64.ActiveCfg = Release|x64
		{D216D52E-8D4F-4E41-B703-1F6A609D09B3}.RelWithDebInfo|x64.Build.0 = Release|x64
		{D216D52E-8D4F-4E41-B703-1F6A609D09B3}.RelWithDebInfo|x86.ActiveCfg = Release|Win32
		{D216D52E-8D4F-4E41-B703-1F6A609D09B3}.RelWithDebInfo|x86.Build.0 = Release|Win32
		{597A22C1-2727-4531-A4F3-2B9A46D7E807}.Debug|ARM.ActiveCfg = Debug|x64
		{597A22C1-2727-4531-A4F3-2B9A46D7E807}.Debug|ARM.Build.0 = Debug|x64
		{597A22C1-2727-4531-A4F3-2B9A46D7E807}.Debug|ARM64.ActiveCfg = Debug|x64
		{597A22C1-2727-4531-A4F3-2B9A46D7E807}.Debug|ARM64.Build.0 = Debug|x64
		{597A22C1-2727-4531-A4F3-2B9A46D7E807}.Debug|x64.ActiveCfg = Debug|x64
		{597A22C1-2727-4531-A4F3-2B9A46D7E807}.Debug|x64.Build.0 = Debug|x64
		{597A22C1-2727-4531-A4F3-2B9A46D7E807}.Debug|x86.ActiveCfg = Debug|Win32
		{597A22C1-2727-4531-A4F3-2B9A46D7E807}.Debug|x86.Build.0 = Debug|Win32
		{597A22C1-2727-4531-A4F3-2B9A46D7E807}.MinSizeRel|ARM.ActiveCfg = Release|Win32
		{597A22C1-2727-4531-A4F3-2B9A46D7E807}.MinSizeRel|ARM.Build.0 = Release|Win32
		{597A22C1-2727-4531-A4F3-2B9A46D7E807}.MinSizeRel|ARM64.ActiveCfg = Release|Win32
		{597A22C1-2727-4531-A4F3-2B9A46D7E807}.MinSizeRel|ARM64.Build.0 = Release|Win32
		{597A22C1-2727-4531-A4F3-2B9A46D7E807}.MinSizeRel|x64.ActiveCfg = Release|x64
		{597A22C1-2727-4531-A4F3-2B9A46D7E807}.MinSizeRel|x64.Build.0 = Release|x64
		{597A22C1-2727-4531-A4F3-2B9A46D7E807}.MinSizeRel|x86.ActiveCfg = Release|Win32
		{597A22C1-2727-4531-A4F3-2B9A46D7E807}.MinSizeRel|x86.Build.0 = Release|Win32
		{597A22C1-2727-4531-A4F3-2B9A46D7E807}.PGInstrument|ARM.ActiveCfg = Debug|Win32
		{597A22C1-2727-4531-A4F3-2B9A46D7E807}.PGInstrument|ARM.Build.0 = Debug|Win32
		{597A22C1-2727-4531-A4F3-2B9A46D7E807}.PGInstrument|ARM64.ActiveCfg = Debug|Win32
		{597A22C1-2727-4531-A4F3-2B9A46D7E807}.PGInstrument|ARM64.Build.0 = Debug|Win32
		{597A22C1-2727-4531-A4F3-2B9A46D7E807}.PGInstrument|x64.ActiveCfg = Debug|x64
		{597A22C1-2727-4531-A4F3-2B9A46D7E807}.PGInstrument|x64.Build.0 = Debug|x64
		{597A22C1-2727-4531-A4F3-2B9A46D7E807}.PGInstrument|x86.ActiveCfg = Debug|Win32
		{597A22C1-2727-4531-A4F3-2B9A46D7E807}.PGInstrument|x86.Build.0 = Debug|Win32
		{597A22C1-2727-4531-A4F3-2B9A46D7E807}.PGUpdate|ARM.ActiveCfg = Debug|Win32
		{597A22C1-2727-4531-A4F3-2B9A46D7E807}.PGUpdate|ARM.Build.0 = Debug|Win32
		{597A22C1-2727-4531-A4F3-2B9A46D7E807}.PGUpdate|ARM64.ActiveCfg = Debug|Win32
		{597A22C1-2727-4531-A4F3-2B9A46D7E807}.PGUpdate|ARM64.Build.0 = Debug|Win32
		{597A22C1-2727-4531-A4F3-2B9A46D7E807}.PGUpdate|x64.ActiveCfg = Debug|x64
		{597A22C1-2727-4531-A4F3-2B9A46D7E807}.PGUpdate|x64.Build.0 = Debug|x64
		{597A22C1-2727-4531-A4F3-2B9A46D7E807}.PGUpdate|x86.ActiveCfg = Debug|Win32
		{597A22C1-2727-4531-A4F3-2B9A46D7E807}.PGUpdate|x86.Build.0 = Debug|Win32
		{597A22C1-2727-4531-A4F3-2B9A46D7E807}.Release|ARM.ActiveCfg = Release|x64
		{597A22C1-2727-4531-A4F3-2B9A46D7E807}.Release|ARM.Build.0 = Release|x64
		{597A22C1-2727-4531-A4F3-2B9A46D7E807}.Release|ARM64.ActiveCfg = Release|x64
		{597A22C1-2727-4531-A4F3-2B9A46D7E807}.Release|ARM64.Build.0 = Release|x64
		{597A22C1-2727-4531-A4F3-2B9A46D7E807}.Release|x64.ActiveCfg = Release|x64
		{597A22C1-2727-4531-A4F3-2B9A46D7E807}.Release|x64.Build.0 = Release|x64
		{597A22C1-2727-4531-A4F3-2B9A46D7E807}.Release|x86.ActiveCfg = Release|Win32
		{597A22C1-2727-4531-A4F3-2B9A46D7E807}.Release|x86.Build.0 = Release|Win32
		{597A22C1-2727-4531-A4F3-2B9A46D7E807}.Release-expl|ARM.ActiveCfg = Debug|Win32
		{597A22C1-2727-4531-A4F3-2B9A46D7E807}.Release-expl|ARM.Build.0 = Debug|Win32
		{597A22C1-2727-4531-A4F3-2B9A46D7E807}.Release-expl|ARM64.ActiveCfg = Debug|Win32
		{597A22C1-2727-4531-A4F3-2B9A46D7E807}.Release-expl|ARM64.Build.0 = Debug|Win32
		{597A22C1-2727-4531-A4F3-2B9A46D7E807}.Release-expl|x64.ActiveCfg = Release|x64
		{597A22C1-2727-4531-A4F3-2B9A46D7E807}.Release-expl|x64.Build.0 = Release|x64
		{597A22C1-2727-4531-A4F3-2B9A46D7E807}.Release-expl|x86.ActiveCfg = Release|Win32
		{597A22C1-2727-4531-A4F3-2B9A46D7E807}.Release-expl|x86.Build.0 = Release|Win32
		{597A22C1-2727-4531-A4F3-2B9A46D7E807}.RelWithDebInfo|ARM.ActiveCfg = Release|Win32
		{597A22C1-2727-4531-A4F3-2B9A46D7E807}.RelWithDebInfo|ARM.Build.0 = Release|Win32
		{597A22C1-2727-4531-A4F3-2B9A46D7E807}.RelWithDebInfo|ARM64.ActiveCfg = Release|Win32
		{597A22C1-2727-4531-A4F3-2B9A46D7E807}.RelWithDebInfo|ARM64.Build.0 = Release|Win32
		{597A22C1-2727-4531-A4F3-2B9A46D7E807}.RelWithDebInfo|x64.ActiveCfg = Release|x64
		{597A22C1-2727-4531-A4F3-2B9A46D7E807}.RelWithDebInfo|x64.Build.0 = Release|x64
		{597A22C1-2727-4531-A4F3-2B9A46D7E807}.RelWithDebInfo|x86.ActiveCfg = Release|Win32
		{597A22C1-2727-4531-A4F3-2B9A46D7E807}.RelWithDebInfo|x86.Build.0 = Release|Win32
		{8A1B6AAD-C516-4B51-A93E-6D7B23D449FD}.Debug|ARM.ActiveCfg = Debug|x64
		{8A1B6AAD-C516-4B51-A93E-6D7B23D449FD}.Debug|ARM.Build.0 = Debug|x64
		{8A1B6AAD-C516-4B51-A93E-6D7B23D449FD}.Debug|ARM64.ActiveCfg = Debug|x64
		{8A1B6AAD-C516-4B51-A93E-6D7B23D449FD}.Debug|ARM64.Build.0 = Debug|x64
		{8A1B6AAD-C516-4B51-A93E-6D7B23D449FD}.Debug|x64.ActiveCfg = Debug|x64
		{8A1B6AAD-C516-4B51-A93E-6D7B23D449FD}.Debug|x64.Build.0 = Debug|x64
		{8A1B6AAD-C516-4B51-A93E-6D7B23D449FD}.Debug|x86.ActiveCfg = Debug|Win32
		{8A1B6AAD-C516-4B51-A93E-6D7B23D449FD}.Debug|x86.Build.0 = Debug|Win32
		{8A1B6AAD-C516-4B51-A93E-6D7B23D449FD}.MinSizeRel|ARM.ActiveCfg = Release|Win32
		{8A1B6AAD-C516-4B51-A93E-6D7B23D449FD}.MinSizeRel|ARM.Build.0 = Release|Win32
		{8A1B6AAD-C516-4B51-A93E-6D7B23D449FD}.MinSizeRel|ARM64.ActiveCfg = Release|Win32
		{8A1B6AAD-C516-4B51-A93E-6D7B23D449FD}.MinSizeRel|ARM64.Build.0 = Release|Win32
		{8A1B6AAD-C516-4B51-A93E-6D7B23D449FD}.MinSizeRel|x64.ActiveCfg = Release|x64
		{8A1B6AAD-C516-4B51-A93E-6D7B23D449FD}.MinSizeRel|x64.Build.0 = Release|x64
		{8A1B6AAD-C516-4B51-A93E-6D7B23D449FD}.MinSizeRel|x86.ActiveCfg = Release|Win32
		{8A1B6AAD-C516-4B51-A93E-6D7B23D449FD}.MinSizeRel|x86.Build.0 = Release|Win32
		{8A1B6AAD-C516-4B51-A93E-6D7B23D449FD}.PGInstrument|ARM.ActiveCfg = Debug|Win32
		{8A1B6AAD-C516-4B51-A93E-6D7B23D449FD}.PGInstrument|ARM.Build.0 = Debug|Win32
		{8A1B6AAD-C516-4B51-A93E-6D7B23D449FD}.PGInstrument|ARM64.ActiveCfg = Debug|Win32
		{8A1B6AAD-C516-4B51-A93E-6D7B23D449FD}.PGInstrument|ARM64.Build.0 = Debug|Win32
		{8A1B6AAD-C516-4B51-A93E-6D7B23D449FD}.PGInstrument|x64.ActiveCfg = Debug|x64
		{8A1B6AAD-C516-4B51-A93E-6D7B23D449FD}.PGInstrument|x64.Build.0 = Debug|x64
		{8A1B6AAD-C516-4B51-A93E-6D7B23D449FD}.PGInstrument|x86.ActiveCfg = Debug|Win32
		{8A1B6AAD-C516-4B51-A93E-6D7B23D449FD}.PGInstrument|x86.Build.0 = Debug|Win32
		{8A1B6AAD-C516-4B51-A93E-6D7B23D449FD}.PGUpdate|ARM.ActiveCfg = Debug|Win32
		{8A1B6AAD-C516-4B51-A93E-6D7B23D449FD}.PGUpdate|ARM.Build.0 = Debug|Win32
		{8A1B6AAD-C516-4B51-A93E-6D7B23D449FD}.PGUpdate|ARM64.ActiveCfg = Debug|Win32
		{8A1B6AAD-C516-4B51-A93E-6D7B23D449FD}.PGUpdate|ARM64.Build.0 = Debug|Win32
		{8A1B6AAD-C516-4B51-A93E-6D7B23D449FD}.PGUpdate|x64.ActiveCfg = Debug|x64
		{8A1B6AAD-C516-4B51-A93E-6D7B23D449FD}.PGUpdate|x64.Build.0 = Debug|x64
		{8A1B6AAD-C516-4B51-A93E-6D7B23D449FD}.PGUpdate|x86.ActiveCfg = Debug|Win32
		{8A1B6AAD-C516-4B51-A93E-6D7B23D449FD}.PGUpdate|x86.Build.0 = Debug|Win32
		{8A1B6AAD-C516-4B51-A93E-6D7B23D449FD}.Release|ARM.ActiveCfg = Release|x64
		{8A1B6AAD-C516-4B51-A93E-6D7B23D449FD}.Release|ARM.Build.0 = Release|x64
		{8A1B6AAD-C516-4B51-A93E-6D7B23D449FD}.Release|ARM64.ActiveCfg = Release|x64
		{8A1B6AAD-C516-4B51-A93E-6D7B23D449FD}.Release|ARM64.Build.0 = Release|x64
		{8A1B6AAD-C516-4B51-A93E-6D7B23D449FD}.Release|x64.ActiveCfg = Release|x64
		{8A1B6AAD-C516-4B51-A93E-6D7B23D449FD}.Release|x64.Build.0 = Release|x64
		{8A1B6AAD-C516-4B51-A93E-6D7B23D449FD}.Release|x86.ActiveCfg = Release|Win32
		{8A1B6AAD-C516-4B51-A93E-6D7B23D449FD}.Release|x86.Build.0 = Release|Win32
		{8A1B6AAD-C516-4B51-A93E-6D7B23D449FD}.Release-expl|ARM.ActiveCfg = Debug|Win32
		{8A1B6AAD-C516-4B51-A93E-6D7B23D449FD}.Release-expl|ARM.Build.0 = Debug|Win32
		{8A1B6AAD-C516-4B51-A93E-6D7B23D449FD}.Release-expl|ARM64.ActiveCfg = Debug|Win32
		{8A1B6AAD-C516-4B51-A93E-6D7B23D449FD}.Release-expl|ARM64.Build.0 = Debug|Win32
		{8A1B6AAD-C516-4B51-A93E-6D7B23D449FD}.Release-expl|x64.ActiveCfg = Release|x64
		{8A1B6AAD-C516-4B51-A93E-6D7B23D449FD}.Release-expl|x64.Build.0 = Release|x64
		{8A1B6AAD-C516-4B51-A93E-6D7B23D449FD}.Release-expl|x86.ActiveCfg = Release|Win32
		{8A1B6AAD-C516-4B51-A93E-6D7B23D449FD}.Release-expl|x86.Build.0 = Release|Win32
		{8A1B6AAD-C516-4B51-A93E-6D7B23D449FD}.RelWithDebInfo|ARM.ActiveCfg = Release|Win32
		{8A1B6AAD-C516-4B51-A93E-6D7B23D449FD}.RelWithDebInfo|ARM.Build.0 = Release|Win32
		{8A1B6AAD-C516-4B51-A93E-6D7B23D449FD}.RelWithDebInfo|ARM64.ActiveCfg = Release|Win32
		{8A1B6AAD-C516-4B51-A93E-6D7B23D449FD}.RelWithDebInfo|ARM64.Build.0 = Release|Win32
		{8A1B6AAD-C516-4B51-A93E-6D7B23D449FD}.RelWithDebInfo|x64.ActiveCfg = Release|x64
		{8A1B6AAD-C516-4B51-A93E-6D7B23D449FD}.RelWithDebInfo|x64.Build.0 = Release|x64
		{8A1B6AAD-C516-4B51-A93E-6D7B23D449FD}.RelWithDebInfo|x86.ActiveCfg = Release|Win32
		{8A1B6AAD-C516-4B51-A93E-6D7B23D449FD}.RelWithDebInfo|x86.Build.0 = Release|Win32
		{71DC0C80-A394-46C8-88E9-82976355EC68}.Debug|ARM.ActiveCfg = Debug|x64
		{71DC0C80-A394-46C8-88E9-82976355EC68}.Debug|ARM.Build.0 = Debug|x64
		{71DC0C80-A394-46C8-88E9-82976355EC68}.Debug|ARM64.ActiveCfg = Debug|x64
		{71DC0C80-A394-46C8-88E9-82976355EC68}.Debug|ARM64.Build.0 = Debug|x64
		{71DC0C80-A394-46C8-88E9-82976355EC68}.Debug|x64.ActiveCfg = Debug|x64
		{71DC0C80-A394-46C8-88E9-82976355EC68}.Debug|x64.Build.0 = Debug|x64
		{71DC0C80-A394-46C8-88E9-82976355EC68}.Debug|x86.ActiveCfg = Debug|Win32
		{71DC0C80-A394-46C8-88E9-82976355EC68}.Debug|x86.Build.0 = Debug|Win32
		{71DC0C80-A394-46C8-88E9-82976355EC68}.MinSizeRel|ARM.ActiveCfg = Debug|Win32
		{71DC0C80-A394-46C8-88E9-82976355EC68}.MinSizeRel|ARM.Build.0 = Debug|Win32
		{71DC0C80-A394-46C8-88E9-82976355EC68}.MinSizeRel|ARM64.ActiveCfg = Debug|Win32
		{71DC0C80-A394-46C8-88E9-82976355EC68}.MinSizeRel|ARM64.Build.0 = Debug|Win32
		{71DC0C80-A394-46C8-88E9-82976355EC68}.MinSizeRel|x64.ActiveCfg = Debug|x64
		{71DC0C80-A394-46C8-88E9-82976355EC68}.MinSizeRel|x64.Build.0 = Debug|x64
		{71DC0C80-A394-46C8-88E9-82976355EC68}.MinSizeRel|x86.ActiveCfg = Debug|Win32
		{71DC0C80-A394-46C8-88E9-82976355EC68}.MinSizeRel|x86.Build.0 = Debug|Win32
		{71DC0C80-A394-46C8-88E9-82976355EC68}.PGInstrument|ARM.ActiveCfg = Debug|Win32
		{71DC0C80-A394-46C8-88E9-82976355EC68}.PGInstrument|ARM.Build.0 = Debug|Win32
		{71DC0C80-A394-46C8-88E9-82976355EC68}.PGInstrument|ARM64.ActiveCfg = Debug|Win32
		{71DC0C80-A394-46C8-88E9-82976355EC68}.PGInstrument|ARM64.Build.0 = Debug|Win32
		{71DC0C80-A394-46C8-88E9-82976355EC68}.PGInstrument|x64.ActiveCfg = Debug|x64
		{71DC0C80-A394-46C8-88E9-82976355EC68}.PGInstrument|x64.Build.0 = Debug|x64
		{71DC0C80-A394-46C8-88E9-82976355EC68}.PGInstrument|x86.ActiveCfg = Debug|Win32
		{71DC0C80-A394-46C8-88E9-82976355EC68}.PGInstrument|x86.Build.0 = Debug|Win32
		{71DC0C80-A394-46C8-88E9-82976355EC68}.PGUpdate|ARM.ActiveCfg = Debug|Win32
		{71DC0C80-A394-46C8-88E9-82976355EC68}.PGUpdate|ARM.Build.0 = Debug|Win32
		{71DC0C80-A394-46C8-88E9-82976355EC68}.PGUpdate|ARM64.ActiveCfg = Debug|Win32
		{71DC0C80-A394-46C8-88E9-82976355EC68}.PGUpdate|ARM64.Build.0 = Debug|Win32
		{71DC0C80-A394-46C8-88E9-82976355EC68}.PGUpdate|x64.ActiveCfg = Debug|x64
		{71DC0C80-A394-46C8-88E9-82976355EC68}.PGUpdate|x64.Build.0 = Debug|x64
		{71DC0C80-A394-46C8-88E9-82976355EC68}.PGUpdate|x86.ActiveCfg = Debug|Win32
		{71DC0C80-A394-46C8-88E9-82976355EC68}.PGUpdate|x86.Build.0 = Debug|Win32
		{71DC0C80-A394-46C8-88E9-82976355EC68}.Release|ARM.ActiveCfg = Release|x64
		{71DC0C80-A394-46C8-88E9-82976355EC68}.Release|ARM.Build.0 = Release|x64
		{71DC0C80-A394-46C8-88E9-82976355EC68}.Release|ARM64.ActiveCfg = Release|x64
		{71DC0C80-A394-46C8-88E9-82976355EC68}.Release|ARM64.Build.0 = Release|x64
		{71DC0C80-A394-46C8-88E9-82976355EC68}.Release|x64.ActiveCfg = Release|x64
		{71DC0C80-A394-46C8-88E9-82976355EC68}.Release|x64.Build.0 = Release|x64
		{71DC0C80-A394-46C8-88E9-82976355EC68}.Release|x86.ActiveCfg = Release|Win32
		{71DC0C80-A394-46C8-88E9-82976355EC68}.Release|x86.Build.0 = Release|Win32
		{71DC0C80-A394-46C8-88E9-82976355EC68}.Release-expl|ARM.ActiveCfg = Debug|Win32
		{71DC0C80-A394-46C8-88E9-82976355EC68}.Release-expl|ARM.Build.0 = Debug|Win32
		{71DC0C80-A394-46C8-88E9-82976355EC68}.Release-expl|ARM64.ActiveCfg = Debug|Win32
		{71DC0C80-A394-46C8-88E9-82976355EC68}.Release-expl|ARM64.Build.0 = Debug|Win32
		{71DC0C80-A394-46C8-88E9-82976355EC68}.Release-expl|x64.ActiveCfg = Release|x64
		{71DC0C80-A394-46C8-88E9-82976355EC68}.Release-expl|x64.Build.0 = Release|x64
		{71DC0C80-A394-46C8-88E9-82976355EC68}.Release-expl|x86.ActiveCfg = Release|Win32
		{71DC0C80-A394-46C8-88E9-82976355EC68}.Release-expl|x86.Build.0 = Release|Win32
		{71DC0C80-A394-46C8-88E9-82976355EC68}.RelWithDebInfo|ARM.ActiveCfg = Debug|Win32
		{71DC0C80-A394-46C8-88E9-82976355EC68}.RelWithDebInfo|ARM.Build.0 = Debug|Win32
		{71DC0C80-A394-46C8-88E9-82976355EC68}.RelWithDebInfo|ARM64.ActiveCfg = Debug|Win32
		{71DC0C80-A394-46C8-88E9-82976355EC68}.RelWithDebInfo|ARM64.Build.0 = Debug|Win32
		{71DC0C80-A394-46C8-88E9-82976355EC68}.RelWithDebInfo|x64.ActiveCfg = Release|x64
		{71DC0C80-A394-46C8-88E9-82976355EC68}.RelWithDebInfo|x64.Build.0 = Release|x64
		{71DC0C80-A394-46C8-88E9-82976355EC68}.RelWithDebInfo|x86.ActiveCfg = Release|Win32
		{71DC0C80-A394-46C8-88E9-82976355EC68}.RelWithDebInfo|x86.Build.0 = Release|Win32
		{8FB23769-990F-3014-9D36-CD40B93CF151}.Debug|ARM.ActiveCfg = Debug|x64
		{8FB23769-990F-3014-9D36-CD40B93CF151}.Debug|ARM.Build.0 = Debug|x64
		{8FB23769-990F-3014-9D36-CD40B93CF151}.Debug|ARM64.ActiveCfg = Debug|x64
		{8FB23769-990F-3014-9D36-CD40B93CF151}.Debug|ARM64.Build.0 = Debug|x64
		{8FB23769-990F-3014-9D36-CD40B93CF151}.Debug|x64.ActiveCfg = Debug|x64
		{8FB23769-990F-3014-9D36-CD40B93CF151}.Debug|x64.Build.0 = Debug|x64
		{8FB23769-990F-3014-9D36-CD40B93CF151}.Debug|x86.ActiveCfg = Debug|x64
		{8FB23769-990F-3014-9D36-CD40B93CF151}.Debug|x86.Build.0 = Debug|x64
		{8FB23769-990F-3014-9D36-CD40B93CF151}.MinSizeRel|ARM.ActiveCfg = MinSizeRel|x64
		{8FB23769-990F-3014-9D36-CD40B93CF151}.MinSizeRel|ARM.Build.0 = MinSizeRel|x64
		{8FB23769-990F-3014-9D36-CD40B93CF151}.MinSizeRel|ARM64.ActiveCfg = MinSizeRel|x64
		{8FB23769-990F-3014-9D36-CD40B93CF151}.MinSizeRel|ARM64.Build.0 = MinSizeRel|x64
		{8FB23769-990F-3014-9D36-CD40B93CF151}.MinSizeRel|x64.ActiveCfg = MinSizeRel|x64
		{8FB23769-990F-3014-9D36-CD40B93CF151}.MinSizeRel|x64.Build.0 = MinSizeRel|x64
		{8FB23769-990F-3014-9D36-CD40B93CF151}.MinSizeRel|x86.ActiveCfg = MinSizeRel|x64
		{8FB23769-990F-3014-9D36-CD40B93CF151}.MinSizeRel|x86.Build.0 = MinSizeRel|x64
		{8FB23769-990F-3014-9D36-CD40B93CF151}.PGInstrument|ARM.ActiveCfg = RelWithDebInfo|x64
		{8FB23769-990F-3014-9D36-CD40B93CF151}.PGInstrument|ARM.Build.0 = RelWithDebInfo|x64
		{8FB23769-990F-3014-9D36-CD40B93CF151}.PGInstrument|ARM64.ActiveCfg = RelWithDebInfo|x64
		{8FB23769-990F-3014-9D36-CD40B93CF151}.PGInstrument|ARM64.Build.0 = RelWithDebInfo|x64
		{8FB23769-990F-3014-9D36-CD40B93CF151}.PGInstrument|x64.ActiveCfg = RelWithDebInfo|x64
		{8FB23769-990F-3014-9D36-CD40B93CF151}.PGInstrument|x64.Build.0 = RelWithDebInfo|x64
		{8FB23769-990F-3014-9D36-CD40B93CF151}.PGInstrument|x86.ActiveCfg = RelWithDebInfo|x64
		{8FB23769-990F-3014-9D36-CD40B93CF151}.PGInstrument|x86.Build.0 = RelWithDebInfo|x64
		{8FB23769-990F-3014-9D36-CD40B93CF151}.PGUpdate|ARM.ActiveCfg = RelWithDebInfo|x64
		{8FB23769-990F-3014-9D36-CD40B93CF151}.PGUpdate|ARM.Build.0 = RelWithDebInfo|x64
		{8FB23769-990F-3014-9D36-CD40B93CF151}.PGUpdate|ARM64.ActiveCfg = RelWithDebInfo|x64
		{8FB23769-990F-3014-9D36-CD40B93CF151}.PGUpdate|ARM64.Build.0 = RelWithDebInfo|x64
		{8FB23769-990F-3014-9D36-CD40B93CF151}.PGUpdate|x64.ActiveCfg = RelWithDebInfo|x64
		{8FB23769-990F-3014-9D36-CD40B93CF151}.PGUpdate|x64.Build.0 = RelWithDebInfo|x64
		{8FB23769-990F-3014-9D36-CD40B93CF151}.PGUpdate|x86.ActiveCfg = RelWithDebInfo|x64
		{8FB23769-990F-3014-9D36-CD40B93CF151}.PGUpdate|x86.Build.0 = RelWithDebInfo|x64
		{8FB23769-990F-3014-9D36-CD40B93CF151}.Release|ARM.ActiveCfg = Release|x64
		{8FB23769-990F-3014-9D36-CD40B93CF151}.Release|ARM.Build.0 = Release|x64
		{8FB23769-990F-3014-9D36-CD40B93CF151}.Release|ARM64.ActiveCfg = Release|x64
		{8FB23769-990F-3014-9D36-CD40B93CF151}.Release|ARM64.Build.0 = Release|x64
		{8FB23769-990F-3014-9D36-CD40B93CF151}.Release|x64.ActiveCfg = Release|x64
		{8FB23769-990F-3014-9D36-CD40B93CF151}.Release|x64.Build.0 = Release|x64
		{8FB23769-990F-3014-9D36-CD40B93CF151}.Release|x86.ActiveCfg = Release|x64
		{8FB23769-990F-3014-9D36-CD40B93CF151}.Release|x86.Build.0 = Release|x64
		{8FB23769-990F-3014-9D36-CD40B93CF151}.Release-expl|ARM.ActiveCfg = RelWithDebInfo|x64
		{8FB23769-990F-3014-9D36-CD40B93CF151}.Release-expl|ARM.Build.0 = RelWithDebInfo|x64
		{8FB23769-990F-3014-9D36-CD40B93CF151}.Release-expl|ARM64.ActiveCfg = RelWithDebInfo|x64
		{8FB23769-990F-3014-9D36-CD40B93CF151}.Release-expl|ARM64.Build.0 = RelWithDebInfo|x64
		{8FB23769-990F-3014-9D36-CD40B93CF151}.Release-expl|x64.ActiveCfg = Release|x64
		{8FB23769-990F-3014-9D36-CD40B93CF151}.Release-expl|x64.Build.0 = Release|x64
		{8FB23769-990F-3014-9D36-CD40B93CF151}.Release-expl|x86.ActiveCfg = RelWithDebInfo|x64
		{8FB23769-990F-3014-9D36-CD40B93CF151}.Release-expl|x86.Build.0 = RelWithDebInfo|x64
		{8FB23769-990F-3014-9D36-CD40B93CF151}.RelWithDebInfo|ARM.ActiveCfg = RelWithDebInfo|x64
		{8FB23769-990F-3014-9D36-CD40B93CF151}.RelWithDebInfo|ARM.Build.0 = RelWithDebInfo|x64
		{8FB23769-990F-3014-9D36-CD40B93CF151}.RelWithDebInfo|ARM64.ActiveCfg = RelWithDebInfo|x64
		{8FB23769-990F-3014-9D36-CD40B93CF151}.RelWithDebInfo|ARM64.Build.0 = RelWithDebInfo|x64
		{8FB23769-990F-3014-9D36-CD40B93CF151}.RelWithDebInfo|x64.ActiveCfg = RelWithDebInfo|x64
		{8FB23769-990F-3014-9D36-CD40B93CF151}.RelWithDebInfo|x64.Build.0 = RelWithDebInfo|x64
		{8FB23769-990F-3014-9D36-CD40B93CF151}.RelWithDebInfo|x86.ActiveCfg = RelWithDebInfo|x64
		{8FB23769-990F-3014-9D36-CD40B93CF151}.RelWithDebInfo|x86.Build.0 = RelWithDebInfo|x64
		{DB4A2B4E-3128-4EE3-90D3-B9834B7CC8E5}.Debug|ARM.ActiveCfg = Debug|x64
		{DB4A2B4E-3128-4EE3-90D3-B9834B7CC8E5}.Debug|ARM.Build.0 = Debug|x64
		{DB4A2B4E-3128-4EE3-90D3-B9834B7CC8E5}.Debug|ARM64.ActiveCfg = Debug|x64
		{DB4A2B4E-3128-4EE3-90D3-B9834B7CC8E5}.Debug|ARM64.Build.0 = Debug|x64
		{DB4A2B4E-3128-4EE3-90D3-B9834B7CC8E5}.Debug|x64.ActiveCfg = Debug|x64
		{DB4A2B4E-3128-4EE3-90D3-B9834B7CC8E5}.Debug|x64.Build.0 = Debug|x64
		{DB4A2B4E-3128-4EE3-90D3-B9834B7CC8E5}.Debug|x86.ActiveCfg = Debug|Win32
		{DB4A2B4E-3128-4EE3-90D3-B9834B7CC8E5}.Debug|x86.Build.0 = Debug|Win32
		{DB4A2B4E-3128-4EE3-90D3-B9834B7CC8E5}.MinSizeRel|ARM.ActiveCfg = Debug|x64
		{DB4A2B4E-3128-4EE3-90D3-B9834B7CC8E5}.MinSizeRel|ARM.Build.0 = Debug|x64
		{DB4A2B4E-3128-4EE3-90D3-B9834B7CC8E5}.MinSizeRel|ARM64.ActiveCfg = Debug|x64
		{DB4A2B4E-3128-4EE3-90D3-B9834B7CC8E5}.MinSizeRel|ARM64.Build.0 = Debug|x64
		{DB4A2B4E-3128-4EE3-90D3-B9834B7CC8E5}.MinSizeRel|x64.ActiveCfg = Debug|x64
		{DB4A2B4E-3128-4EE3-90D3-B9834B7CC8E5}.MinSizeRel|x64.Build.0 = Debug|x64
		{DB4A2B4E-3128-4EE3-90D3-B9834B7CC8E5}.MinSizeRel|x86.ActiveCfg = Debug|Win32
		{DB4A2B4E-3128-4EE3-90D3-B9834B7CC8E5}.MinSizeRel|x86.Build.0 = Debug|Win32
		{DB4A2B4E-3128-4EE3-90D3-B9834B7CC8E5}.PGInstrument|ARM.ActiveCfg = Debug|x64
		{DB4A2B4E-3128-4EE3-90D3-B9834B7CC8E5}.PGInstrument|ARM.Build.0 = Debug|x64
		{DB4A2B4E-3128-4EE3-90D3-B9834B7CC8E5}.PGInstrument|ARM64.ActiveCfg = Debug|x64
		{DB4A2B4E-3128-4EE3-90D3-B9834B7CC8E5}.PGInstrument|ARM64.Build.0 = Debug|x64
		{DB4A2B4E-3128-4EE3-90D3-B9834B7CC8E5}.PGInstrument|x64.ActiveCfg = Debug|x64
		{DB4A2B4E-3128-4EE3-90D3-B9834B7CC8E5}.PGInstrument|x64.Build.0 = Debug|x64
		{DB4A2B4E-3128-4EE3-90D3-B9834B7CC8E5}.PGInstrument|x86.ActiveCfg = Debug|Win32
		{DB4A2B4E-3128-4EE3-90D3-B9834B7CC8E5}.PGInstrument|x86.Build.0 = Debug|Win32
		{DB4A2B4E-3128-4EE3-90D3-B9834B7CC8E5}.PGUpdate|ARM.ActiveCfg = Debug|x64
		{DB4A2B4E-3128-4EE3-90D3-B9834B7CC8E5}.PGUpdate|ARM.Build.0 = Debug|x64
		{DB4A2B4E-3128-4EE3-90D3-B9834B7CC8E5}.PGUpdate|ARM64.ActiveCfg = Debug|x64
		{DB4A2B4E-3128-4EE3-90D3-B9834B7CC8E5}.PGUpdate|ARM64.Build.0 = Debug|x64
		{DB4A2B4E-3128-4EE3-90D3-B9834B7CC8E5}.PGUpdate|x64.ActiveCfg = Debug|x64
		{DB4A2B4E-3128-4EE3-90D3-B9834B7CC8E5}.PGUpdate|x64.Build.0 = Debug|x64
		{DB4A2B4E-3128-4EE3-90D3-B9834B7CC8E5}.PGUpdate|x86.ActiveCfg = Debug|Win32
		{DB4A2B4E-3128-4EE3-90D3-B9834B7CC8E5}.PGUpdate|x86.Build.0 = Debug|Win32
		{DB4A2B4E-3128-4EE3-90D3-B9834B7CC8E5}.Release|ARM.ActiveCfg = Release|x64
		{DB4A2B4E-3128-4EE3-90D3-B9834B7CC8E5}.Release|ARM.Build.0 = Release|x64
		{DB4A2B4E-3128-4EE3-90D3-B9834B7CC8E5}.Release|ARM64.ActiveCfg = Release|x64
		{DB4A2B4E-3128-4EE3-90D3-B9834B7CC8E5}.Release|ARM64.Build.0 = Release|x64
		{DB4A2B4E-3128-4EE3-90D3-B9834B7CC8E5}.Release|x64.ActiveCfg = Release|x64
		{DB4A2B4E-3128-4EE3-90D3-B9834B7CC8E5}.Release|x64.Build.0 = Release|x64
		{DB4A2B4E-3128-4EE3-90D3-B9834B7CC8E5}.Release|x86.ActiveCfg = Release|Win32
		{DB4A2B4E-3128-4EE3-90D3-B9834B7CC8E5}.Release|x86.Build.0 = Release|Win32
		{DB4A2B4E-3128-4EE3-90D3-B9834B7CC8E5}.Release-expl|ARM.ActiveCfg = Debug|x64
		{DB4A2B4E-3128-4EE3-90D3-B9834B7CC8E5}.Release-expl|ARM.Build.0 = Debug|x64
		{DB4A2B4E-3128-4EE3-90D3-B9834B7CC8E5}.Release-expl|ARM64.ActiveCfg = Debug|x64
		{DB4A2B4E-3128-4EE3-90D3-B9834B7CC8E5}.Release-expl|ARM64.Build.0 = Debug|x64
		{DB4A2B4E-3128-4EE3-90D3-B9834B7CC8E5}.Release-expl|x64.ActiveCfg = Release|x64
		{DB4A2B4E-3128-4EE3-90D3-B9834B7CC8E5}.Release-expl|x64.Build.0 = Release|x64
		{DB4A2B4E-3128-4EE3-90D3-B9834B7CC8E5}.Release-expl|x86.ActiveCfg = Release|Win32
		{DB4A2B4E-3128-4EE3-90D3-B9834B7CC8E5}.Release-expl|x86.Build.0 = Release|Win32
		{DB4A2B4E-3128-4EE3-90D3-B9834B7CC8E5}.RelWithDebInfo|ARM.ActiveCfg = Debug|x64
		{DB4A2B4E-3128-4EE3-90D3-B9834B7CC8E5}.RelWithDebInfo|ARM.Build.0 = Debug|x64
		{DB4A2B4E-3128-4EE3-90D3-B9834B7CC8E5}.RelWithDebInfo|ARM64.ActiveCfg = Debug|x64
		{DB4A2B4E-3128-4EE3-90D3-B9834B7CC8E5}.RelWithDebInfo|ARM64.Build.0 = Debug|x64
		{DB4A2B4E-3128-4EE3-90D3-B9834B7CC8E5}.RelWithDebInfo|x64.ActiveCfg = Release|x64
		{DB4A2B4E-3128-4EE3-90D3-B9834B7CC8E5}.RelWithDebInfo|x64.Build.0 = Release|x64
		{DB4A2B4E-3128-4EE3-90D3-B9834B7CC8E5}.RelWithDebInfo|x86.ActiveCfg = Release|Win32
		{DB4A2B4E-3128-4EE3-90D3-B9834B7CC8E5}.RelWithDebInfo|x86.Build.0 = Release|Win32
		{944664A0-1EC6-4B81-8816-A660958FA872}.Debug|ARM.ActiveCfg = Debug|x64
		{944664A0-1EC6-4B81-8816-A660958FA872}.Debug|ARM.Build.0 = Debug|x64
		{944664A0-1EC6-4B81-8816-A660958FA872}.Debug|ARM64.ActiveCfg = Debug|x64
		{944664A0-1EC6-4B81-8816-A660958FA872}.Debug|ARM64.Build.0 = Debug|x64
		{944664A0-1EC6-4B81-8816-A660958FA872}.Debug|x64.ActiveCfg = Debug|x64
		{944664A0-1EC6-4B81-8816-A660958FA872}.Debug|x64.Build.0 = Debug|x64
		{944664A0-1EC6-4B81-8816-A660958FA872}.Debug|x86.ActiveCfg = Debug|Win32
		{944664A0-1EC6-4B81-8816-A660958FA872}.Debug|x86.Build.0 = Debug|Win32
		{944664A0-1EC6-4B81-8816-A660958FA872}.MinSizeRel|ARM.ActiveCfg = Debug|x64
		{944664A0-1EC6-4B81-8816-A660958FA872}.MinSizeRel|ARM.Build.0 = Debug|x64
		{944664A0-1EC6-4B81-8816-A660958FA872}.MinSizeRel|ARM64.ActiveCfg = Debug|x64
		{944664A0-1EC6-4B81-8816-A660958FA872}.MinSizeRel|ARM64.Build.0 = Debug|x64
		{944664A0-1EC6-4B81-8816-A660958FA872}.MinSizeRel|x64.ActiveCfg = Debug|x64
		{944664A0-1EC6-4B81-8816-A660958FA872}.MinSizeRel|x64.Build.0 = Debug|x64
		{944664A0-1EC6-4B81-8816-A660958FA872}.MinSizeRel|x86.ActiveCfg = Debug|Win32
		{944664A0-1EC6-4B81-8816-A660958FA872}.MinSizeRel|x86.Build.0 = Debug|Win32
		{944664A0-1EC6-4B81-8816-A660958FA872}.PGInstrument|ARM.ActiveCfg = Debug|x64
		{944664A0-1EC6-4B81-8816-A660958FA872}.PGInstrument|ARM.Build.0 = Debug|x64
		{944664A0-1EC6-4B81-8816-A660958FA872}.PGInstrument|ARM64.ActiveCfg = Debug|x64
		{944664A0-1EC6-4B81-8816-A660958FA872}.PGInstrument|ARM64.Build.0 = Debug|x64
		{944664A0-1EC6-4B81-8816-A660958FA872}.PGInstrument|x64.ActiveCfg = Debug|x64
		{944664A0-1EC6-4B81-8816-A660958FA872}.PGInstrument|x64.Build.0 = Debug|x64
		{944664A0-1EC6-4B81-8816-A660958FA872}.PGInstrument|x86.ActiveCfg = Debug|Win32
		{944664A0-1EC6-4B81-8816-A660958FA872}.PGInstrument|x86.Build.0 = Debug|Win32
		{944664A0-1EC6-4B81-8816-A660958FA872}.PGUpdate|ARM.ActiveCfg = Debug|x64
		{944664A0-1EC6-4B81-8816-A660958FA872}.PGUpdate|ARM.Build.0 = Debug|x64
		{944664A0-1EC6-4B81-8816-A660958FA872}.PGUpdate|ARM64.ActiveCfg = Debug|x64
		{944664A0-1EC6-4B81-8816-A660958FA872}.PGUpdate|ARM64.Build.0 = Debug|x64
		{944664A0-1EC6-4B81-8816-A660958FA872}.PGUpdate|x64.ActiveCfg = Debug|x64
		{944664A0-1EC6-4B81-8816-A660958FA872}.PGUpdate|x64.Build.0 = Debug|x64
		{944664A0-1EC6-4B81-8816-A660958FA872}.PGUpdate|x86.ActiveCfg = Debug|Win32
		{944664A0-1EC6-4B81-8816-A660958FA872}.PGUpdate|x86.Build.0 = Debug|Win32
		{944664A0-1EC6-4B81-8816-A660958FA872}.Release|ARM.ActiveCfg = Release|x64
		{944664A0-1EC6-4B81-8816-A660958FA872}.Release|ARM.Build.0 = Release|x64
		{944664A0-1EC6-4B81-8816-A660958FA872}.Release|ARM64.ActiveCfg = Release|x64
		{944664A0-1EC6-4B81-8816-A660958FA872}.Release|ARM64.Build.0 = Release|x64
		{944664A0-1EC6-4B81-8816-A660958FA872}.Release|x64.ActiveCfg = Release|x64
		{944664A0-1EC6-4B81-8816-A660958FA872}.Release|x64.Build.0 = Release|x64
		{944664A0-1EC6-4B81-8816-A660958FA872}.Release|x86.ActiveCfg = Release|Win32
		{944664A0-1EC6-4B81-8816-A660958FA872}.Release|x86.Build.0 = Release|Win32
		{944664A0-1EC6-4B81-8816-A660958FA872}.Release-expl|ARM.ActiveCfg = Debug|x64
		{944664A0-1EC6-4B81-8816-A660958FA872}.Release-expl|ARM.Build.0 = Debug|x64
		{944664A0-1EC6-4B81-8816-A660958FA872}.Release-expl|ARM64.ActiveCfg = Debug|x64
		{944664A0-1EC6-4B81-8816-A660958FA872}.Release-expl|ARM64.Build.0 = Debug|x64
		{944664A0-1EC6-4B81-8816-A660958FA872}.Release-expl|x64.ActiveCfg = Release|x64
		{944664A0-1EC6-4B81-8816-A660958FA872}.Release-expl|x64.Build.0 = Release|x64
		{944664A0-1EC6-4B81-8816-A660958FA872}.Release-expl|x86.ActiveCfg = Release|Win32
		{944664A0-1EC6-4B81-8816-A660958FA872}.Release-expl|x86.Build.0 = Release|Win32
		{944664A0-1EC6-4B81-8816-A660958FA872}.RelWithDebInfo|ARM.ActiveCfg = Debug|x64
		{944664A0-1EC6-4B81-8816-A660958FA872}.RelWithDebInfo|ARM.Build.0 = Debug|x64
		{944664A0-1EC6-4B81-8816-A660958FA872}.RelWithDebInfo|ARM64.ActiveCfg = Debug|x64
		{944664A0-1EC6-4B81-8816-A660958FA872}.RelWithDebInfo|ARM64.Build.0 = Debug|x64
		{944664A0-1EC6-4B81-8816-A660958FA872}.RelWithDebInfo|x64.ActiveCfg = Release|x64
		{944664A0-1EC6-4B81-8816-A660958FA872}.RelWithDebInfo|x64.Build.0 = Release|x64
		{944664A0-1EC6-4B81-8816-A660958FA872}.RelWithDebInfo|x86.ActiveCfg = Release|Win32
		{944664A0-1EC6-4B81-8816-A660958FA872}.RelWithDebInfo|x86.Build.0 = Release|Win32
	EndGlobalSection
	GlobalSection(SolutionProperties) = preSolution
		HideSolutionNode = FALSE
	EndGlobalSection
	GlobalSection(NestedProjects) = preSolution
		{DDD75A60-C33D-465F-B8E1-97A883B6493D} = {A2AB93F4-FC0F-4144-8E6C-CD2452E7FF35}
		{245CAC89-E8B1-4AB6-AF91-2DFD61ECF396} = {A2AB93F4-FC0F-4144-8E6C-CD2452E7FF35}
		{C2F0AE32-1609-4F23-898F-CA221CEAACC0} = {A2AB93F4-FC0F-4144-8E6C-CD2452E7FF35}
		{A2AB93F4-FC0F-4144-8E6C-CD2452E7FF35} = {D8C4EC8E-1DEA-4A77-8045-FEC97FF42660}
		{98D6AE72-22F4-4498-ACE5-21AD0B4ABF0A} = {39676FE3-FAFC-4B45-BEBF-AF1566CF6413}
		{5C880F2D-7324-41A0-9507-E45038C12186} = {39676FE3-FAFC-4B45-BEBF-AF1566CF6413}
		{A4FCE087-A1B8-4EA9-ABCC-A7A7AB22B985} = {39676FE3-FAFC-4B45-BEBF-AF1566CF6413}
		{39676FE3-FAFC-4B45-BEBF-AF1566CF6413} = {5F59533A-6A79-4C7F-817A-14F96E478D67}
		{5B129A8B-38B4-4C86-A997-3D788809C08F} = {E467D384-1AEC-4263-B85A-3ABB9AB2016C}
		{C3BA02AC-5EEF-4BE5-9531-6222CA6805DD} = {E467D384-1AEC-4263-B85A-3ABB9AB2016C}
		{E467D384-1AEC-4263-B85A-3ABB9AB2016C} = {BA4DA89B-E8BD-4C84-9FAD-122FD1CA9F50}
		{B11D750F-CD1F-4A96-85CE-E69A5C5259F9} = {175CEE62-1CFF-4511-906B-92AA7558CC19}
		{175CEE62-1CFF-4511-906B-92AA7558CC19} = {BA4DA89B-E8BD-4C84-9FAD-122FD1CA9F50}
		{CF7AC3D1-E2DF-41D2-BEA6-1E2556CDEA26} = {175CEE62-1CFF-4511-906B-92AA7558CC19}
		{B3FF69DC-EED4-4EF1-8614-BB53A08EE8B6} = {ACEE2C24-4E6B-4C9D-A2D8-F28B4FFB2739}
		{664E6F0D-6784-4760-9565-D54F8EB1EDF4} = {BDDC6614-76E0-4213-A783-2BFC80656BD8}
		{D216D52E-8D4F-4E41-B703-1F6A609D09B3} = {64A1AA21-7B88-4F4F-9938-79C60DFF77CF}
		{BDDC6614-76E0-4213-A783-2BFC80656BD8} = {BA4DA89B-E8BD-4C84-9FAD-122FD1CA9F50}
		{64A1AA21-7B88-4F4F-9938-79C60DFF77CF} = {D8C4EC8E-1DEA-4A77-8045-FEC97FF42660}
		{09DF918A-120A-43CF-BEB9-96DBA95F21F7} = {BA4DA89B-E8BD-4C84-9FAD-122FD1CA9F50}
		{597A22C1-2727-4531-A4F3-2B9A46D7E807} = {B3FF69DC-EED4-4EF1-8614-BB53A08EE8B6}
		{F39AB442-DF97-42A0-B947-5A998EAA8E40} = {5F59533A-6A79-4C7F-817A-14F96E478D67}
		{8A1B6AAD-C516-4B51-A93E-6D7B23D449FD} = {F39AB442-DF97-42A0-B947-5A998EAA8E40}
		{07CEC07E-7236-4FA8-B8F7-F97756ABD851} = {BA4DA89B-E8BD-4C84-9FAD-122FD1CA9F50}
		{71DC0C80-A394-46C8-88E9-82976355EC68} = {07CEC07E-7236-4FA8-B8F7-F97756ABD851}
		{8FB23769-990F-3014-9D36-CD40B93CF151} = {09DF918A-120A-43CF-BEB9-96DBA95F21F7}
		{8CC5B08C-861A-4C9F-81CB-FB739F501017} = {5F59533A-6A79-4C7F-817A-14F96E478D67}
		{DB4A2B4E-3128-4EE3-90D3-B9834B7CC8E5} = {8CC5B08C-861A-4C9F-81CB-FB739F501017}
		{944664A0-1EC6-4B81-8816-A660958FA872} = {8CC5B08C-861A-4C9F-81CB-FB739F501017}
	EndGlobalSection
	GlobalSection(ExtensibilityGlobals) = postSolution
		SolutionGuid = {FA340F36-13DB-45C8-80F0-CBE7F3B0D4BC}
	EndGlobalSection
EndGlobal
